{
    "version": 3,
    "terraform_version": "0.11.13",
    "serial": 95,
    "lineage": "30931930-4781-de2c-a429-3a878a5f952e",
    "modules": [
        {
            "path": [
                "root"
            ],
            "outputs": {},
            "resources": {
                "aws_instance.ks-ctl-1": {
                    "type": "aws_instance",
                    "depends_on": [
                        "aws_security_group.ks-ctl-sg",
                        "data.aws_security_group.sg-public-layer",
                        "data.aws_subnet.subnet-cloudops-test-public-a"
                    ],
                    "primary": {
                        "id": "i-039d1a197e0f40f84",
                        "attributes": {
                            "ami": "ami-0789a5fb42dcccc10",
                            "arn": "arn:aws:ec2:ap-southeast-2:377419142249:instance/i-039d1a197e0f40f84",
                            "associate_public_ip_address": "true",
                            "availability_zone": "ap-southeast-2a",
                            "cpu_core_count": "1",
                            "cpu_threads_per_core": "1",
                            "credit_specification.#": "1",
                            "credit_specification.0.cpu_credits": "standard",
                            "disable_api_termination": "false",
                            "ebs_block_device.#": "0",
                            "ebs_optimized": "false",
                            "ephemeral_block_device.#": "0",
                            "get_password_data": "false",
                            "iam_instance_profile": "",
                            "id": "i-039d1a197e0f40f84",
                            "instance_state": "running",
                            "instance_type": "t2.micro",
                            "ipv6_addresses.#": "0",
                            "key_name": "cloudops-sandbox-jeff",
                            "monitoring": "false",
                            "network_interface.#": "0",
                            "network_interface_id": "eni-09f83778a1f3de34b",
                            "password_data": "",
                            "placement_group": "",
                            "primary_network_interface_id": "eni-09f83778a1f3de34b",
                            "private_dns": "ip-192-168-0-86.ap-southeast-2.compute.internal",
                            "private_ip": "192.168.0.86",
                            "public_dns": "ec2-13-211-206-68.ap-southeast-2.compute.amazonaws.com",
                            "public_ip": "13.211.206.68",
                            "root_block_device.#": "1",
                            "root_block_device.0.delete_on_termination": "true",
                            "root_block_device.0.iops": "100",
                            "root_block_device.0.volume_id": "vol-0b6a9f1abb8d03e25",
                            "root_block_device.0.volume_size": "8",
                            "root_block_device.0.volume_type": "gp2",
                            "security_groups.#": "0",
                            "source_dest_check": "true",
                            "subnet_id": "subnet-0fef4f8169036078e",
                            "tags.%": "1",
                            "tags.Name": "cloudops-sandbox-test-ctl1",
                            "tenancy": "default",
                            "volume_tags.%": "0",
                            "vpc_security_group_ids.#": "2",
                            "vpc_security_group_ids.1789952002": "sg-0885a150ef9f78ef2",
                            "vpc_security_group_ids.4225338409": "sg-0ad907fc69461a7cf"
                        },
                        "meta": {
                            "e2bfb730-ecaa-11e6-8f88-34363bc7c4c0": {
                                "create": 600000000000,
                                "delete": 1200000000000,
                                "update": 600000000000
                            },
                            "schema_version": "1"
                        },
                        "tainted": false
                    },
                    "deposed": [],
                    "provider": "provider.aws"
                },
                "aws_instance.ks-ctl-2": {
                    "type": "aws_instance",
                    "depends_on": [
                        "aws_security_group.ks-ctl-sg",
                        "data.aws_security_group.sg-public-layer",
                        "data.aws_subnet.subnet-cloudops-test-public-b"
                    ],
                    "primary": {
                        "id": "i-07540e988a335a992",
                        "attributes": {
                            "ami": "ami-0789a5fb42dcccc10",
                            "arn": "arn:aws:ec2:ap-southeast-2:377419142249:instance/i-07540e988a335a992",
                            "associate_public_ip_address": "true",
                            "availability_zone": "ap-southeast-2b",
                            "cpu_core_count": "1",
                            "cpu_threads_per_core": "1",
                            "credit_specification.#": "1",
                            "credit_specification.0.cpu_credits": "standard",
                            "disable_api_termination": "false",
                            "ebs_block_device.#": "0",
                            "ebs_optimized": "false",
                            "ephemeral_block_device.#": "0",
                            "get_password_data": "false",
                            "iam_instance_profile": "",
                            "id": "i-07540e988a335a992",
                            "instance_state": "running",
                            "instance_type": "t2.micro",
                            "ipv6_addresses.#": "0",
                            "key_name": "cloudops-sandbox-jeff",
                            "monitoring": "false",
                            "network_interface.#": "0",
                            "network_interface_id": "eni-0e38cada9cf048b98",
                            "password_data": "",
                            "placement_group": "",
                            "primary_network_interface_id": "eni-0e38cada9cf048b98",
                            "private_dns": "ip-192-168-0-133.ap-southeast-2.compute.internal",
                            "private_ip": "192.168.0.133",
                            "public_dns": "ec2-54-252-227-38.ap-southeast-2.compute.amazonaws.com",
                            "public_ip": "54.252.227.38",
                            "root_block_device.#": "1",
                            "root_block_device.0.delete_on_termination": "true",
                            "root_block_device.0.iops": "100",
                            "root_block_device.0.volume_id": "vol-0a67361333f193849",
                            "root_block_device.0.volume_size": "8",
                            "root_block_device.0.volume_type": "gp2",
                            "security_groups.#": "0",
                            "source_dest_check": "true",
                            "subnet_id": "subnet-04e91af5caebca424",
                            "tags.%": "1",
                            "tags.Name": "cloudops-sandbox-test-ctl2",
                            "tenancy": "default",
                            "volume_tags.%": "0",
                            "vpc_security_group_ids.#": "2",
                            "vpc_security_group_ids.1789952002": "sg-0885a150ef9f78ef2",
                            "vpc_security_group_ids.4225338409": "sg-0ad907fc69461a7cf"
                        },
                        "meta": {
                            "e2bfb730-ecaa-11e6-8f88-34363bc7c4c0": {
                                "create": 600000000000,
                                "delete": 1200000000000,
                                "update": 600000000000
                            },
                            "schema_version": "1"
                        },
                        "tainted": false
                    },
                    "deposed": [],
                    "provider": "provider.aws"
                },
                "aws_instance.ks-lb-1": {
                    "type": "aws_instance",
                    "depends_on": [
                        "aws_security_group.ks-lb-sg",
                        "data.aws_security_group.sg-public-layer",
                        "data.aws_subnet.subnet-cloudops-test-public-a"
                    ],
                    "primary": {
                        "id": "i-03b21efa3a31f9288",
                        "attributes": {
                            "ami": "ami-0789a5fb42dcccc10",
                            "arn": "arn:aws:ec2:ap-southeast-2:377419142249:instance/i-03b21efa3a31f9288",
                            "associate_public_ip_address": "true",
                            "availability_zone": "ap-southeast-2a",
                            "cpu_core_count": "1",
                            "cpu_threads_per_core": "1",
                            "credit_specification.#": "1",
                            "credit_specification.0.cpu_credits": "standard",
                            "disable_api_termination": "false",
                            "ebs_block_device.#": "0",
                            "ebs_optimized": "false",
                            "ephemeral_block_device.#": "0",
                            "get_password_data": "false",
                            "iam_instance_profile": "",
                            "id": "i-03b21efa3a31f9288",
                            "instance_state": "running",
                            "instance_type": "t2.micro",
                            "ipv6_addresses.#": "0",
                            "key_name": "cloudops-sandbox-jeff",
                            "monitoring": "false",
                            "network_interface.#": "0",
                            "network_interface_id": "eni-0b746882f1a24243a",
                            "password_data": "",
                            "placement_group": "",
                            "primary_network_interface_id": "eni-0b746882f1a24243a",
                            "private_dns": "ip-192-168-0-41.ap-southeast-2.compute.internal",
                            "private_ip": "192.168.0.41",
                            "public_dns": "ec2-54-252-143-248.ap-southeast-2.compute.amazonaws.com",
                            "public_ip": "54.252.143.248",
                            "root_block_device.#": "1",
                            "root_block_device.0.delete_on_termination": "true",
                            "root_block_device.0.iops": "100",
                            "root_block_device.0.volume_id": "vol-04e788a604b4caa03",
                            "root_block_device.0.volume_size": "8",
                            "root_block_device.0.volume_type": "gp2",
                            "security_groups.#": "0",
                            "source_dest_check": "true",
                            "subnet_id": "subnet-0fef4f8169036078e",
                            "tags.%": "1",
                            "tags.Name": "cloudops-sandbox-test-lb",
                            "tenancy": "default",
                            "volume_tags.%": "0",
                            "vpc_security_group_ids.#": "2",
                            "vpc_security_group_ids.1433096649": "sg-0d2d01449804011d6",
                            "vpc_security_group_ids.1789952002": "sg-0885a150ef9f78ef2"
                        },
                        "meta": {
                            "e2bfb730-ecaa-11e6-8f88-34363bc7c4c0": {
                                "create": 600000000000,
                                "delete": 1200000000000,
                                "update": 600000000000
                            },
                            "schema_version": "1"
                        },
                        "tainted": false
                    },
                    "deposed": [],
                    "provider": "provider.aws"
                },
                "aws_instance.ks-wk-1": {
                    "type": "aws_instance",
                    "depends_on": [
                        "aws_security_group.ks-wk-sg",
                        "data.aws_security_group.sg-public-layer",
                        "data.aws_subnet.subnet-cloudops-test-public-a"
                    ],
                    "primary": {
                        "id": "i-0da97fd2302c9bcc6",
                        "attributes": {
                            "ami": "ami-0789a5fb42dcccc10",
                            "arn": "arn:aws:ec2:ap-southeast-2:377419142249:instance/i-0da97fd2302c9bcc6",
                            "associate_public_ip_address": "true",
                            "availability_zone": "ap-southeast-2a",
                            "cpu_core_count": "1",
                            "cpu_threads_per_core": "1",
                            "credit_specification.#": "1",
                            "credit_specification.0.cpu_credits": "standard",
                            "disable_api_termination": "false",
                            "ebs_block_device.#": "0",
                            "ebs_optimized": "false",
                            "ephemeral_block_device.#": "0",
                            "get_password_data": "false",
                            "iam_instance_profile": "",
                            "id": "i-0da97fd2302c9bcc6",
                            "instance_state": "running",
                            "instance_type": "t2.micro",
                            "ipv6_addresses.#": "0",
                            "key_name": "cloudops-sandbox-jeff",
                            "monitoring": "false",
                            "network_interface.#": "0",
                            "network_interface_id": "eni-066afb9acf20688d2",
                            "password_data": "",
                            "placement_group": "",
                            "primary_network_interface_id": "eni-066afb9acf20688d2",
                            "private_dns": "ip-192-168-0-76.ap-southeast-2.compute.internal",
                            "private_ip": "192.168.0.76",
                            "public_dns": "ec2-13-211-122-78.ap-southeast-2.compute.amazonaws.com",
                            "public_ip": "13.211.122.78",
                            "root_block_device.#": "1",
                            "root_block_device.0.delete_on_termination": "true",
                            "root_block_device.0.iops": "100",
                            "root_block_device.0.volume_id": "vol-06b15b5b56710e613",
                            "root_block_device.0.volume_size": "8",
                            "root_block_device.0.volume_type": "gp2",
                            "security_groups.#": "0",
                            "source_dest_check": "true",
                            "subnet_id": "subnet-0fef4f8169036078e",
                            "tags.%": "1",
                            "tags.Name": "cloudops-sandbox-test-wk1",
                            "tenancy": "default",
                            "volume_tags.%": "0",
                            "vpc_security_group_ids.#": "2",
                            "vpc_security_group_ids.148115928": "sg-05030c865c32d0e69",
                            "vpc_security_group_ids.1789952002": "sg-0885a150ef9f78ef2"
                        },
                        "meta": {
                            "e2bfb730-ecaa-11e6-8f88-34363bc7c4c0": {
                                "create": 600000000000,
                                "delete": 1200000000000,
                                "update": 600000000000
                            },
                            "schema_version": "1"
                        },
                        "tainted": false
                    },
                    "deposed": [],
                    "provider": "provider.aws"
                },
                "aws_instance.ks-wk-2": {
                    "type": "aws_instance",
                    "depends_on": [
                        "aws_security_group.ks-wk-sg",
                        "data.aws_security_group.sg-public-layer",
                        "data.aws_subnet.subnet-cloudops-test-public-b"
                    ],
                    "primary": {
                        "id": "i-0c51349d58dbd5df2",
                        "attributes": {
                            "ami": "ami-0789a5fb42dcccc10",
                            "arn": "arn:aws:ec2:ap-southeast-2:377419142249:instance/i-0c51349d58dbd5df2",
                            "associate_public_ip_address": "true",
                            "availability_zone": "ap-southeast-2b",
                            "cpu_core_count": "1",
                            "cpu_threads_per_core": "1",
                            "credit_specification.#": "1",
                            "credit_specification.0.cpu_credits": "standard",
                            "disable_api_termination": "false",
                            "ebs_block_device.#": "0",
                            "ebs_optimized": "false",
                            "ephemeral_block_device.#": "0",
                            "get_password_data": "false",
                            "iam_instance_profile": "",
                            "id": "i-0c51349d58dbd5df2",
                            "instance_state": "running",
                            "instance_type": "t2.micro",
                            "ipv6_addresses.#": "0",
                            "key_name": "cloudops-sandbox-jeff",
                            "monitoring": "false",
                            "network_interface.#": "0",
                            "network_interface_id": "eni-0fb056d05f52f1143",
                            "password_data": "",
                            "placement_group": "",
                            "primary_network_interface_id": "eni-0fb056d05f52f1143",
                            "private_dns": "ip-192-168-0-165.ap-southeast-2.compute.internal",
                            "private_ip": "192.168.0.165",
                            "public_dns": "ec2-13-239-3-231.ap-southeast-2.compute.amazonaws.com",
                            "public_ip": "13.239.3.231",
                            "root_block_device.#": "1",
                            "root_block_device.0.delete_on_termination": "true",
                            "root_block_device.0.iops": "100",
                            "root_block_device.0.volume_id": "vol-0130bb8a8432d38a3",
                            "root_block_device.0.volume_size": "8",
                            "root_block_device.0.volume_type": "gp2",
                            "security_groups.#": "0",
                            "source_dest_check": "true",
                            "subnet_id": "subnet-04e91af5caebca424",
                            "tags.%": "1",
                            "tags.Name": "cloudops-sandbox-test-wk2",
                            "tenancy": "default",
                            "volume_tags.%": "0",
                            "vpc_security_group_ids.#": "2",
                            "vpc_security_group_ids.148115928": "sg-05030c865c32d0e69",
                            "vpc_security_group_ids.1789952002": "sg-0885a150ef9f78ef2"
                        },
                        "meta": {
                            "e2bfb730-ecaa-11e6-8f88-34363bc7c4c0": {
                                "create": 600000000000,
                                "delete": 1200000000000,
                                "update": 600000000000
                            },
                            "schema_version": "1"
                        },
                        "tainted": false
                    },
                    "deposed": [],
                    "provider": "provider.aws"
                },
                "aws_security_group.ks-ctl-sg": {
                    "type": "aws_security_group",
                    "depends_on": [
                        "aws_security_group.ks-lb-sg",
                        "data.aws_vpc.vpc-cloudops-test"
                    ],
                    "primary": {
                        "id": "sg-0ad907fc69461a7cf",
                        "attributes": {
                            "arn": "arn:aws:ec2:ap-southeast-2:377419142249:security-group/sg-0ad907fc69461a7cf",
                            "description": "K8s ctl sg",
                            "egress.#": "0",
                            "id": "sg-0ad907fc69461a7cf",
                            "ingress.#": "4",
                            "ingress.1222349322.cidr_blocks.#": "0",
                            "ingress.1222349322.description": "",
                            "ingress.1222349322.from_port": "80",
                            "ingress.1222349322.ipv6_cidr_blocks.#": "0",
                            "ingress.1222349322.prefix_list_ids.#": "0",
                            "ingress.1222349322.protocol": "tcp",
                            "ingress.1222349322.security_groups.#": "1",
                            "ingress.1222349322.security_groups.1433096649": "sg-0d2d01449804011d6",
                            "ingress.1222349322.self": "false",
                            "ingress.1222349322.to_port": "80",
                            "ingress.1431068065.cidr_blocks.#": "0",
                            "ingress.1431068065.description": "",
                            "ingress.1431068065.from_port": "2379",
                            "ingress.1431068065.ipv6_cidr_blocks.#": "0",
                            "ingress.1431068065.prefix_list_ids.#": "0",
                            "ingress.1431068065.protocol": "tcp",
                            "ingress.1431068065.security_groups.#": "0",
                            "ingress.1431068065.self": "true",
                            "ingress.1431068065.to_port": "2380",
                            "ingress.3241831416.cidr_blocks.#": "0",
                            "ingress.3241831416.description": "",
                            "ingress.3241831416.from_port": "443",
                            "ingress.3241831416.ipv6_cidr_blocks.#": "0",
                            "ingress.3241831416.prefix_list_ids.#": "0",
                            "ingress.3241831416.protocol": "tcp",
                            "ingress.3241831416.security_groups.#": "1",
                            "ingress.3241831416.security_groups.1433096649": "sg-0d2d01449804011d6",
                            "ingress.3241831416.self": "false",
                            "ingress.3241831416.to_port": "443",
                            "ingress.577545568.cidr_blocks.#": "0",
                            "ingress.577545568.description": "",
                            "ingress.577545568.from_port": "6443",
                            "ingress.577545568.ipv6_cidr_blocks.#": "0",
                            "ingress.577545568.prefix_list_ids.#": "0",
                            "ingress.577545568.protocol": "tcp",
                            "ingress.577545568.security_groups.#": "1",
                            "ingress.577545568.security_groups.1433096649": "sg-0d2d01449804011d6",
                            "ingress.577545568.self": "false",
                            "ingress.577545568.to_port": "6443",
                            "name": "ks-ctl-sg",
                            "owner_id": "377419142249",
                            "revoke_rules_on_delete": "false",
                            "tags.%": "0",
                            "vpc_id": "vpc-04c8d750a715663f4"
                        },
                        "meta": {
                            "e2bfb730-ecaa-11e6-8f88-34363bc7c4c0": {
                                "create": 600000000000,
                                "delete": 600000000000
                            },
                            "schema_version": "1"
                        },
                        "tainted": false
                    },
                    "deposed": [],
                    "provider": "provider.aws"
                },
                "aws_security_group.ks-lb-sg": {
                    "type": "aws_security_group",
                    "depends_on": [
                        "data.aws_vpc.vpc-cloudops-test"
                    ],
                    "primary": {
                        "id": "sg-0d2d01449804011d6",
                        "attributes": {
                            "arn": "arn:aws:ec2:ap-southeast-2:377419142249:security-group/sg-0d2d01449804011d6",
                            "description": "K8s lb sg",
                            "egress.#": "0",
                            "id": "sg-0d2d01449804011d6",
                            "ingress.#": "2",
                            "ingress.1463360607.cidr_blocks.#": "1",
                            "ingress.1463360607.cidr_blocks.0": "0.0.0.0/0",
                            "ingress.1463360607.description": "",
                            "ingress.1463360607.from_port": "6443",
                            "ingress.1463360607.ipv6_cidr_blocks.#": "0",
                            "ingress.1463360607.prefix_list_ids.#": "0",
                            "ingress.1463360607.protocol": "tcp",
                            "ingress.1463360607.security_groups.#": "0",
                            "ingress.1463360607.self": "false",
                            "ingress.1463360607.to_port": "6443",
                            "ingress.2617001939.cidr_blocks.#": "1",
                            "ingress.2617001939.cidr_blocks.0": "0.0.0.0/0",
                            "ingress.2617001939.description": "",
                            "ingress.2617001939.from_port": "443",
                            "ingress.2617001939.ipv6_cidr_blocks.#": "0",
                            "ingress.2617001939.prefix_list_ids.#": "0",
                            "ingress.2617001939.protocol": "tcp",
                            "ingress.2617001939.security_groups.#": "0",
                            "ingress.2617001939.self": "false",
                            "ingress.2617001939.to_port": "443",
                            "name": "ks-lb-sg",
                            "owner_id": "377419142249",
                            "revoke_rules_on_delete": "false",
                            "tags.%": "0",
                            "vpc_id": "vpc-04c8d750a715663f4"
                        },
                        "meta": {
                            "e2bfb730-ecaa-11e6-8f88-34363bc7c4c0": {
                                "create": 600000000000,
                                "delete": 600000000000
                            },
                            "schema_version": "1"
                        },
                        "tainted": false
                    },
                    "deposed": [],
                    "provider": "provider.aws"
                },
                "aws_security_group.ks-wk-sg": {
                    "type": "aws_security_group",
                    "depends_on": [
                        "aws_security_group.ks-lb-sg",
                        "data.aws_vpc.vpc-cloudops-test"
                    ],
                    "primary": {
                        "id": "sg-05030c865c32d0e69",
                        "attributes": {
                            "arn": "arn:aws:ec2:ap-southeast-2:377419142249:security-group/sg-05030c865c32d0e69",
                            "description": "K8s wk sg",
                            "egress.#": "0",
                            "id": "sg-05030c865c32d0e69",
                            "ingress.#": "3",
                            "ingress.1222349322.cidr_blocks.#": "0",
                            "ingress.1222349322.description": "",
                            "ingress.1222349322.from_port": "80",
                            "ingress.1222349322.ipv6_cidr_blocks.#": "0",
                            "ingress.1222349322.prefix_list_ids.#": "0",
                            "ingress.1222349322.protocol": "tcp",
                            "ingress.1222349322.security_groups.#": "1",
                            "ingress.1222349322.security_groups.1433096649": "sg-0d2d01449804011d6",
                            "ingress.1222349322.self": "false",
                            "ingress.1222349322.to_port": "80",
                            "ingress.3241831416.cidr_blocks.#": "0",
                            "ingress.3241831416.description": "",
                            "ingress.3241831416.from_port": "443",
                            "ingress.3241831416.ipv6_cidr_blocks.#": "0",
                            "ingress.3241831416.prefix_list_ids.#": "0",
                            "ingress.3241831416.protocol": "tcp",
                            "ingress.3241831416.security_groups.#": "1",
                            "ingress.3241831416.security_groups.1433096649": "sg-0d2d01449804011d6",
                            "ingress.3241831416.self": "false",
                            "ingress.3241831416.to_port": "443",
                            "ingress.577545568.cidr_blocks.#": "0",
                            "ingress.577545568.description": "",
                            "ingress.577545568.from_port": "6443",
                            "ingress.577545568.ipv6_cidr_blocks.#": "0",
                            "ingress.577545568.prefix_list_ids.#": "0",
                            "ingress.577545568.protocol": "tcp",
                            "ingress.577545568.security_groups.#": "1",
                            "ingress.577545568.security_groups.1433096649": "sg-0d2d01449804011d6",
                            "ingress.577545568.self": "false",
                            "ingress.577545568.to_port": "6443",
                            "name": "ks-wk-sg",
                            "owner_id": "377419142249",
                            "revoke_rules_on_delete": "false",
                            "tags.%": "0",
                            "vpc_id": "vpc-04c8d750a715663f4"
                        },
                        "meta": {
                            "e2bfb730-ecaa-11e6-8f88-34363bc7c4c0": {
                                "create": 600000000000,
                                "delete": 600000000000
                            },
                            "schema_version": "1"
                        },
                        "tainted": false
                    },
                    "deposed": [],
                    "provider": "provider.aws"
                },
                "data.aws_security_group.sg-private-layer": {
                    "type": "aws_security_group",
                    "depends_on": [],
                    "primary": {
                        "id": "sg-09a0f1fa2cf71eef5",
                        "attributes": {
                            "arn": "arn:aws:ec2:ap-southeast-2:377419142249:security-group/sg-09a0f1fa2cf71eef5",
                            "description": "Managed by Terraform",
                            "id": "sg-09a0f1fa2cf71eef5",
                            "name": "private-layer",
                            "tags.%": "0",
                            "vpc_id": "vpc-04c8d750a715663f4"
                        },
                        "meta": {},
                        "tainted": false
                    },
                    "deposed": [],
                    "provider": "provider.aws"
                },
                "data.aws_security_group.sg-protected-layer": {
                    "type": "aws_security_group",
                    "depends_on": [],
                    "primary": {
                        "id": "sg-0de32efb23134c50d",
                        "attributes": {
                            "arn": "arn:aws:ec2:ap-southeast-2:377419142249:security-group/sg-0de32efb23134c50d",
                            "description": "Managed by Terraform",
                            "id": "sg-0de32efb23134c50d",
                            "name": "protected-layer",
                            "tags.%": "0",
                            "vpc_id": "vpc-04c8d750a715663f4"
                        },
                        "meta": {},
                        "tainted": false
                    },
                    "deposed": [],
                    "provider": "provider.aws"
                },
                "data.aws_security_group.sg-public-layer": {
                    "type": "aws_security_group",
                    "depends_on": [],
                    "primary": {
                        "id": "sg-0885a150ef9f78ef2",
                        "attributes": {
                            "arn": "arn:aws:ec2:ap-southeast-2:377419142249:security-group/sg-0885a150ef9f78ef2",
                            "description": "Managed by Terraform",
                            "id": "sg-0885a150ef9f78ef2",
                            "name": "public-layer",
                            "tags.%": "0",
                            "vpc_id": "vpc-04c8d750a715663f4"
                        },
                        "meta": {},
                        "tainted": false
                    },
                    "deposed": [],
                    "provider": "provider.aws"
                },
                "data.aws_subnet.subnet-cloudops-test-private-a": {
                    "type": "aws_subnet",
                    "depends_on": [],
                    "primary": {
                        "id": "subnet-0a8a481d62db894c4",
                        "attributes": {
                            "arn": "arn:aws:ec2:ap-southeast-2:377419142249:subnet/subnet-0a8a481d62db894c4",
                            "assign_ipv6_address_on_creation": "false",
                            "availability_zone": "ap-southeast-2a",
                            "cidr_block": "192.168.4.0/25",
                            "default_for_az": "false",
                            "id": "subnet-0a8a481d62db894c4",
                            "map_public_ip_on_launch": "false",
                            "state": "available",
                            "tags.%": "1",
                            "tags.Name": "subnet-private-a",
                            "vpc_id": "vpc-04c8d750a715663f4"
                        },
                        "meta": {},
                        "tainted": false
                    },
                    "deposed": [],
                    "provider": "provider.aws"
                },
                "data.aws_subnet.subnet-cloudops-test-private-b": {
                    "type": "aws_subnet",
                    "depends_on": [],
                    "primary": {
                        "id": "subnet-05f8a33b0e9f11ad3",
                        "attributes": {
                            "arn": "arn:aws:ec2:ap-southeast-2:377419142249:subnet/subnet-05f8a33b0e9f11ad3",
                            "assign_ipv6_address_on_creation": "false",
                            "availability_zone": "ap-southeast-2b",
                            "cidr_block": "192.168.4.128/25",
                            "default_for_az": "false",
                            "id": "subnet-05f8a33b0e9f11ad3",
                            "map_public_ip_on_launch": "false",
                            "state": "available",
                            "tags.%": "1",
                            "tags.Name": "subnet-private-b",
                            "vpc_id": "vpc-04c8d750a715663f4"
                        },
                        "meta": {},
                        "tainted": false
                    },
                    "deposed": [],
                    "provider": "provider.aws"
                },
                "data.aws_subnet.subnet-cloudops-test-private-c": {
                    "type": "aws_subnet",
                    "depends_on": [],
                    "primary": {
                        "id": "subnet-0af958e5bea4cdbd7",
                        "attributes": {
                            "arn": "arn:aws:ec2:ap-southeast-2:377419142249:subnet/subnet-0af958e5bea4cdbd7",
                            "assign_ipv6_address_on_creation": "false",
                            "availability_zone": "ap-southeast-2c",
                            "cidr_block": "192.168.5.0/25",
                            "default_for_az": "false",
                            "id": "subnet-0af958e5bea4cdbd7",
                            "map_public_ip_on_launch": "false",
                            "state": "available",
                            "tags.%": "1",
                            "tags.Name": "subnet-private-c",
                            "vpc_id": "vpc-04c8d750a715663f4"
                        },
                        "meta": {},
                        "tainted": false
                    },
                    "deposed": [],
                    "provider": "provider.aws"
                },
                "data.aws_subnet.subnet-cloudops-test-protected-a": {
                    "type": "aws_subnet",
                    "depends_on": [],
                    "primary": {
                        "id": "subnet-05b2b2ce5a8e3ffc2",
                        "attributes": {
                            "arn": "arn:aws:ec2:ap-southeast-2:377419142249:subnet/subnet-05b2b2ce5a8e3ffc2",
                            "assign_ipv6_address_on_creation": "false",
                            "availability_zone": "ap-southeast-2a",
                            "cidr_block": "192.168.2.0/25",
                            "default_for_az": "false",
                            "id": "subnet-05b2b2ce5a8e3ffc2",
                            "map_public_ip_on_launch": "false",
                            "state": "available",
                            "tags.%": "1",
                            "tags.Name": "subnet-protected-a",
                            "vpc_id": "vpc-04c8d750a715663f4"
                        },
                        "meta": {},
                        "tainted": false
                    },
                    "deposed": [],
                    "provider": "provider.aws"
                },
                "data.aws_subnet.subnet-cloudops-test-protected-b": {
                    "type": "aws_subnet",
                    "depends_on": [],
                    "primary": {
                        "id": "subnet-0c620358ac547c089",
                        "attributes": {
                            "arn": "arn:aws:ec2:ap-southeast-2:377419142249:subnet/subnet-0c620358ac547c089",
                            "assign_ipv6_address_on_creation": "false",
                            "availability_zone": "ap-southeast-2b",
                            "cidr_block": "192.168.2.128/25",
                            "default_for_az": "false",
                            "id": "subnet-0c620358ac547c089",
                            "map_public_ip_on_launch": "false",
                            "state": "available",
                            "tags.%": "1",
                            "tags.Name": "subnet-protected-b",
                            "vpc_id": "vpc-04c8d750a715663f4"
                        },
                        "meta": {},
                        "tainted": false
                    },
                    "deposed": [],
                    "provider": "provider.aws"
                },
                "data.aws_subnet.subnet-cloudops-test-protected-c": {
                    "type": "aws_subnet",
                    "depends_on": [],
                    "primary": {
                        "id": "subnet-0f0eb6b9b364fea63",
                        "attributes": {
                            "arn": "arn:aws:ec2:ap-southeast-2:377419142249:subnet/subnet-0f0eb6b9b364fea63",
                            "assign_ipv6_address_on_creation": "false",
                            "availability_zone": "ap-southeast-2c",
                            "cidr_block": "192.168.3.0/25",
                            "default_for_az": "false",
                            "id": "subnet-0f0eb6b9b364fea63",
                            "map_public_ip_on_launch": "false",
                            "state": "available",
                            "tags.%": "1",
                            "tags.Name": "subnet-protected-c",
                            "vpc_id": "vpc-04c8d750a715663f4"
                        },
                        "meta": {},
                        "tainted": false
                    },
                    "deposed": [],
                    "provider": "provider.aws"
                },
                "data.aws_subnet.subnet-cloudops-test-public-a": {
                    "type": "aws_subnet",
                    "depends_on": [],
                    "primary": {
                        "id": "subnet-0fef4f8169036078e",
                        "attributes": {
                            "arn": "arn:aws:ec2:ap-southeast-2:377419142249:subnet/subnet-0fef4f8169036078e",
                            "assign_ipv6_address_on_creation": "false",
                            "availability_zone": "ap-southeast-2a",
                            "cidr_block": "192.168.0.0/25",
                            "default_for_az": "false",
                            "id": "subnet-0fef4f8169036078e",
                            "map_public_ip_on_launch": "false",
                            "state": "available",
                            "tags.%": "1",
                            "tags.Name": "subnet-public-a",
                            "vpc_id": "vpc-04c8d750a715663f4"
                        },
                        "meta": {},
                        "tainted": false
                    },
                    "deposed": [],
                    "provider": "provider.aws"
                },
                "data.aws_subnet.subnet-cloudops-test-public-b": {
                    "type": "aws_subnet",
                    "depends_on": [],
                    "primary": {
                        "id": "subnet-04e91af5caebca424",
                        "attributes": {
                            "arn": "arn:aws:ec2:ap-southeast-2:377419142249:subnet/subnet-04e91af5caebca424",
                            "assign_ipv6_address_on_creation": "false",
                            "availability_zone": "ap-southeast-2b",
                            "cidr_block": "192.168.0.128/25",
                            "default_for_az": "false",
                            "id": "subnet-04e91af5caebca424",
                            "map_public_ip_on_launch": "false",
                            "state": "available",
                            "tags.%": "1",
                            "tags.Name": "subnet-public-b",
                            "vpc_id": "vpc-04c8d750a715663f4"
                        },
                        "meta": {},
                        "tainted": false
                    },
                    "deposed": [],
                    "provider": "provider.aws"
                },
                "data.aws_subnet.subnet-cloudops-test-public-c": {
                    "type": "aws_subnet",
                    "depends_on": [],
                    "primary": {
                        "id": "subnet-00a8a8de7902f6345",
                        "attributes": {
                            "arn": "arn:aws:ec2:ap-southeast-2:377419142249:subnet/subnet-00a8a8de7902f6345",
                            "assign_ipv6_address_on_creation": "false",
                            "availability_zone": "ap-southeast-2c",
                            "cidr_block": "192.168.1.0/25",
                            "default_for_az": "false",
                            "id": "subnet-00a8a8de7902f6345",
                            "map_public_ip_on_launch": "false",
                            "state": "available",
                            "tags.%": "1",
                            "tags.Name": "subnet-public-c",
                            "vpc_id": "vpc-04c8d750a715663f4"
                        },
                        "meta": {},
                        "tainted": false
                    },
                    "deposed": [],
                    "provider": "provider.aws"
                },
                "data.aws_vpc.vpc-cloudops-test": {
                    "type": "aws_vpc",
                    "depends_on": [],
                    "primary": {
                        "id": "vpc-04c8d750a715663f4",
                        "attributes": {
                            "arn": "arn:aws:ec2:ap-southeast-2:377419142249:vpc/vpc-04c8d750a715663f4",
                            "cidr_block": "192.168.0.0/21",
                            "cidr_block_associations.#": "1",
                            "cidr_block_associations.0.association_id": "vpc-cidr-assoc-037e1d5999ae99284",
                            "cidr_block_associations.0.cidr_block": "192.168.0.0/21",
                            "cidr_block_associations.0.state": "associated",
                            "default": "false",
                            "dhcp_options_id": "dopt-727bf716",
                            "enable_dns_hostnames": "true",
                            "enable_dns_support": "true",
                            "id": "vpc-04c8d750a715663f4",
                            "instance_tenancy": "default",
                            "main_route_table_id": "rtb-0a90b0f7d2798ecbc",
                            "state": "available",
                            "tags.%": "1",
                            "tags.Name": "cloudops-sandbox-test-vpc"
                        },
                        "meta": {},
                        "tainted": false
                    },
                    "deposed": [],
                    "provider": "provider.aws"
                }
            },
            "depends_on": []
        }
    ]
}
