{
    "version": 3,
    "terraform_version": "0.11.10",
    "serial": 16,
    "lineage": "30931930-4781-de2c-a429-3a878a5f952e",
    "modules": [
        {
            "path": [
                "root"
            ],
            "outputs": {},
            "resources": {
                "aws_iam_instance_profile.test-profile": {
                    "type": "aws_iam_instance_profile",
                    "depends_on": [
                        "aws_iam_role.test-role"
                    ],
                    "primary": {
                        "id": "cloudops-sandbox-test-iam-profile",
                        "attributes": {
                            "arn": "arn:aws:iam::377419142249:instance-profile/cloudops-sandbox-test-iam-profile",
                            "create_date": "2018-12-06T01:08:24Z",
                            "id": "cloudops-sandbox-test-iam-profile",
                            "name": "cloudops-sandbox-test-iam-profile",
                            "path": "/",
                            "role": "cloudops-sandbox-test-ec2-role",
                            "roles.#": "0",
                            "unique_id": "AIPAIB2IR6F3GI2VEZLDK"
                        },
                        "meta": {},
                        "tainted": false
                    },
                    "deposed": [],
                    "provider": "provider.aws"
                },
                "aws_iam_policy.test-policy": {
                    "type": "aws_iam_policy",
                    "depends_on": [],
                    "primary": {
                        "id": "arn:aws:iam::377419142249:policy/cloudops-sandbox-test-policy",
                        "attributes": {
                            "arn": "arn:aws:iam::377419142249:policy/cloudops-sandbox-test-policy",
                            "description": "",
                            "id": "arn:aws:iam::377419142249:policy/cloudops-sandbox-test-policy",
                            "name": "cloudops-sandbox-test-policy",
                            "path": "/",
                            "policy": "{\n    \"Version\": \"2012-10-17\",\n    \"Statement\": [\n        {\n            \"Effect\": \"Allow\",\n            \"Action\": [\n                \"s3:ListAllMyBuckets\",\n                \"s3:GetBucketLocation\"\n            ],\n            \"Resource\": \"*\"\n        },\n        {\n            \"Effect\": \"Allow\",\n            \"Action\": \"s3:ListBucket\",\n            \"Resource\": \"arn:aws:s3:::\u003cBUCKET-NAME\u003e\",\n            \"Condition\": {\n                \"StringLike\": {\n                    \"s3:prefix\": [\n                        \"\"\n                    ]\n                }\n            }\n        }\n    ]\n}\n"
                        },
                        "meta": {},
                        "tainted": false
                    },
                    "deposed": [],
                    "provider": "provider.aws"
                },
                "aws_iam_role.test-role": {
                    "type": "aws_iam_role",
                    "depends_on": [],
                    "primary": {
                        "id": "cloudops-sandbox-test-ec2-role",
                        "attributes": {
                            "arn": "arn:aws:iam::377419142249:role/cloudops-sandbox-test-ec2-role",
                            "assume_role_policy": "{\"Version\":\"2012-10-17\",\"Statement\":[{\"Effect\":\"Allow\",\"Principal\":{\"Service\":\"ec2.amazonaws.com\"},\"Action\":\"sts:AssumeRole\"}]}",
                            "create_date": "2018-12-06T01:08:23Z",
                            "description": "",
                            "force_detach_policies": "false",
                            "id": "cloudops-sandbox-test-ec2-role",
                            "max_session_duration": "3600",
                            "name": "cloudops-sandbox-test-ec2-role",
                            "path": "/",
                            "tags.%": "0",
                            "unique_id": "AROAIZZZ4FKVZB7IITMCE"
                        },
                        "meta": {},
                        "tainted": false
                    },
                    "deposed": [],
                    "provider": "provider.aws"
                },
                "aws_iam_role_policy_attachment.test-attach": {
                    "type": "aws_iam_role_policy_attachment",
                    "depends_on": [
                        "aws_iam_policy.test-policy",
                        "aws_iam_role.test-role"
                    ],
                    "primary": {
                        "id": "cloudops-sandbox-test-ec2-role-20181206010825780300000001",
                        "attributes": {
                            "id": "cloudops-sandbox-test-ec2-role-20181206010825780300000001",
                            "policy_arn": "arn:aws:iam::377419142249:policy/cloudops-sandbox-test-policy",
                            "role": "cloudops-sandbox-test-ec2-role"
                        },
                        "meta": {},
                        "tainted": false
                    },
                    "deposed": [],
                    "provider": "provider.aws"
                },
                "aws_instance.test-instance": {
                    "type": "aws_instance",
                    "depends_on": [
                        "aws_iam_instance_profile.test-profile",
                        "aws_security_group.sg-bastion",
                        "data.aws_security_group.sg-private-layer",
                        "data.aws_subnet.subnet-cloudops-test-private-a"
                    ],
                    "primary": {
                        "id": "i-0f90dd1a2aaef7cb2",
                        "attributes": {
                            "ami": "ami-08589eca6dcc9b39c",
                            "arn": "arn:aws:ec2:ap-southeast-2:377419142249:instance/i-0f90dd1a2aaef7cb2",
                            "associate_public_ip_address": "false",
                            "availability_zone": "ap-southeast-2a",
                            "cpu_core_count": "1",
                            "cpu_threads_per_core": "1",
                            "credit_specification.#": "1",
                            "credit_specification.0.cpu_credits": "standard",
                            "disable_api_termination": "false",
                            "ebs_block_device.#": "0",
                            "ebs_optimized": "false",
                            "ephemeral_block_device.#": "0",
                            "get_password_data": "false",
                            "iam_instance_profile": "cloudops-sandbox-test-iam-profile",
                            "id": "i-0f90dd1a2aaef7cb2",
                            "instance_state": "running",
                            "instance_type": "t2.micro",
                            "ipv6_addresses.#": "0",
                            "key_name": "cloudops-sandbox-jeff",
                            "monitoring": "false",
                            "network_interface.#": "0",
                            "network_interface_id": "eni-0e5e184664be90d3d",
                            "password_data": "",
                            "placement_group": "",
                            "primary_network_interface_id": "eni-0e5e184664be90d3d",
                            "private_dns": "ip-172-32-248-187.ap-southeast-2.compute.internal",
                            "private_ip": "172.32.248.187",
                            "public_dns": "",
                            "public_ip": "",
                            "root_block_device.#": "1",
                            "root_block_device.0.delete_on_termination": "true",
                            "root_block_device.0.iops": "100",
                            "root_block_device.0.volume_id": "vol-0e6e0462cf46a8b2e",
                            "root_block_device.0.volume_size": "8",
                            "root_block_device.0.volume_type": "gp2",
                            "security_groups.#": "0",
                            "source_dest_check": "true",
                            "subnet_id": "subnet-037a3cf0cface7ad6",
                            "tags.%": "1",
                            "tags.Name": "cloudops-sandbox-test-tst",
                            "tenancy": "default",
                            "volume_tags.%": "0",
                            "vpc_security_group_ids.#": "2",
                            "vpc_security_group_ids.3381501902": "sg-08d7021288d4252c7",
                            "vpc_security_group_ids.3928707349": "sg-0e3e4bf7de93fac56"
                        },
                        "meta": {
                            "e2bfb730-ecaa-11e6-8f88-34363bc7c4c0": {
                                "create": 600000000000,
                                "delete": 1200000000000,
                                "update": 600000000000
                            },
                            "schema_version": "1"
                        },
                        "tainted": false
                    },
                    "deposed": [],
                    "provider": "provider.aws"
                },
                "aws_instance.web": {
                    "type": "aws_instance",
                    "depends_on": [
                        "aws_security_group.sg-bastion",
                        "data.aws_security_group.sg-public-layer",
                        "data.aws_subnet.subnet-cloudops-test-public-a"
                    ],
                    "primary": {
                        "id": "i-0f56a87f4d9a56f21",
                        "attributes": {
                            "ami": "ami-08589eca6dcc9b39c",
                            "arn": "arn:aws:ec2:ap-southeast-2:377419142249:instance/i-0f56a87f4d9a56f21",
                            "associate_public_ip_address": "true",
                            "availability_zone": "ap-southeast-2a",
                            "cpu_core_count": "1",
                            "cpu_threads_per_core": "1",
                            "credit_specification.#": "1",
                            "credit_specification.0.cpu_credits": "standard",
                            "disable_api_termination": "false",
                            "ebs_block_device.#": "0",
                            "ebs_optimized": "false",
                            "ephemeral_block_device.#": "0",
                            "get_password_data": "false",
                            "iam_instance_profile": "",
                            "id": "i-0f56a87f4d9a56f21",
                            "instance_state": "running",
                            "instance_type": "t2.micro",
                            "ipv6_addresses.#": "0",
                            "key_name": "cloudops-sandbox-jeff",
                            "monitoring": "false",
                            "network_interface.#": "0",
                            "network_interface_id": "eni-0c0a64a69ecf0a2e2",
                            "password_data": "",
                            "placement_group": "",
                            "primary_network_interface_id": "eni-0c0a64a69ecf0a2e2",
                            "private_dns": "ip-172-32-240-98.ap-southeast-2.compute.internal",
                            "private_ip": "172.32.240.98",
                            "public_dns": "ec2-54-66-179-172.ap-southeast-2.compute.amazonaws.com",
                            "public_ip": "54.66.179.172",
                            "root_block_device.#": "1",
                            "root_block_device.0.delete_on_termination": "true",
                            "root_block_device.0.iops": "100",
                            "root_block_device.0.volume_id": "vol-0cb78422bfb436ef0",
                            "root_block_device.0.volume_size": "8",
                            "root_block_device.0.volume_type": "gp2",
                            "security_groups.#": "0",
                            "source_dest_check": "true",
                            "subnet_id": "subnet-0d056c9cf41b05966",
                            "tags.%": "1",
                            "tags.Name": "cloudops-sandbox-test-btn",
                            "tenancy": "default",
                            "volume_tags.%": "0",
                            "vpc_security_group_ids.#": "2",
                            "vpc_security_group_ids.1799550856": "sg-0818858c825f56537",
                            "vpc_security_group_ids.3928707349": "sg-0e3e4bf7de93fac56"
                        },
                        "meta": {
                            "e2bfb730-ecaa-11e6-8f88-34363bc7c4c0": {
                                "create": 600000000000,
                                "delete": 1200000000000,
                                "update": 600000000000
                            },
                            "schema_version": "1"
                        },
                        "tainted": false
                    },
                    "deposed": [],
                    "provider": "provider.aws"
                },
                "aws_security_group.sg-bastion": {
                    "type": "aws_security_group",
                    "depends_on": [
                        "data.aws_vpc.vpc-cloudops-test"
                    ],
                    "primary": {
                        "id": "sg-0e3e4bf7de93fac56",
                        "attributes": {
                            "arn": "arn:aws:ec2:ap-southeast-2:377419142249:security-group/sg-0e3e4bf7de93fac56",
                            "description": "Managed by Terraform",
                            "egress.#": "1",
                            "egress.482069346.cidr_blocks.#": "1",
                            "egress.482069346.cidr_blocks.0": "0.0.0.0/0",
                            "egress.482069346.description": "",
                            "egress.482069346.from_port": "0",
                            "egress.482069346.ipv6_cidr_blocks.#": "0",
                            "egress.482069346.prefix_list_ids.#": "0",
                            "egress.482069346.protocol": "-1",
                            "egress.482069346.security_groups.#": "0",
                            "egress.482069346.self": "false",
                            "egress.482069346.to_port": "0",
                            "id": "sg-0e3e4bf7de93fac56",
                            "ingress.#": "1",
                            "ingress.3347592051.cidr_blocks.#": "1",
                            "ingress.3347592051.cidr_blocks.0": "52.62.136.23/32",
                            "ingress.3347592051.description": "",
                            "ingress.3347592051.from_port": "22",
                            "ingress.3347592051.ipv6_cidr_blocks.#": "0",
                            "ingress.3347592051.prefix_list_ids.#": "0",
                            "ingress.3347592051.protocol": "tcp",
                            "ingress.3347592051.security_groups.#": "0",
                            "ingress.3347592051.self": "false",
                            "ingress.3347592051.to_port": "22",
                            "name": "test-btn",
                            "owner_id": "377419142249",
                            "revoke_rules_on_delete": "false",
                            "tags.%": "0",
                            "vpc_id": "vpc-0806ed4fff90ff1fe"
                        },
                        "meta": {
                            "e2bfb730-ecaa-11e6-8f88-34363bc7c4c0": {
                                "create": 600000000000,
                                "delete": 600000000000
                            },
                            "schema_version": "1"
                        },
                        "tainted": false
                    },
                    "deposed": [],
                    "provider": "provider.aws"
                },
                "data.aws_security_group.sg-private-layer": {
                    "type": "aws_security_group",
                    "depends_on": [],
                    "primary": {
                        "id": "sg-08d7021288d4252c7",
                        "attributes": {
                            "arn": "arn:aws:ec2:ap-southeast-2:377419142249:security-group/sg-08d7021288d4252c7",
                            "description": "Managed by Terraform",
                            "id": "sg-08d7021288d4252c7",
                            "name": "private-layer",
                            "tags.%": "0",
                            "vpc_id": "vpc-0806ed4fff90ff1fe"
                        },
                        "meta": {},
                        "tainted": false
                    },
                    "deposed": [],
                    "provider": "provider.aws"
                },
                "data.aws_security_group.sg-protected-layer": {
                    "type": "aws_security_group",
                    "depends_on": [],
                    "primary": {
                        "id": "sg-05d079a38b201898d",
                        "attributes": {
                            "arn": "arn:aws:ec2:ap-southeast-2:377419142249:security-group/sg-05d079a38b201898d",
                            "description": "Managed by Terraform",
                            "id": "sg-05d079a38b201898d",
                            "name": "protected-layer",
                            "tags.%": "0",
                            "vpc_id": "vpc-0806ed4fff90ff1fe"
                        },
                        "meta": {},
                        "tainted": false
                    },
                    "deposed": [],
                    "provider": "provider.aws"
                },
                "data.aws_security_group.sg-public-layer": {
                    "type": "aws_security_group",
                    "depends_on": [],
                    "primary": {
                        "id": "sg-0818858c825f56537",
                        "attributes": {
                            "arn": "arn:aws:ec2:ap-southeast-2:377419142249:security-group/sg-0818858c825f56537",
                            "description": "Managed by Terraform",
                            "id": "sg-0818858c825f56537",
                            "name": "public-layer",
                            "tags.%": "0",
                            "vpc_id": "vpc-0806ed4fff90ff1fe"
                        },
                        "meta": {},
                        "tainted": false
                    },
                    "deposed": [],
                    "provider": "provider.aws"
                },
                "data.aws_subnet.subnet-cloudops-test-private-a": {
                    "type": "aws_subnet",
                    "depends_on": [],
                    "primary": {
                        "id": "subnet-037a3cf0cface7ad6",
                        "attributes": {
                            "arn": "arn:aws:ec2:ap-southeast-2:377419142249:subnet/subnet-037a3cf0cface7ad6",
                            "assign_ipv6_address_on_creation": "false",
                            "availability_zone": "ap-southeast-2a",
                            "cidr_block": "172.32.248.0/24",
                            "default_for_az": "false",
                            "id": "subnet-037a3cf0cface7ad6",
                            "map_public_ip_on_launch": "false",
                            "state": "available",
                            "tags.%": "1",
                            "tags.Name": "subnet-private-a",
                            "vpc_id": "vpc-0806ed4fff90ff1fe"
                        },
                        "meta": {},
                        "tainted": false
                    },
                    "deposed": [],
                    "provider": "provider.aws"
                },
                "data.aws_subnet.subnet-cloudops-test-private-b": {
                    "type": "aws_subnet",
                    "depends_on": [],
                    "primary": {
                        "id": "subnet-0c19f6d0ef42c921c",
                        "attributes": {
                            "arn": "arn:aws:ec2:ap-southeast-2:377419142249:subnet/subnet-0c19f6d0ef42c921c",
                            "assign_ipv6_address_on_creation": "false",
                            "availability_zone": "ap-southeast-2b",
                            "cidr_block": "172.32.249.0/24",
                            "default_for_az": "false",
                            "id": "subnet-0c19f6d0ef42c921c",
                            "map_public_ip_on_launch": "false",
                            "state": "available",
                            "tags.%": "1",
                            "tags.Name": "subnet-private-b",
                            "vpc_id": "vpc-0806ed4fff90ff1fe"
                        },
                        "meta": {},
                        "tainted": false
                    },
                    "deposed": [],
                    "provider": "provider.aws"
                },
                "data.aws_subnet.subnet-cloudops-test-private-c": {
                    "type": "aws_subnet",
                    "depends_on": [],
                    "primary": {
                        "id": "subnet-0a6183a624ef03f0e",
                        "attributes": {
                            "arn": "arn:aws:ec2:ap-southeast-2:377419142249:subnet/subnet-0a6183a624ef03f0e",
                            "assign_ipv6_address_on_creation": "false",
                            "availability_zone": "ap-southeast-2c",
                            "cidr_block": "172.32.250.0/24",
                            "default_for_az": "false",
                            "id": "subnet-0a6183a624ef03f0e",
                            "map_public_ip_on_launch": "false",
                            "state": "available",
                            "tags.%": "1",
                            "tags.Name": "subnet-private-c",
                            "vpc_id": "vpc-0806ed4fff90ff1fe"
                        },
                        "meta": {},
                        "tainted": false
                    },
                    "deposed": [],
                    "provider": "provider.aws"
                },
                "data.aws_subnet.subnet-cloudops-test-protected-a": {
                    "type": "aws_subnet",
                    "depends_on": [],
                    "primary": {
                        "id": "subnet-0905e2c80d43618ef",
                        "attributes": {
                            "arn": "arn:aws:ec2:ap-southeast-2:377419142249:subnet/subnet-0905e2c80d43618ef",
                            "assign_ipv6_address_on_creation": "false",
                            "availability_zone": "ap-southeast-2a",
                            "cidr_block": "172.32.244.0/24",
                            "default_for_az": "false",
                            "id": "subnet-0905e2c80d43618ef",
                            "map_public_ip_on_launch": "false",
                            "state": "available",
                            "tags.%": "1",
                            "tags.Name": "subnet-protected-a",
                            "vpc_id": "vpc-0806ed4fff90ff1fe"
                        },
                        "meta": {},
                        "tainted": false
                    },
                    "deposed": [],
                    "provider": "provider.aws"
                },
                "data.aws_subnet.subnet-cloudops-test-protected-b": {
                    "type": "aws_subnet",
                    "depends_on": [],
                    "primary": {
                        "id": "subnet-051bd5e4096e1a0eb",
                        "attributes": {
                            "arn": "arn:aws:ec2:ap-southeast-2:377419142249:subnet/subnet-051bd5e4096e1a0eb",
                            "assign_ipv6_address_on_creation": "false",
                            "availability_zone": "ap-southeast-2b",
                            "cidr_block": "172.32.245.0/24",
                            "default_for_az": "false",
                            "id": "subnet-051bd5e4096e1a0eb",
                            "map_public_ip_on_launch": "false",
                            "state": "available",
                            "tags.%": "1",
                            "tags.Name": "subnet-protected-b",
                            "vpc_id": "vpc-0806ed4fff90ff1fe"
                        },
                        "meta": {},
                        "tainted": false
                    },
                    "deposed": [],
                    "provider": "provider.aws"
                },
                "data.aws_subnet.subnet-cloudops-test-protected-c": {
                    "type": "aws_subnet",
                    "depends_on": [],
                    "primary": {
                        "id": "subnet-0d95f269d8350abbe",
                        "attributes": {
                            "arn": "arn:aws:ec2:ap-southeast-2:377419142249:subnet/subnet-0d95f269d8350abbe",
                            "assign_ipv6_address_on_creation": "false",
                            "availability_zone": "ap-southeast-2c",
                            "cidr_block": "172.32.246.0/24",
                            "default_for_az": "false",
                            "id": "subnet-0d95f269d8350abbe",
                            "map_public_ip_on_launch": "false",
                            "state": "available",
                            "tags.%": "1",
                            "tags.Name": "subnet-protected-c",
                            "vpc_id": "vpc-0806ed4fff90ff1fe"
                        },
                        "meta": {},
                        "tainted": false
                    },
                    "deposed": [],
                    "provider": "provider.aws"
                },
                "data.aws_subnet.subnet-cloudops-test-public-a": {
                    "type": "aws_subnet",
                    "depends_on": [],
                    "primary": {
                        "id": "subnet-0d056c9cf41b05966",
                        "attributes": {
                            "arn": "arn:aws:ec2:ap-southeast-2:377419142249:subnet/subnet-0d056c9cf41b05966",
                            "assign_ipv6_address_on_creation": "false",
                            "availability_zone": "ap-southeast-2a",
                            "cidr_block": "172.32.240.0/24",
                            "default_for_az": "false",
                            "id": "subnet-0d056c9cf41b05966",
                            "map_public_ip_on_launch": "false",
                            "state": "available",
                            "tags.%": "1",
                            "tags.Name": "subnet-public-a",
                            "vpc_id": "vpc-0806ed4fff90ff1fe"
                        },
                        "meta": {},
                        "tainted": false
                    },
                    "deposed": [],
                    "provider": "provider.aws"
                },
                "data.aws_subnet.subnet-cloudops-test-public-b": {
                    "type": "aws_subnet",
                    "depends_on": [],
                    "primary": {
                        "id": "subnet-0601c4917f4f1afd1",
                        "attributes": {
                            "arn": "arn:aws:ec2:ap-southeast-2:377419142249:subnet/subnet-0601c4917f4f1afd1",
                            "assign_ipv6_address_on_creation": "false",
                            "availability_zone": "ap-southeast-2b",
                            "cidr_block": "172.32.241.0/24",
                            "default_for_az": "false",
                            "id": "subnet-0601c4917f4f1afd1",
                            "map_public_ip_on_launch": "false",
                            "state": "available",
                            "tags.%": "1",
                            "tags.Name": "subnet-public-b",
                            "vpc_id": "vpc-0806ed4fff90ff1fe"
                        },
                        "meta": {},
                        "tainted": false
                    },
                    "deposed": [],
                    "provider": "provider.aws"
                },
                "data.aws_subnet.subnet-cloudops-test-public-c": {
                    "type": "aws_subnet",
                    "depends_on": [],
                    "primary": {
                        "id": "subnet-0e528a67a34c0608d",
                        "attributes": {
                            "arn": "arn:aws:ec2:ap-southeast-2:377419142249:subnet/subnet-0e528a67a34c0608d",
                            "assign_ipv6_address_on_creation": "false",
                            "availability_zone": "ap-southeast-2c",
                            "cidr_block": "172.32.242.0/24",
                            "default_for_az": "false",
                            "id": "subnet-0e528a67a34c0608d",
                            "map_public_ip_on_launch": "false",
                            "state": "available",
                            "tags.%": "1",
                            "tags.Name": "subnet-public-c",
                            "vpc_id": "vpc-0806ed4fff90ff1fe"
                        },
                        "meta": {},
                        "tainted": false
                    },
                    "deposed": [],
                    "provider": "provider.aws"
                },
                "data.aws_vpc.vpc-cloudops-test": {
                    "type": "aws_vpc",
                    "depends_on": [],
                    "primary": {
                        "id": "vpc-0806ed4fff90ff1fe",
                        "attributes": {
                            "arn": "arn:aws:ec2:ap-southeast-2:377419142249:vpc/vpc-0806ed4fff90ff1fe",
                            "cidr_block": "172.32.240.0/20",
                            "cidr_block_associations.#": "1",
                            "cidr_block_associations.0.association_id": "vpc-cidr-assoc-0ff02eabf6d59490f",
                            "cidr_block_associations.0.cidr_block": "172.32.240.0/20",
                            "cidr_block_associations.0.state": "associated",
                            "default": "false",
                            "dhcp_options_id": "dopt-727bf716",
                            "enable_dns_hostnames": "true",
                            "enable_dns_support": "true",
                            "id": "vpc-0806ed4fff90ff1fe",
                            "instance_tenancy": "default",
                            "main_route_table_id": "rtb-077d08a90281672bd",
                            "state": "available",
                            "tags.%": "1",
                            "tags.Name": "cloudops-sandbox-test-vpc"
                        },
                        "meta": {},
                        "tainted": false
                    },
                    "deposed": [],
                    "provider": "provider.aws"
                }
            },
            "depends_on": []
        }
    ]
}
