{
    "version": 3,
    "terraform_version": "0.11.10",
    "serial": 30,
    "lineage": "30931930-4781-de2c-a429-3a878a5f952e",
    "modules": [
        {
            "path": [
                "root"
            ],
            "outputs": {},
            "resources": {
                "aws_instance.ks-ctl-1": {
                    "type": "aws_instance",
                    "depends_on": [
                        "data.aws_security_group.sg-public-layer",
                        "data.aws_subnet.subnet-cloudops-test-public-a"
                    ],
                    "primary": {
                        "id": "i-060c2eb50fb9c3d2e",
                        "attributes": {
                            "ami": "ami-0789a5fb42dcccc10",
                            "arn": "arn:aws:ec2:ap-southeast-2:377419142249:instance/i-060c2eb50fb9c3d2e",
                            "associate_public_ip_address": "true",
                            "availability_zone": "ap-southeast-2a",
                            "cpu_core_count": "1",
                            "cpu_threads_per_core": "1",
                            "credit_specification.#": "1",
                            "credit_specification.0.cpu_credits": "standard",
                            "disable_api_termination": "false",
                            "ebs_block_device.#": "0",
                            "ebs_optimized": "false",
                            "ephemeral_block_device.#": "0",
                            "get_password_data": "false",
                            "iam_instance_profile": "",
                            "id": "i-060c2eb50fb9c3d2e",
                            "instance_state": "running",
                            "instance_type": "t2.micro",
                            "ipv6_addresses.#": "0",
                            "key_name": "cloudops-sandbox-jeff",
                            "monitoring": "false",
                            "network_interface.#": "0",
                            "network_interface_id": "eni-0ea9dbb56e6d16aca",
                            "password_data": "",
                            "placement_group": "",
                            "primary_network_interface_id": "eni-0ea9dbb56e6d16aca",
                            "private_dns": "ip-172-32-240-203.ap-southeast-2.compute.internal",
                            "private_ip": "172.32.240.203",
                            "public_dns": "ec2-54-66-225-177.ap-southeast-2.compute.amazonaws.com",
                            "public_ip": "54.66.225.177",
                            "root_block_device.#": "1",
                            "root_block_device.0.delete_on_termination": "true",
                            "root_block_device.0.iops": "100",
                            "root_block_device.0.volume_id": "vol-09294b102fb4a3d2a",
                            "root_block_device.0.volume_size": "8",
                            "root_block_device.0.volume_type": "gp2",
                            "security_groups.#": "0",
                            "source_dest_check": "true",
                            "subnet_id": "subnet-0d056c9cf41b05966",
                            "tags.%": "0",
                            "tenancy": "default",
                            "volume_tags.%": "0",
                            "vpc_security_group_ids.#": "1",
                            "vpc_security_group_ids.1799550856": "sg-0818858c825f56537"
                        },
                        "meta": {
                            "e2bfb730-ecaa-11e6-8f88-34363bc7c4c0": {
                                "create": 600000000000,
                                "delete": 1200000000000,
                                "update": 600000000000
                            },
                            "schema_version": "1"
                        },
                        "tainted": false
                    },
                    "deposed": [],
                    "provider": "provider.aws"
                },
                "aws_instance.ks-ctl-2": {
                    "type": "aws_instance",
                    "depends_on": [
                        "data.aws_security_group.sg-public-layer",
                        "data.aws_subnet.subnet-cloudops-test-public-b"
                    ],
                    "primary": {
                        "id": "i-0e2fdea844ac1bdf1",
                        "attributes": {
                            "ami": "ami-0789a5fb42dcccc10",
                            "arn": "arn:aws:ec2:ap-southeast-2:377419142249:instance/i-0e2fdea844ac1bdf1",
                            "associate_public_ip_address": "true",
                            "availability_zone": "ap-southeast-2b",
                            "cpu_core_count": "1",
                            "cpu_threads_per_core": "1",
                            "credit_specification.#": "1",
                            "credit_specification.0.cpu_credits": "standard",
                            "disable_api_termination": "false",
                            "ebs_block_device.#": "0",
                            "ebs_optimized": "false",
                            "ephemeral_block_device.#": "0",
                            "get_password_data": "false",
                            "iam_instance_profile": "",
                            "id": "i-0e2fdea844ac1bdf1",
                            "instance_state": "running",
                            "instance_type": "t2.micro",
                            "ipv6_addresses.#": "0",
                            "key_name": "cloudops-sandbox-jeff",
                            "monitoring": "false",
                            "network_interface.#": "0",
                            "network_interface_id": "eni-0c7dbb5d2aab2147c",
                            "password_data": "",
                            "placement_group": "",
                            "primary_network_interface_id": "eni-0c7dbb5d2aab2147c",
                            "private_dns": "ip-172-32-241-125.ap-southeast-2.compute.internal",
                            "private_ip": "172.32.241.125",
                            "public_dns": "ec2-52-62-180-77.ap-southeast-2.compute.amazonaws.com",
                            "public_ip": "52.62.180.77",
                            "root_block_device.#": "1",
                            "root_block_device.0.delete_on_termination": "true",
                            "root_block_device.0.iops": "100",
                            "root_block_device.0.volume_id": "vol-0dc3131e9f592c761",
                            "root_block_device.0.volume_size": "8",
                            "root_block_device.0.volume_type": "gp2",
                            "security_groups.#": "0",
                            "source_dest_check": "true",
                            "subnet_id": "subnet-0601c4917f4f1afd1",
                            "tags.%": "0",
                            "tenancy": "default",
                            "volume_tags.%": "0",
                            "vpc_security_group_ids.#": "1",
                            "vpc_security_group_ids.1799550856": "sg-0818858c825f56537"
                        },
                        "meta": {
                            "e2bfb730-ecaa-11e6-8f88-34363bc7c4c0": {
                                "create": 600000000000,
                                "delete": 1200000000000,
                                "update": 600000000000
                            },
                            "schema_version": "1"
                        },
                        "tainted": false
                    },
                    "deposed": [],
                    "provider": "provider.aws"
                },
                "aws_instance.ks-lb-1": {
                    "type": "aws_instance",
                    "depends_on": [
                        "data.aws_security_group.sg-public-layer",
                        "data.aws_subnet.subnet-cloudops-test-public-a"
                    ],
                    "primary": {
                        "id": "i-0487da5abfed4c5b6",
                        "attributes": {
                            "ami": "ami-0789a5fb42dcccc10",
                            "arn": "arn:aws:ec2:ap-southeast-2:377419142249:instance/i-0487da5abfed4c5b6",
                            "associate_public_ip_address": "true",
                            "availability_zone": "ap-southeast-2a",
                            "cpu_core_count": "1",
                            "cpu_threads_per_core": "1",
                            "credit_specification.#": "1",
                            "credit_specification.0.cpu_credits": "standard",
                            "disable_api_termination": "false",
                            "ebs_block_device.#": "0",
                            "ebs_optimized": "false",
                            "ephemeral_block_device.#": "0",
                            "get_password_data": "false",
                            "iam_instance_profile": "",
                            "id": "i-0487da5abfed4c5b6",
                            "instance_state": "running",
                            "instance_type": "t2.micro",
                            "ipv6_addresses.#": "0",
                            "key_name": "cloudops-sandbox-jeff",
                            "monitoring": "false",
                            "network_interface.#": "0",
                            "network_interface_id": "eni-04b07f1baba449c57",
                            "password_data": "",
                            "placement_group": "",
                            "primary_network_interface_id": "eni-04b07f1baba449c57",
                            "private_dns": "ip-172-32-240-180.ap-southeast-2.compute.internal",
                            "private_ip": "172.32.240.180",
                            "public_dns": "ec2-13-239-85-214.ap-southeast-2.compute.amazonaws.com",
                            "public_ip": "13.239.85.214",
                            "root_block_device.#": "1",
                            "root_block_device.0.delete_on_termination": "true",
                            "root_block_device.0.iops": "100",
                            "root_block_device.0.volume_id": "vol-0d2b06da441de2896",
                            "root_block_device.0.volume_size": "8",
                            "root_block_device.0.volume_type": "gp2",
                            "security_groups.#": "0",
                            "source_dest_check": "true",
                            "subnet_id": "subnet-0d056c9cf41b05966",
                            "tags.%": "0",
                            "tenancy": "default",
                            "volume_tags.%": "0",
                            "vpc_security_group_ids.#": "1",
                            "vpc_security_group_ids.1799550856": "sg-0818858c825f56537"
                        },
                        "meta": {
                            "e2bfb730-ecaa-11e6-8f88-34363bc7c4c0": {
                                "create": 600000000000,
                                "delete": 1200000000000,
                                "update": 600000000000
                            },
                            "schema_version": "1"
                        },
                        "tainted": false
                    },
                    "deposed": [],
                    "provider": "provider.aws"
                },
                "aws_instance.ks-wk-1": {
                    "type": "aws_instance",
                    "depends_on": [
                        "aws_security_group.sg-ks-wk",
                        "data.aws_security_group.sg-public-layer",
                        "data.aws_subnet.subnet-cloudops-test-public-a"
                    ],
                    "primary": {
                        "id": "i-04ff778a4e03401ec",
                        "attributes": {
                            "ami": "ami-0789a5fb42dcccc10",
                            "arn": "arn:aws:ec2:ap-southeast-2:377419142249:instance/i-04ff778a4e03401ec",
                            "associate_public_ip_address": "true",
                            "availability_zone": "ap-southeast-2a",
                            "cpu_core_count": "1",
                            "cpu_threads_per_core": "1",
                            "credit_specification.#": "1",
                            "credit_specification.0.cpu_credits": "standard",
                            "disable_api_termination": "false",
                            "ebs_block_device.#": "0",
                            "ebs_optimized": "false",
                            "ephemeral_block_device.#": "0",
                            "get_password_data": "false",
                            "iam_instance_profile": "",
                            "id": "i-04ff778a4e03401ec",
                            "instance_state": "running",
                            "instance_type": "t2.micro",
                            "ipv6_addresses.#": "0",
                            "key_name": "cloudops-sandbox-jeff",
                            "monitoring": "false",
                            "network_interface.#": "0",
                            "network_interface_id": "eni-0f35382e734daa179",
                            "password_data": "",
                            "placement_group": "",
                            "primary_network_interface_id": "eni-0f35382e734daa179",
                            "private_dns": "ip-172-32-240-231.ap-southeast-2.compute.internal",
                            "private_ip": "172.32.240.231",
                            "public_dns": "ec2-13-211-140-66.ap-southeast-2.compute.amazonaws.com",
                            "public_ip": "13.211.140.66",
                            "root_block_device.#": "1",
                            "root_block_device.0.delete_on_termination": "true",
                            "root_block_device.0.iops": "100",
                            "root_block_device.0.volume_id": "vol-0baeb8d663b17dbbc",
                            "root_block_device.0.volume_size": "8",
                            "root_block_device.0.volume_type": "gp2",
                            "security_groups.#": "0",
                            "source_dest_check": "true",
                            "subnet_id": "subnet-0d056c9cf41b05966",
                            "tags.%": "0",
                            "tenancy": "default",
                            "volume_tags.%": "0",
                            "vpc_security_group_ids.#": "2",
                            "vpc_security_group_ids.1799550856": "sg-0818858c825f56537",
                            "vpc_security_group_ids.2900710443": "sg-04c91a906e381545a"
                        },
                        "meta": {
                            "e2bfb730-ecaa-11e6-8f88-34363bc7c4c0": {
                                "create": 600000000000,
                                "delete": 1200000000000,
                                "update": 600000000000
                            },
                            "schema_version": "1"
                        },
                        "tainted": false
                    },
                    "deposed": [],
                    "provider": "provider.aws"
                },
                "aws_instance.ks-wk-2": {
                    "type": "aws_instance",
                    "depends_on": [
                        "aws_security_group.sg-ks-wk",
                        "data.aws_security_group.sg-public-layer",
                        "data.aws_subnet.subnet-cloudops-test-public-b"
                    ],
                    "primary": {
                        "id": "i-0fdc6647785f639dd",
                        "attributes": {
                            "ami": "ami-0789a5fb42dcccc10",
                            "arn": "arn:aws:ec2:ap-southeast-2:377419142249:instance/i-0fdc6647785f639dd",
                            "associate_public_ip_address": "true",
                            "availability_zone": "ap-southeast-2b",
                            "cpu_core_count": "1",
                            "cpu_threads_per_core": "1",
                            "credit_specification.#": "1",
                            "credit_specification.0.cpu_credits": "standard",
                            "disable_api_termination": "false",
                            "ebs_block_device.#": "0",
                            "ebs_optimized": "false",
                            "ephemeral_block_device.#": "0",
                            "get_password_data": "false",
                            "iam_instance_profile": "",
                            "id": "i-0fdc6647785f639dd",
                            "instance_state": "running",
                            "instance_type": "t2.micro",
                            "ipv6_addresses.#": "0",
                            "key_name": "cloudops-sandbox-jeff",
                            "monitoring": "false",
                            "network_interface.#": "0",
                            "network_interface_id": "eni-0608638ad22d6c9ef",
                            "password_data": "",
                            "placement_group": "",
                            "primary_network_interface_id": "eni-0608638ad22d6c9ef",
                            "private_dns": "ip-172-32-241-126.ap-southeast-2.compute.internal",
                            "private_ip": "172.32.241.126",
                            "public_dns": "ec2-54-206-6-3.ap-southeast-2.compute.amazonaws.com",
                            "public_ip": "54.206.6.3",
                            "root_block_device.#": "1",
                            "root_block_device.0.delete_on_termination": "true",
                            "root_block_device.0.iops": "100",
                            "root_block_device.0.volume_id": "vol-02999ce3f5d854be0",
                            "root_block_device.0.volume_size": "8",
                            "root_block_device.0.volume_type": "gp2",
                            "security_groups.#": "0",
                            "source_dest_check": "true",
                            "subnet_id": "subnet-0601c4917f4f1afd1",
                            "tags.%": "0",
                            "tenancy": "default",
                            "volume_tags.%": "0",
                            "vpc_security_group_ids.#": "2",
                            "vpc_security_group_ids.1799550856": "sg-0818858c825f56537",
                            "vpc_security_group_ids.2900710443": "sg-04c91a906e381545a"
                        },
                        "meta": {
                            "e2bfb730-ecaa-11e6-8f88-34363bc7c4c0": {
                                "create": 600000000000,
                                "delete": 1200000000000,
                                "update": 600000000000
                            },
                            "schema_version": "1"
                        },
                        "tainted": false
                    },
                    "deposed": [],
                    "provider": "provider.aws"
                },
                "aws_security_group.sg-ks-wk": {
                    "type": "aws_security_group",
                    "depends_on": [
                        "data.aws_vpc.vpc-cloudops-test"
                    ],
                    "primary": {
                        "id": "sg-04c91a906e381545a",
                        "attributes": {
                            "arn": "arn:aws:ec2:ap-southeast-2:377419142249:security-group/sg-04c91a906e381545a",
                            "description": "Managed by Terraform",
                            "egress.#": "1",
                            "egress.482069346.cidr_blocks.#": "1",
                            "egress.482069346.cidr_blocks.0": "0.0.0.0/0",
                            "egress.482069346.description": "",
                            "egress.482069346.from_port": "0",
                            "egress.482069346.ipv6_cidr_blocks.#": "0",
                            "egress.482069346.prefix_list_ids.#": "0",
                            "egress.482069346.protocol": "-1",
                            "egress.482069346.security_groups.#": "0",
                            "egress.482069346.self": "false",
                            "egress.482069346.to_port": "0",
                            "id": "sg-04c91a906e381545a",
                            "ingress.#": "2",
                            "ingress.3090021444.cidr_blocks.#": "2",
                            "ingress.3090021444.cidr_blocks.0": "52.62.136.23/32",
                            "ingress.3090021444.cidr_blocks.1": "10.221.80.0/21",
                            "ingress.3090021444.description": "",
                            "ingress.3090021444.from_port": "22",
                            "ingress.3090021444.ipv6_cidr_blocks.#": "0",
                            "ingress.3090021444.prefix_list_ids.#": "0",
                            "ingress.3090021444.protocol": "tcp",
                            "ingress.3090021444.security_groups.#": "0",
                            "ingress.3090021444.self": "false",
                            "ingress.3090021444.to_port": "22",
                            "ingress.941740641.cidr_blocks.#": "2",
                            "ingress.941740641.cidr_blocks.0": "52.62.136.23/32",
                            "ingress.941740641.cidr_blocks.1": "10.221.80.0/21",
                            "ingress.941740641.description": "",
                            "ingress.941740641.from_port": "80",
                            "ingress.941740641.ipv6_cidr_blocks.#": "0",
                            "ingress.941740641.prefix_list_ids.#": "0",
                            "ingress.941740641.protocol": "tcp",
                            "ingress.941740641.security_groups.#": "0",
                            "ingress.941740641.self": "false",
                            "ingress.941740641.to_port": "80",
                            "name": "cloudops-test-ks-wk",
                            "owner_id": "377419142249",
                            "revoke_rules_on_delete": "false",
                            "tags.%": "0",
                            "vpc_id": "vpc-0806ed4fff90ff1fe"
                        },
                        "meta": {
                            "e2bfb730-ecaa-11e6-8f88-34363bc7c4c0": {
                                "create": 600000000000,
                                "delete": 600000000000
                            },
                            "schema_version": "1"
                        },
                        "tainted": false
                    },
                    "deposed": [],
                    "provider": "provider.aws"
                },
                "data.aws_security_group.sg-private-layer": {
                    "type": "aws_security_group",
                    "depends_on": [],
                    "primary": {
                        "id": "sg-08d7021288d4252c7",
                        "attributes": {
                            "arn": "arn:aws:ec2:ap-southeast-2:377419142249:security-group/sg-08d7021288d4252c7",
                            "description": "Managed by Terraform",
                            "id": "sg-08d7021288d4252c7",
                            "name": "private-layer",
                            "tags.%": "0",
                            "vpc_id": "vpc-0806ed4fff90ff1fe"
                        },
                        "meta": {},
                        "tainted": false
                    },
                    "deposed": [],
                    "provider": "provider.aws"
                },
                "data.aws_security_group.sg-protected-layer": {
                    "type": "aws_security_group",
                    "depends_on": [],
                    "primary": {
                        "id": "sg-05d079a38b201898d",
                        "attributes": {
                            "arn": "arn:aws:ec2:ap-southeast-2:377419142249:security-group/sg-05d079a38b201898d",
                            "description": "Managed by Terraform",
                            "id": "sg-05d079a38b201898d",
                            "name": "protected-layer",
                            "tags.%": "0",
                            "vpc_id": "vpc-0806ed4fff90ff1fe"
                        },
                        "meta": {},
                        "tainted": false
                    },
                    "deposed": [],
                    "provider": "provider.aws"
                },
                "data.aws_security_group.sg-public-layer": {
                    "type": "aws_security_group",
                    "depends_on": [],
                    "primary": {
                        "id": "sg-0818858c825f56537",
                        "attributes": {
                            "arn": "arn:aws:ec2:ap-southeast-2:377419142249:security-group/sg-0818858c825f56537",
                            "description": "Managed by Terraform",
                            "id": "sg-0818858c825f56537",
                            "name": "public-layer",
                            "tags.%": "0",
                            "vpc_id": "vpc-0806ed4fff90ff1fe"
                        },
                        "meta": {},
                        "tainted": false
                    },
                    "deposed": [],
                    "provider": "provider.aws"
                },
                "data.aws_subnet.subnet-cloudops-test-private-a": {
                    "type": "aws_subnet",
                    "depends_on": [],
                    "primary": {
                        "id": "subnet-037a3cf0cface7ad6",
                        "attributes": {
                            "arn": "arn:aws:ec2:ap-southeast-2:377419142249:subnet/subnet-037a3cf0cface7ad6",
                            "assign_ipv6_address_on_creation": "false",
                            "availability_zone": "ap-southeast-2a",
                            "cidr_block": "172.32.248.0/24",
                            "default_for_az": "false",
                            "id": "subnet-037a3cf0cface7ad6",
                            "map_public_ip_on_launch": "false",
                            "state": "available",
                            "tags.%": "1",
                            "tags.Name": "subnet-private-a",
                            "vpc_id": "vpc-0806ed4fff90ff1fe"
                        },
                        "meta": {},
                        "tainted": false
                    },
                    "deposed": [],
                    "provider": "provider.aws"
                },
                "data.aws_subnet.subnet-cloudops-test-private-b": {
                    "type": "aws_subnet",
                    "depends_on": [],
                    "primary": {
                        "id": "subnet-0c19f6d0ef42c921c",
                        "attributes": {
                            "arn": "arn:aws:ec2:ap-southeast-2:377419142249:subnet/subnet-0c19f6d0ef42c921c",
                            "assign_ipv6_address_on_creation": "false",
                            "availability_zone": "ap-southeast-2b",
                            "cidr_block": "172.32.249.0/24",
                            "default_for_az": "false",
                            "id": "subnet-0c19f6d0ef42c921c",
                            "map_public_ip_on_launch": "false",
                            "state": "available",
                            "tags.%": "1",
                            "tags.Name": "subnet-private-b",
                            "vpc_id": "vpc-0806ed4fff90ff1fe"
                        },
                        "meta": {},
                        "tainted": false
                    },
                    "deposed": [],
                    "provider": "provider.aws"
                },
                "data.aws_subnet.subnet-cloudops-test-private-c": {
                    "type": "aws_subnet",
                    "depends_on": [],
                    "primary": {
                        "id": "subnet-0a6183a624ef03f0e",
                        "attributes": {
                            "arn": "arn:aws:ec2:ap-southeast-2:377419142249:subnet/subnet-0a6183a624ef03f0e",
                            "assign_ipv6_address_on_creation": "false",
                            "availability_zone": "ap-southeast-2c",
                            "cidr_block": "172.32.250.0/24",
                            "default_for_az": "false",
                            "id": "subnet-0a6183a624ef03f0e",
                            "map_public_ip_on_launch": "false",
                            "state": "available",
                            "tags.%": "1",
                            "tags.Name": "subnet-private-c",
                            "vpc_id": "vpc-0806ed4fff90ff1fe"
                        },
                        "meta": {},
                        "tainted": false
                    },
                    "deposed": [],
                    "provider": "provider.aws"
                },
                "data.aws_subnet.subnet-cloudops-test-protected-a": {
                    "type": "aws_subnet",
                    "depends_on": [],
                    "primary": {
                        "id": "subnet-0905e2c80d43618ef",
                        "attributes": {
                            "arn": "arn:aws:ec2:ap-southeast-2:377419142249:subnet/subnet-0905e2c80d43618ef",
                            "assign_ipv6_address_on_creation": "false",
                            "availability_zone": "ap-southeast-2a",
                            "cidr_block": "172.32.244.0/24",
                            "default_for_az": "false",
                            "id": "subnet-0905e2c80d43618ef",
                            "map_public_ip_on_launch": "false",
                            "state": "available",
                            "tags.%": "1",
                            "tags.Name": "subnet-protected-a",
                            "vpc_id": "vpc-0806ed4fff90ff1fe"
                        },
                        "meta": {},
                        "tainted": false
                    },
                    "deposed": [],
                    "provider": "provider.aws"
                },
                "data.aws_subnet.subnet-cloudops-test-protected-b": {
                    "type": "aws_subnet",
                    "depends_on": [],
                    "primary": {
                        "id": "subnet-051bd5e4096e1a0eb",
                        "attributes": {
                            "arn": "arn:aws:ec2:ap-southeast-2:377419142249:subnet/subnet-051bd5e4096e1a0eb",
                            "assign_ipv6_address_on_creation": "false",
                            "availability_zone": "ap-southeast-2b",
                            "cidr_block": "172.32.245.0/24",
                            "default_for_az": "false",
                            "id": "subnet-051bd5e4096e1a0eb",
                            "map_public_ip_on_launch": "false",
                            "state": "available",
                            "tags.%": "1",
                            "tags.Name": "subnet-protected-b",
                            "vpc_id": "vpc-0806ed4fff90ff1fe"
                        },
                        "meta": {},
                        "tainted": false
                    },
                    "deposed": [],
                    "provider": "provider.aws"
                },
                "data.aws_subnet.subnet-cloudops-test-protected-c": {
                    "type": "aws_subnet",
                    "depends_on": [],
                    "primary": {
                        "id": "subnet-0d95f269d8350abbe",
                        "attributes": {
                            "arn": "arn:aws:ec2:ap-southeast-2:377419142249:subnet/subnet-0d95f269d8350abbe",
                            "assign_ipv6_address_on_creation": "false",
                            "availability_zone": "ap-southeast-2c",
                            "cidr_block": "172.32.246.0/24",
                            "default_for_az": "false",
                            "id": "subnet-0d95f269d8350abbe",
                            "map_public_ip_on_launch": "false",
                            "state": "available",
                            "tags.%": "1",
                            "tags.Name": "subnet-protected-c",
                            "vpc_id": "vpc-0806ed4fff90ff1fe"
                        },
                        "meta": {},
                        "tainted": false
                    },
                    "deposed": [],
                    "provider": "provider.aws"
                },
                "data.aws_subnet.subnet-cloudops-test-public-a": {
                    "type": "aws_subnet",
                    "depends_on": [],
                    "primary": {
                        "id": "subnet-0d056c9cf41b05966",
                        "attributes": {
                            "arn": "arn:aws:ec2:ap-southeast-2:377419142249:subnet/subnet-0d056c9cf41b05966",
                            "assign_ipv6_address_on_creation": "false",
                            "availability_zone": "ap-southeast-2a",
                            "cidr_block": "172.32.240.0/24",
                            "default_for_az": "false",
                            "id": "subnet-0d056c9cf41b05966",
                            "map_public_ip_on_launch": "false",
                            "state": "available",
                            "tags.%": "1",
                            "tags.Name": "subnet-public-a",
                            "vpc_id": "vpc-0806ed4fff90ff1fe"
                        },
                        "meta": {},
                        "tainted": false
                    },
                    "deposed": [],
                    "provider": "provider.aws"
                },
                "data.aws_subnet.subnet-cloudops-test-public-b": {
                    "type": "aws_subnet",
                    "depends_on": [],
                    "primary": {
                        "id": "subnet-0601c4917f4f1afd1",
                        "attributes": {
                            "arn": "arn:aws:ec2:ap-southeast-2:377419142249:subnet/subnet-0601c4917f4f1afd1",
                            "assign_ipv6_address_on_creation": "false",
                            "availability_zone": "ap-southeast-2b",
                            "cidr_block": "172.32.241.0/24",
                            "default_for_az": "false",
                            "id": "subnet-0601c4917f4f1afd1",
                            "map_public_ip_on_launch": "false",
                            "state": "available",
                            "tags.%": "1",
                            "tags.Name": "subnet-public-b",
                            "vpc_id": "vpc-0806ed4fff90ff1fe"
                        },
                        "meta": {},
                        "tainted": false
                    },
                    "deposed": [],
                    "provider": "provider.aws"
                },
                "data.aws_subnet.subnet-cloudops-test-public-c": {
                    "type": "aws_subnet",
                    "depends_on": [],
                    "primary": {
                        "id": "subnet-0e528a67a34c0608d",
                        "attributes": {
                            "arn": "arn:aws:ec2:ap-southeast-2:377419142249:subnet/subnet-0e528a67a34c0608d",
                            "assign_ipv6_address_on_creation": "false",
                            "availability_zone": "ap-southeast-2c",
                            "cidr_block": "172.32.242.0/24",
                            "default_for_az": "false",
                            "id": "subnet-0e528a67a34c0608d",
                            "map_public_ip_on_launch": "false",
                            "state": "available",
                            "tags.%": "1",
                            "tags.Name": "subnet-public-c",
                            "vpc_id": "vpc-0806ed4fff90ff1fe"
                        },
                        "meta": {},
                        "tainted": false
                    },
                    "deposed": [],
                    "provider": "provider.aws"
                },
                "data.aws_vpc.vpc-cloudops-test": {
                    "type": "aws_vpc",
                    "depends_on": [],
                    "primary": {
                        "id": "vpc-0806ed4fff90ff1fe",
                        "attributes": {
                            "arn": "arn:aws:ec2:ap-southeast-2:377419142249:vpc/vpc-0806ed4fff90ff1fe",
                            "cidr_block": "172.32.240.0/20",
                            "cidr_block_associations.#": "1",
                            "cidr_block_associations.0.association_id": "vpc-cidr-assoc-0ff02eabf6d59490f",
                            "cidr_block_associations.0.cidr_block": "172.32.240.0/20",
                            "cidr_block_associations.0.state": "associated",
                            "default": "false",
                            "dhcp_options_id": "dopt-727bf716",
                            "enable_dns_hostnames": "true",
                            "enable_dns_support": "true",
                            "id": "vpc-0806ed4fff90ff1fe",
                            "instance_tenancy": "default",
                            "main_route_table_id": "rtb-077d08a90281672bd",
                            "state": "available",
                            "tags.%": "1",
                            "tags.Name": "cloudops-sandbox-test-vpc"
                        },
                        "meta": {},
                        "tainted": false
                    },
                    "deposed": [],
                    "provider": "provider.aws"
                }
            },
            "depends_on": []
        }
    ]
}
