{
    "version": 3,
    "terraform_version": "0.11.10",
    "serial": 20,
    "lineage": "30931930-4781-de2c-a429-3a878a5f952e",
    "modules": [
        {
            "path": [
                "root"
            ],
            "outputs": {},
            "resources": {
                "aws_instance.ks-ctl-1": {
                    "type": "aws_instance",
                    "depends_on": [
                        "data.aws_security_group.sg-public-layer",
                        "data.aws_subnet.subnet-cloudops-test-public-a"
                    ],
                    "primary": {
                        "id": "i-0c6bf19e687a90600",
                        "attributes": {
                            "ami": "ami-0789a5fb42dcccc10",
                            "arn": "arn:aws:ec2:ap-southeast-2:377419142249:instance/i-0c6bf19e687a90600",
                            "associate_public_ip_address": "false",
                            "availability_zone": "ap-southeast-2a",
                            "cpu_core_count": "1",
                            "cpu_threads_per_core": "1",
                            "credit_specification.#": "1",
                            "credit_specification.0.cpu_credits": "standard",
                            "disable_api_termination": "false",
                            "ebs_block_device.#": "0",
                            "ebs_optimized": "false",
                            "ephemeral_block_device.#": "0",
                            "get_password_data": "false",
                            "iam_instance_profile": "",
                            "id": "i-0c6bf19e687a90600",
                            "instance_state": "running",
                            "instance_type": "t2.micro",
                            "ipv6_addresses.#": "0",
                            "key_name": "cloudops-sandbox-jeff",
                            "monitoring": "false",
                            "network_interface.#": "0",
                            "network_interface_id": "eni-09f3b1434071f97d8",
                            "password_data": "",
                            "placement_group": "",
                            "primary_network_interface_id": "eni-09f3b1434071f97d8",
                            "private_dns": "ip-172-32-240-197.ap-southeast-2.compute.internal",
                            "private_ip": "172.32.240.197",
                            "public_dns": "",
                            "public_ip": "",
                            "root_block_device.#": "1",
                            "root_block_device.0.delete_on_termination": "true",
                            "root_block_device.0.iops": "100",
                            "root_block_device.0.volume_id": "vol-0c1446b85dea0b081",
                            "root_block_device.0.volume_size": "8",
                            "root_block_device.0.volume_type": "gp2",
                            "security_groups.#": "0",
                            "source_dest_check": "true",
                            "subnet_id": "subnet-0d056c9cf41b05966",
                            "tags.%": "1",
                            "tags.Name": "cloudops-sandbox-test-ctl1",
                            "tenancy": "default",
                            "volume_tags.%": "0",
                            "vpc_security_group_ids.#": "1",
                            "vpc_security_group_ids.1799550856": "sg-0818858c825f56537"
                        },
                        "meta": {
                            "e2bfb730-ecaa-11e6-8f88-34363bc7c4c0": {
                                "create": 600000000000,
                                "delete": 1200000000000,
                                "update": 600000000000
                            },
                            "schema_version": "1"
                        },
                        "tainted": false
                    },
                    "deposed": [],
                    "provider": "provider.aws"
                },
                "aws_instance.ks-ctl-2": {
                    "type": "aws_instance",
                    "depends_on": [
                        "data.aws_security_group.sg-public-layer",
                        "data.aws_subnet.subnet-cloudops-test-public-b"
                    ],
                    "primary": {
                        "id": "i-007e6a863b12d2290",
                        "attributes": {
                            "ami": "ami-0789a5fb42dcccc10",
                            "arn": "arn:aws:ec2:ap-southeast-2:377419142249:instance/i-007e6a863b12d2290",
                            "associate_public_ip_address": "false",
                            "availability_zone": "ap-southeast-2b",
                            "cpu_core_count": "1",
                            "cpu_threads_per_core": "1",
                            "credit_specification.#": "1",
                            "credit_specification.0.cpu_credits": "standard",
                            "disable_api_termination": "false",
                            "ebs_block_device.#": "0",
                            "ebs_optimized": "false",
                            "ephemeral_block_device.#": "0",
                            "get_password_data": "false",
                            "iam_instance_profile": "",
                            "id": "i-007e6a863b12d2290",
                            "instance_state": "running",
                            "instance_type": "t2.micro",
                            "ipv6_addresses.#": "0",
                            "key_name": "cloudops-sandbox-jeff",
                            "monitoring": "false",
                            "network_interface.#": "0",
                            "network_interface_id": "eni-007641d82c0507ff2",
                            "password_data": "",
                            "placement_group": "",
                            "primary_network_interface_id": "eni-007641d82c0507ff2",
                            "private_dns": "ip-172-32-241-235.ap-southeast-2.compute.internal",
                            "private_ip": "172.32.241.235",
                            "public_dns": "",
                            "public_ip": "",
                            "root_block_device.#": "1",
                            "root_block_device.0.delete_on_termination": "true",
                            "root_block_device.0.iops": "100",
                            "root_block_device.0.volume_id": "vol-0addfd7c091491372",
                            "root_block_device.0.volume_size": "8",
                            "root_block_device.0.volume_type": "gp2",
                            "security_groups.#": "0",
                            "source_dest_check": "true",
                            "subnet_id": "subnet-0601c4917f4f1afd1",
                            "tags.%": "1",
                            "tags.Name": "cloudops-sandbox-test-ctl2",
                            "tenancy": "default",
                            "volume_tags.%": "0",
                            "vpc_security_group_ids.#": "1",
                            "vpc_security_group_ids.1799550856": "sg-0818858c825f56537"
                        },
                        "meta": {
                            "e2bfb730-ecaa-11e6-8f88-34363bc7c4c0": {
                                "create": 600000000000,
                                "delete": 1200000000000,
                                "update": 600000000000
                            },
                            "schema_version": "1"
                        },
                        "tainted": false
                    },
                    "deposed": [],
                    "provider": "provider.aws"
                },
                "aws_instance.ks-lb-1": {
                    "type": "aws_instance",
                    "depends_on": [
                        "data.aws_security_group.sg-public-layer",
                        "data.aws_subnet.subnet-cloudops-test-public-a"
                    ],
                    "primary": {
                        "id": "i-0518abad2ca5d5941",
                        "attributes": {
                            "ami": "ami-0789a5fb42dcccc10",
                            "arn": "arn:aws:ec2:ap-southeast-2:377419142249:instance/i-0518abad2ca5d5941",
                            "associate_public_ip_address": "false",
                            "availability_zone": "ap-southeast-2a",
                            "cpu_core_count": "1",
                            "cpu_threads_per_core": "1",
                            "credit_specification.#": "1",
                            "credit_specification.0.cpu_credits": "standard",
                            "disable_api_termination": "false",
                            "ebs_block_device.#": "0",
                            "ebs_optimized": "false",
                            "ephemeral_block_device.#": "0",
                            "get_password_data": "false",
                            "iam_instance_profile": "",
                            "id": "i-0518abad2ca5d5941",
                            "instance_state": "running",
                            "instance_type": "t2.micro",
                            "ipv6_addresses.#": "0",
                            "key_name": "cloudops-sandbox-jeff",
                            "monitoring": "false",
                            "network_interface.#": "0",
                            "network_interface_id": "eni-0d17077cf7ba9e471",
                            "password_data": "",
                            "placement_group": "",
                            "primary_network_interface_id": "eni-0d17077cf7ba9e471",
                            "private_dns": "ip-172-32-240-45.ap-southeast-2.compute.internal",
                            "private_ip": "172.32.240.45",
                            "public_dns": "",
                            "public_ip": "",
                            "root_block_device.#": "1",
                            "root_block_device.0.delete_on_termination": "true",
                            "root_block_device.0.iops": "100",
                            "root_block_device.0.volume_id": "vol-0fe63763ad80198d6",
                            "root_block_device.0.volume_size": "8",
                            "root_block_device.0.volume_type": "gp2",
                            "security_groups.#": "0",
                            "source_dest_check": "true",
                            "subnet_id": "subnet-0d056c9cf41b05966",
                            "tags.%": "1",
                            "tags.Name": "cloudops-sandbox-test-lb",
                            "tenancy": "default",
                            "volume_tags.%": "0",
                            "vpc_security_group_ids.#": "1",
                            "vpc_security_group_ids.1799550856": "sg-0818858c825f56537"
                        },
                        "meta": {
                            "e2bfb730-ecaa-11e6-8f88-34363bc7c4c0": {
                                "create": 600000000000,
                                "delete": 1200000000000,
                                "update": 600000000000
                            },
                            "schema_version": "1"
                        },
                        "tainted": false
                    },
                    "deposed": [],
                    "provider": "provider.aws"
                },
                "aws_instance.ks-wk-1": {
                    "type": "aws_instance",
                    "depends_on": [
                        "data.aws_security_group.sg-public-layer",
                        "data.aws_subnet.subnet-cloudops-test-public-a"
                    ],
                    "primary": {
                        "id": "i-0e106c715d9aab64a",
                        "attributes": {
                            "ami": "ami-0789a5fb42dcccc10",
                            "arn": "arn:aws:ec2:ap-southeast-2:377419142249:instance/i-0e106c715d9aab64a",
                            "associate_public_ip_address": "false",
                            "availability_zone": "ap-southeast-2a",
                            "cpu_core_count": "1",
                            "cpu_threads_per_core": "1",
                            "credit_specification.#": "1",
                            "credit_specification.0.cpu_credits": "standard",
                            "disable_api_termination": "false",
                            "ebs_block_device.#": "0",
                            "ebs_optimized": "false",
                            "ephemeral_block_device.#": "0",
                            "get_password_data": "false",
                            "iam_instance_profile": "",
                            "id": "i-0e106c715d9aab64a",
                            "instance_state": "running",
                            "instance_type": "t2.micro",
                            "ipv6_addresses.#": "0",
                            "key_name": "cloudops-sandbox-jeff",
                            "monitoring": "false",
                            "network_interface.#": "0",
                            "network_interface_id": "eni-09038bb08c184a3e1",
                            "password_data": "",
                            "placement_group": "",
                            "primary_network_interface_id": "eni-09038bb08c184a3e1",
                            "private_dns": "ip-172-32-240-202.ap-southeast-2.compute.internal",
                            "private_ip": "172.32.240.202",
                            "public_dns": "",
                            "public_ip": "",
                            "root_block_device.#": "1",
                            "root_block_device.0.delete_on_termination": "true",
                            "root_block_device.0.iops": "100",
                            "root_block_device.0.volume_id": "vol-0c192fd093ab221fd",
                            "root_block_device.0.volume_size": "8",
                            "root_block_device.0.volume_type": "gp2",
                            "security_groups.#": "0",
                            "source_dest_check": "true",
                            "subnet_id": "subnet-0d056c9cf41b05966",
                            "tags.%": "1",
                            "tags.Name": "cloudops-sandbox-test-wk1",
                            "tenancy": "default",
                            "volume_tags.%": "0",
                            "vpc_security_group_ids.#": "1",
                            "vpc_security_group_ids.1799550856": "sg-0818858c825f56537"
                        },
                        "meta": {
                            "e2bfb730-ecaa-11e6-8f88-34363bc7c4c0": {
                                "create": 600000000000,
                                "delete": 1200000000000,
                                "update": 600000000000
                            },
                            "schema_version": "1"
                        },
                        "tainted": false
                    },
                    "deposed": [],
                    "provider": "provider.aws"
                },
                "aws_instance.ks-wk-2": {
                    "type": "aws_instance",
                    "depends_on": [
                        "data.aws_security_group.sg-public-layer",
                        "data.aws_subnet.subnet-cloudops-test-public-b"
                    ],
                    "primary": {
                        "id": "i-0414796de9cabe7eb",
                        "attributes": {
                            "ami": "ami-0789a5fb42dcccc10",
                            "arn": "arn:aws:ec2:ap-southeast-2:377419142249:instance/i-0414796de9cabe7eb",
                            "associate_public_ip_address": "false",
                            "availability_zone": "ap-southeast-2b",
                            "cpu_core_count": "1",
                            "cpu_threads_per_core": "1",
                            "credit_specification.#": "1",
                            "credit_specification.0.cpu_credits": "standard",
                            "disable_api_termination": "false",
                            "ebs_block_device.#": "0",
                            "ebs_optimized": "false",
                            "ephemeral_block_device.#": "0",
                            "get_password_data": "false",
                            "iam_instance_profile": "",
                            "id": "i-0414796de9cabe7eb",
                            "instance_state": "running",
                            "instance_type": "t2.micro",
                            "ipv6_addresses.#": "0",
                            "key_name": "cloudops-sandbox-jeff",
                            "monitoring": "false",
                            "network_interface.#": "0",
                            "network_interface_id": "eni-0f2a950b5b34adbc8",
                            "password_data": "",
                            "placement_group": "",
                            "primary_network_interface_id": "eni-0f2a950b5b34adbc8",
                            "private_dns": "ip-172-32-241-195.ap-southeast-2.compute.internal",
                            "private_ip": "172.32.241.195",
                            "public_dns": "",
                            "public_ip": "",
                            "root_block_device.#": "1",
                            "root_block_device.0.delete_on_termination": "true",
                            "root_block_device.0.iops": "100",
                            "root_block_device.0.volume_id": "vol-06e0aadbb6c34196a",
                            "root_block_device.0.volume_size": "8",
                            "root_block_device.0.volume_type": "gp2",
                            "security_groups.#": "0",
                            "source_dest_check": "true",
                            "subnet_id": "subnet-0601c4917f4f1afd1",
                            "tags.%": "1",
                            "tags.Name": "cloudops-sandbox-test-wk2",
                            "tenancy": "default",
                            "volume_tags.%": "0",
                            "vpc_security_group_ids.#": "1",
                            "vpc_security_group_ids.1799550856": "sg-0818858c825f56537"
                        },
                        "meta": {
                            "e2bfb730-ecaa-11e6-8f88-34363bc7c4c0": {
                                "create": 600000000000,
                                "delete": 1200000000000,
                                "update": 600000000000
                            },
                            "schema_version": "1"
                        },
                        "tainted": false
                    },
                    "deposed": [],
                    "provider": "provider.aws"
                },
                "data.aws_security_group.sg-private-layer": {
                    "type": "aws_security_group",
                    "depends_on": [],
                    "primary": {
                        "id": "sg-08d7021288d4252c7",
                        "attributes": {
                            "arn": "arn:aws:ec2:ap-southeast-2:377419142249:security-group/sg-08d7021288d4252c7",
                            "description": "Managed by Terraform",
                            "id": "sg-08d7021288d4252c7",
                            "name": "private-layer",
                            "tags.%": "0",
                            "vpc_id": "vpc-0806ed4fff90ff1fe"
                        },
                        "meta": {},
                        "tainted": false
                    },
                    "deposed": [],
                    "provider": "provider.aws"
                },
                "data.aws_security_group.sg-protected-layer": {
                    "type": "aws_security_group",
                    "depends_on": [],
                    "primary": {
                        "id": "sg-05d079a38b201898d",
                        "attributes": {
                            "arn": "arn:aws:ec2:ap-southeast-2:377419142249:security-group/sg-05d079a38b201898d",
                            "description": "Managed by Terraform",
                            "id": "sg-05d079a38b201898d",
                            "name": "protected-layer",
                            "tags.%": "0",
                            "vpc_id": "vpc-0806ed4fff90ff1fe"
                        },
                        "meta": {},
                        "tainted": false
                    },
                    "deposed": [],
                    "provider": "provider.aws"
                },
                "data.aws_security_group.sg-public-layer": {
                    "type": "aws_security_group",
                    "depends_on": [],
                    "primary": {
                        "id": "sg-0818858c825f56537",
                        "attributes": {
                            "arn": "arn:aws:ec2:ap-southeast-2:377419142249:security-group/sg-0818858c825f56537",
                            "description": "Managed by Terraform",
                            "id": "sg-0818858c825f56537",
                            "name": "public-layer",
                            "tags.%": "0",
                            "vpc_id": "vpc-0806ed4fff90ff1fe"
                        },
                        "meta": {},
                        "tainted": false
                    },
                    "deposed": [],
                    "provider": "provider.aws"
                },
                "data.aws_subnet.subnet-cloudops-test-private-a": {
                    "type": "aws_subnet",
                    "depends_on": [],
                    "primary": {
                        "id": "subnet-037a3cf0cface7ad6",
                        "attributes": {
                            "arn": "arn:aws:ec2:ap-southeast-2:377419142249:subnet/subnet-037a3cf0cface7ad6",
                            "assign_ipv6_address_on_creation": "false",
                            "availability_zone": "ap-southeast-2a",
                            "cidr_block": "172.32.248.0/24",
                            "default_for_az": "false",
                            "id": "subnet-037a3cf0cface7ad6",
                            "map_public_ip_on_launch": "false",
                            "state": "available",
                            "tags.%": "1",
                            "tags.Name": "subnet-private-a",
                            "vpc_id": "vpc-0806ed4fff90ff1fe"
                        },
                        "meta": {},
                        "tainted": false
                    },
                    "deposed": [],
                    "provider": "provider.aws"
                },
                "data.aws_subnet.subnet-cloudops-test-private-b": {
                    "type": "aws_subnet",
                    "depends_on": [],
                    "primary": {
                        "id": "subnet-0c19f6d0ef42c921c",
                        "attributes": {
                            "arn": "arn:aws:ec2:ap-southeast-2:377419142249:subnet/subnet-0c19f6d0ef42c921c",
                            "assign_ipv6_address_on_creation": "false",
                            "availability_zone": "ap-southeast-2b",
                            "cidr_block": "172.32.249.0/24",
                            "default_for_az": "false",
                            "id": "subnet-0c19f6d0ef42c921c",
                            "map_public_ip_on_launch": "false",
                            "state": "available",
                            "tags.%": "1",
                            "tags.Name": "subnet-private-b",
                            "vpc_id": "vpc-0806ed4fff90ff1fe"
                        },
                        "meta": {},
                        "tainted": false
                    },
                    "deposed": [],
                    "provider": "provider.aws"
                },
                "data.aws_subnet.subnet-cloudops-test-private-c": {
                    "type": "aws_subnet",
                    "depends_on": [],
                    "primary": {
                        "id": "subnet-0a6183a624ef03f0e",
                        "attributes": {
                            "arn": "arn:aws:ec2:ap-southeast-2:377419142249:subnet/subnet-0a6183a624ef03f0e",
                            "assign_ipv6_address_on_creation": "false",
                            "availability_zone": "ap-southeast-2c",
                            "cidr_block": "172.32.250.0/24",
                            "default_for_az": "false",
                            "id": "subnet-0a6183a624ef03f0e",
                            "map_public_ip_on_launch": "false",
                            "state": "available",
                            "tags.%": "1",
                            "tags.Name": "subnet-private-c",
                            "vpc_id": "vpc-0806ed4fff90ff1fe"
                        },
                        "meta": {},
                        "tainted": false
                    },
                    "deposed": [],
                    "provider": "provider.aws"
                },
                "data.aws_subnet.subnet-cloudops-test-protected-a": {
                    "type": "aws_subnet",
                    "depends_on": [],
                    "primary": {
                        "id": "subnet-0905e2c80d43618ef",
                        "attributes": {
                            "arn": "arn:aws:ec2:ap-southeast-2:377419142249:subnet/subnet-0905e2c80d43618ef",
                            "assign_ipv6_address_on_creation": "false",
                            "availability_zone": "ap-southeast-2a",
                            "cidr_block": "172.32.244.0/24",
                            "default_for_az": "false",
                            "id": "subnet-0905e2c80d43618ef",
                            "map_public_ip_on_launch": "false",
                            "state": "available",
                            "tags.%": "1",
                            "tags.Name": "subnet-protected-a",
                            "vpc_id": "vpc-0806ed4fff90ff1fe"
                        },
                        "meta": {},
                        "tainted": false
                    },
                    "deposed": [],
                    "provider": "provider.aws"
                },
                "data.aws_subnet.subnet-cloudops-test-protected-b": {
                    "type": "aws_subnet",
                    "depends_on": [],
                    "primary": {
                        "id": "subnet-051bd5e4096e1a0eb",
                        "attributes": {
                            "arn": "arn:aws:ec2:ap-southeast-2:377419142249:subnet/subnet-051bd5e4096e1a0eb",
                            "assign_ipv6_address_on_creation": "false",
                            "availability_zone": "ap-southeast-2b",
                            "cidr_block": "172.32.245.0/24",
                            "default_for_az": "false",
                            "id": "subnet-051bd5e4096e1a0eb",
                            "map_public_ip_on_launch": "false",
                            "state": "available",
                            "tags.%": "1",
                            "tags.Name": "subnet-protected-b",
                            "vpc_id": "vpc-0806ed4fff90ff1fe"
                        },
                        "meta": {},
                        "tainted": false
                    },
                    "deposed": [],
                    "provider": "provider.aws"
                },
                "data.aws_subnet.subnet-cloudops-test-protected-c": {
                    "type": "aws_subnet",
                    "depends_on": [],
                    "primary": {
                        "id": "subnet-0d95f269d8350abbe",
                        "attributes": {
                            "arn": "arn:aws:ec2:ap-southeast-2:377419142249:subnet/subnet-0d95f269d8350abbe",
                            "assign_ipv6_address_on_creation": "false",
                            "availability_zone": "ap-southeast-2c",
                            "cidr_block": "172.32.246.0/24",
                            "default_for_az": "false",
                            "id": "subnet-0d95f269d8350abbe",
                            "map_public_ip_on_launch": "false",
                            "state": "available",
                            "tags.%": "1",
                            "tags.Name": "subnet-protected-c",
                            "vpc_id": "vpc-0806ed4fff90ff1fe"
                        },
                        "meta": {},
                        "tainted": false
                    },
                    "deposed": [],
                    "provider": "provider.aws"
                },
                "data.aws_subnet.subnet-cloudops-test-public-a": {
                    "type": "aws_subnet",
                    "depends_on": [],
                    "primary": {
                        "id": "subnet-0d056c9cf41b05966",
                        "attributes": {
                            "arn": "arn:aws:ec2:ap-southeast-2:377419142249:subnet/subnet-0d056c9cf41b05966",
                            "assign_ipv6_address_on_creation": "false",
                            "availability_zone": "ap-southeast-2a",
                            "cidr_block": "172.32.240.0/24",
                            "default_for_az": "false",
                            "id": "subnet-0d056c9cf41b05966",
                            "map_public_ip_on_launch": "false",
                            "state": "available",
                            "tags.%": "1",
                            "tags.Name": "subnet-public-a",
                            "vpc_id": "vpc-0806ed4fff90ff1fe"
                        },
                        "meta": {},
                        "tainted": false
                    },
                    "deposed": [],
                    "provider": "provider.aws"
                },
                "data.aws_subnet.subnet-cloudops-test-public-b": {
                    "type": "aws_subnet",
                    "depends_on": [],
                    "primary": {
                        "id": "subnet-0601c4917f4f1afd1",
                        "attributes": {
                            "arn": "arn:aws:ec2:ap-southeast-2:377419142249:subnet/subnet-0601c4917f4f1afd1",
                            "assign_ipv6_address_on_creation": "false",
                            "availability_zone": "ap-southeast-2b",
                            "cidr_block": "172.32.241.0/24",
                            "default_for_az": "false",
                            "id": "subnet-0601c4917f4f1afd1",
                            "map_public_ip_on_launch": "false",
                            "state": "available",
                            "tags.%": "1",
                            "tags.Name": "subnet-public-b",
                            "vpc_id": "vpc-0806ed4fff90ff1fe"
                        },
                        "meta": {},
                        "tainted": false
                    },
                    "deposed": [],
                    "provider": "provider.aws"
                },
                "data.aws_subnet.subnet-cloudops-test-public-c": {
                    "type": "aws_subnet",
                    "depends_on": [],
                    "primary": {
                        "id": "subnet-0e528a67a34c0608d",
                        "attributes": {
                            "arn": "arn:aws:ec2:ap-southeast-2:377419142249:subnet/subnet-0e528a67a34c0608d",
                            "assign_ipv6_address_on_creation": "false",
                            "availability_zone": "ap-southeast-2c",
                            "cidr_block": "172.32.242.0/24",
                            "default_for_az": "false",
                            "id": "subnet-0e528a67a34c0608d",
                            "map_public_ip_on_launch": "false",
                            "state": "available",
                            "tags.%": "1",
                            "tags.Name": "subnet-public-c",
                            "vpc_id": "vpc-0806ed4fff90ff1fe"
                        },
                        "meta": {},
                        "tainted": false
                    },
                    "deposed": [],
                    "provider": "provider.aws"
                },
                "data.aws_vpc.vpc-cloudops-test": {
                    "type": "aws_vpc",
                    "depends_on": [],
                    "primary": {
                        "id": "vpc-0806ed4fff90ff1fe",
                        "attributes": {
                            "arn": "arn:aws:ec2:ap-southeast-2:377419142249:vpc/vpc-0806ed4fff90ff1fe",
                            "cidr_block": "172.32.240.0/20",
                            "cidr_block_associations.#": "1",
                            "cidr_block_associations.0.association_id": "vpc-cidr-assoc-0ff02eabf6d59490f",
                            "cidr_block_associations.0.cidr_block": "172.32.240.0/20",
                            "cidr_block_associations.0.state": "associated",
                            "default": "false",
                            "dhcp_options_id": "dopt-727bf716",
                            "enable_dns_hostnames": "true",
                            "enable_dns_support": "true",
                            "id": "vpc-0806ed4fff90ff1fe",
                            "instance_tenancy": "default",
                            "main_route_table_id": "rtb-077d08a90281672bd",
                            "state": "available",
                            "tags.%": "1",
                            "tags.Name": "cloudops-sandbox-test-vpc"
                        },
                        "meta": {},
                        "tainted": false
                    },
                    "deposed": [],
                    "provider": "provider.aws"
                }
            },
            "depends_on": []
        }
    ]
}
