{
    "version": 3,
    "terraform_version": "0.11.13",
    "serial": 75,
    "lineage": "30931930-4781-de2c-a429-3a878a5f952e",
    "modules": [
        {
            "path": [
                "root"
            ],
            "outputs": {},
            "resources": {
                "aws_instance.ks-ctl-1": {
                    "type": "aws_instance",
                    "depends_on": [
                        "aws_security_group.ks-ctl-sg",
                        "data.aws_security_group.sg-public-layer",
                        "data.aws_subnet.subnet-cloudops-test-public-a"
                    ],
                    "primary": {
                        "id": "i-0b0d3189e0bf0d9ae",
                        "attributes": {
                            "ami": "ami-0789a5fb42dcccc10",
                            "arn": "arn:aws:ec2:ap-southeast-2:377419142249:instance/i-0b0d3189e0bf0d9ae",
                            "associate_public_ip_address": "true",
                            "availability_zone": "ap-southeast-2a",
                            "cpu_core_count": "1",
                            "cpu_threads_per_core": "1",
                            "credit_specification.#": "1",
                            "credit_specification.0.cpu_credits": "standard",
                            "disable_api_termination": "false",
                            "ebs_block_device.#": "0",
                            "ebs_optimized": "false",
                            "ephemeral_block_device.#": "0",
                            "get_password_data": "false",
                            "iam_instance_profile": "",
                            "id": "i-0b0d3189e0bf0d9ae",
                            "instance_state": "running",
                            "instance_type": "t2.micro",
                            "ipv6_addresses.#": "0",
                            "key_name": "cloudops-sandbox-jeff",
                            "monitoring": "false",
                            "network_interface.#": "0",
                            "network_interface_id": "eni-0a74ef00d5cae1f4f",
                            "password_data": "",
                            "placement_group": "",
                            "primary_network_interface_id": "eni-0a74ef00d5cae1f4f",
                            "private_dns": "ip-192-168-0-121.ap-southeast-2.compute.internal",
                            "private_ip": "192.168.0.121",
                            "public_dns": "ec2-13-238-118-49.ap-southeast-2.compute.amazonaws.com",
                            "public_ip": "13.238.118.49",
                            "root_block_device.#": "1",
                            "root_block_device.0.delete_on_termination": "true",
                            "root_block_device.0.iops": "100",
                            "root_block_device.0.volume_id": "vol-04f5c7be2d8b960ee",
                            "root_block_device.0.volume_size": "8",
                            "root_block_device.0.volume_type": "gp2",
                            "security_groups.#": "0",
                            "source_dest_check": "true",
                            "subnet_id": "subnet-0fef4f8169036078e",
                            "tags.%": "1",
                            "tags.Name": "cloudops-sandbox-test-ctl1",
                            "tenancy": "default",
                            "volume_tags.%": "0",
                            "vpc_security_group_ids.#": "2",
                            "vpc_security_group_ids.1789952002": "sg-0885a150ef9f78ef2",
                            "vpc_security_group_ids.412289910": "sg-04b0be15d253f7a15"
                        },
                        "meta": {
                            "e2bfb730-ecaa-11e6-8f88-34363bc7c4c0": {
                                "create": 600000000000,
                                "delete": 1200000000000,
                                "update": 600000000000
                            },
                            "schema_version": "1"
                        },
                        "tainted": false
                    },
                    "deposed": [],
                    "provider": "provider.aws"
                },
                "aws_instance.ks-ctl-2": {
                    "type": "aws_instance",
                    "depends_on": [
                        "aws_security_group.ks-ctl-sg",
                        "data.aws_security_group.sg-public-layer",
                        "data.aws_subnet.subnet-cloudops-test-public-b"
                    ],
                    "primary": {
                        "id": "i-06dcd913c9ba85ec7",
                        "attributes": {
                            "ami": "ami-0789a5fb42dcccc10",
                            "arn": "arn:aws:ec2:ap-southeast-2:377419142249:instance/i-06dcd913c9ba85ec7",
                            "associate_public_ip_address": "true",
                            "availability_zone": "ap-southeast-2b",
                            "cpu_core_count": "1",
                            "cpu_threads_per_core": "1",
                            "credit_specification.#": "1",
                            "credit_specification.0.cpu_credits": "standard",
                            "disable_api_termination": "false",
                            "ebs_block_device.#": "0",
                            "ebs_optimized": "false",
                            "ephemeral_block_device.#": "0",
                            "get_password_data": "false",
                            "iam_instance_profile": "",
                            "id": "i-06dcd913c9ba85ec7",
                            "instance_state": "running",
                            "instance_type": "t2.micro",
                            "ipv6_addresses.#": "0",
                            "key_name": "cloudops-sandbox-jeff",
                            "monitoring": "false",
                            "network_interface.#": "0",
                            "network_interface_id": "eni-0b7a309a6d74f6722",
                            "password_data": "",
                            "placement_group": "",
                            "primary_network_interface_id": "eni-0b7a309a6d74f6722",
                            "private_dns": "ip-192-168-0-181.ap-southeast-2.compute.internal",
                            "private_ip": "192.168.0.181",
                            "public_dns": "ec2-13-239-27-255.ap-southeast-2.compute.amazonaws.com",
                            "public_ip": "13.239.27.255",
                            "root_block_device.#": "1",
                            "root_block_device.0.delete_on_termination": "true",
                            "root_block_device.0.iops": "100",
                            "root_block_device.0.volume_id": "vol-0c9241bcdd5df78a3",
                            "root_block_device.0.volume_size": "8",
                            "root_block_device.0.volume_type": "gp2",
                            "security_groups.#": "0",
                            "source_dest_check": "true",
                            "subnet_id": "subnet-04e91af5caebca424",
                            "tags.%": "1",
                            "tags.Name": "cloudops-sandbox-test-ctl2",
                            "tenancy": "default",
                            "volume_tags.%": "0",
                            "vpc_security_group_ids.#": "2",
                            "vpc_security_group_ids.1789952002": "sg-0885a150ef9f78ef2",
                            "vpc_security_group_ids.412289910": "sg-04b0be15d253f7a15"
                        },
                        "meta": {
                            "e2bfb730-ecaa-11e6-8f88-34363bc7c4c0": {
                                "create": 600000000000,
                                "delete": 1200000000000,
                                "update": 600000000000
                            },
                            "schema_version": "1"
                        },
                        "tainted": false
                    },
                    "deposed": [],
                    "provider": "provider.aws"
                },
                "aws_instance.ks-lb-1": {
                    "type": "aws_instance",
                    "depends_on": [
                        "aws_security_group.ks-lb-sg",
                        "data.aws_security_group.sg-public-layer",
                        "data.aws_subnet.subnet-cloudops-test-public-a"
                    ],
                    "primary": {
                        "id": "i-060437be996797898",
                        "attributes": {
                            "ami": "ami-0789a5fb42dcccc10",
                            "arn": "arn:aws:ec2:ap-southeast-2:377419142249:instance/i-060437be996797898",
                            "associate_public_ip_address": "true",
                            "availability_zone": "ap-southeast-2a",
                            "cpu_core_count": "1",
                            "cpu_threads_per_core": "1",
                            "credit_specification.#": "1",
                            "credit_specification.0.cpu_credits": "standard",
                            "disable_api_termination": "false",
                            "ebs_block_device.#": "0",
                            "ebs_optimized": "false",
                            "ephemeral_block_device.#": "0",
                            "get_password_data": "false",
                            "iam_instance_profile": "",
                            "id": "i-060437be996797898",
                            "instance_state": "running",
                            "instance_type": "t2.micro",
                            "ipv6_addresses.#": "0",
                            "key_name": "cloudops-sandbox-jeff",
                            "monitoring": "false",
                            "network_interface.#": "0",
                            "network_interface_id": "eni-0c4c33b7093db1438",
                            "password_data": "",
                            "placement_group": "",
                            "primary_network_interface_id": "eni-0c4c33b7093db1438",
                            "private_dns": "ip-192-168-0-103.ap-southeast-2.compute.internal",
                            "private_ip": "192.168.0.103",
                            "public_dns": "ec2-52-65-9-41.ap-southeast-2.compute.amazonaws.com",
                            "public_ip": "52.65.9.41",
                            "root_block_device.#": "1",
                            "root_block_device.0.delete_on_termination": "true",
                            "root_block_device.0.iops": "100",
                            "root_block_device.0.volume_id": "vol-082a9211ae8d9e37e",
                            "root_block_device.0.volume_size": "8",
                            "root_block_device.0.volume_type": "gp2",
                            "security_groups.#": "0",
                            "source_dest_check": "true",
                            "subnet_id": "subnet-0fef4f8169036078e",
                            "tags.%": "1",
                            "tags.Name": "cloudops-sandbox-test-lb",
                            "tenancy": "default",
                            "volume_tags.%": "0",
                            "vpc_security_group_ids.#": "2",
                            "vpc_security_group_ids.1037672895": "sg-0bda657228b8ce60d",
                            "vpc_security_group_ids.1789952002": "sg-0885a150ef9f78ef2"
                        },
                        "meta": {
                            "e2bfb730-ecaa-11e6-8f88-34363bc7c4c0": {
                                "create": 600000000000,
                                "delete": 1200000000000,
                                "update": 600000000000
                            },
                            "schema_version": "1"
                        },
                        "tainted": false
                    },
                    "deposed": [],
                    "provider": "provider.aws"
                },
                "aws_instance.ks-wk-1": {
                    "type": "aws_instance",
                    "depends_on": [
                        "aws_security_group.ks-wk-sg",
                        "data.aws_security_group.sg-public-layer",
                        "data.aws_subnet.subnet-cloudops-test-public-a"
                    ],
                    "primary": {
                        "id": "i-0fc48818c767e8254",
                        "attributes": {
                            "ami": "ami-0789a5fb42dcccc10",
                            "arn": "arn:aws:ec2:ap-southeast-2:377419142249:instance/i-0fc48818c767e8254",
                            "associate_public_ip_address": "true",
                            "availability_zone": "ap-southeast-2a",
                            "cpu_core_count": "1",
                            "cpu_threads_per_core": "1",
                            "credit_specification.#": "1",
                            "credit_specification.0.cpu_credits": "standard",
                            "disable_api_termination": "false",
                            "ebs_block_device.#": "0",
                            "ebs_optimized": "false",
                            "ephemeral_block_device.#": "0",
                            "get_password_data": "false",
                            "iam_instance_profile": "",
                            "id": "i-0fc48818c767e8254",
                            "instance_state": "running",
                            "instance_type": "t2.micro",
                            "ipv6_addresses.#": "0",
                            "key_name": "cloudops-sandbox-jeff",
                            "monitoring": "false",
                            "network_interface.#": "0",
                            "network_interface_id": "eni-0fc0ae9fe03eae7cb",
                            "password_data": "",
                            "placement_group": "",
                            "primary_network_interface_id": "eni-0fc0ae9fe03eae7cb",
                            "private_dns": "ip-192-168-0-72.ap-southeast-2.compute.internal",
                            "private_ip": "192.168.0.72",
                            "public_dns": "ec2-13-238-253-100.ap-southeast-2.compute.amazonaws.com",
                            "public_ip": "13.238.253.100",
                            "root_block_device.#": "1",
                            "root_block_device.0.delete_on_termination": "true",
                            "root_block_device.0.iops": "100",
                            "root_block_device.0.volume_id": "vol-0029fe74ce8a89170",
                            "root_block_device.0.volume_size": "8",
                            "root_block_device.0.volume_type": "gp2",
                            "security_groups.#": "0",
                            "source_dest_check": "true",
                            "subnet_id": "subnet-0fef4f8169036078e",
                            "tags.%": "1",
                            "tags.Name": "cloudops-sandbox-test-wk1",
                            "tenancy": "default",
                            "volume_tags.%": "0",
                            "vpc_security_group_ids.#": "2",
                            "vpc_security_group_ids.1789952002": "sg-0885a150ef9f78ef2",
                            "vpc_security_group_ids.2949416628": "sg-0fd8c688bbdb4b069"
                        },
                        "meta": {
                            "e2bfb730-ecaa-11e6-8f88-34363bc7c4c0": {
                                "create": 600000000000,
                                "delete": 1200000000000,
                                "update": 600000000000
                            },
                            "schema_version": "1"
                        },
                        "tainted": false
                    },
                    "deposed": [],
                    "provider": "provider.aws"
                },
                "aws_instance.ks-wk-2": {
                    "type": "aws_instance",
                    "depends_on": [
                        "aws_security_group.ks-wk-sg",
                        "data.aws_security_group.sg-public-layer",
                        "data.aws_subnet.subnet-cloudops-test-public-b"
                    ],
                    "primary": {
                        "id": "i-043a97743db49accf",
                        "attributes": {
                            "ami": "ami-0789a5fb42dcccc10",
                            "arn": "arn:aws:ec2:ap-southeast-2:377419142249:instance/i-043a97743db49accf",
                            "associate_public_ip_address": "true",
                            "availability_zone": "ap-southeast-2b",
                            "cpu_core_count": "1",
                            "cpu_threads_per_core": "1",
                            "credit_specification.#": "1",
                            "credit_specification.0.cpu_credits": "standard",
                            "disable_api_termination": "false",
                            "ebs_block_device.#": "0",
                            "ebs_optimized": "false",
                            "ephemeral_block_device.#": "0",
                            "get_password_data": "false",
                            "iam_instance_profile": "",
                            "id": "i-043a97743db49accf",
                            "instance_state": "running",
                            "instance_type": "t2.micro",
                            "ipv6_addresses.#": "0",
                            "key_name": "cloudops-sandbox-jeff",
                            "monitoring": "false",
                            "network_interface.#": "0",
                            "network_interface_id": "eni-07015fdda22a5374c",
                            "password_data": "",
                            "placement_group": "",
                            "primary_network_interface_id": "eni-07015fdda22a5374c",
                            "private_dns": "ip-192-168-0-217.ap-southeast-2.compute.internal",
                            "private_ip": "192.168.0.217",
                            "public_dns": "ec2-13-211-139-238.ap-southeast-2.compute.amazonaws.com",
                            "public_ip": "13.211.139.238",
                            "root_block_device.#": "1",
                            "root_block_device.0.delete_on_termination": "true",
                            "root_block_device.0.iops": "100",
                            "root_block_device.0.volume_id": "vol-024f88f71c9cd9842",
                            "root_block_device.0.volume_size": "8",
                            "root_block_device.0.volume_type": "gp2",
                            "security_groups.#": "0",
                            "source_dest_check": "true",
                            "subnet_id": "subnet-04e91af5caebca424",
                            "tags.%": "1",
                            "tags.Name": "cloudops-sandbox-test-wk2",
                            "tenancy": "default",
                            "volume_tags.%": "0",
                            "vpc_security_group_ids.#": "2",
                            "vpc_security_group_ids.1789952002": "sg-0885a150ef9f78ef2",
                            "vpc_security_group_ids.2949416628": "sg-0fd8c688bbdb4b069"
                        },
                        "meta": {
                            "e2bfb730-ecaa-11e6-8f88-34363bc7c4c0": {
                                "create": 600000000000,
                                "delete": 1200000000000,
                                "update": 600000000000
                            },
                            "schema_version": "1"
                        },
                        "tainted": false
                    },
                    "deposed": [],
                    "provider": "provider.aws"
                },
                "aws_security_group.ks-ctl-sg": {
                    "type": "aws_security_group",
                    "depends_on": [
                        "aws_security_group.ks-lb-sg",
                        "data.aws_vpc.vpc-cloudops-test"
                    ],
                    "primary": {
                        "id": "sg-04b0be15d253f7a15",
                        "attributes": {
                            "arn": "arn:aws:ec2:ap-southeast-2:377419142249:security-group/sg-04b0be15d253f7a15",
                            "description": "K8s ctl sg",
                            "egress.#": "0",
                            "id": "sg-04b0be15d253f7a15",
                            "ingress.#": "4",
                            "ingress.1431068065.cidr_blocks.#": "0",
                            "ingress.1431068065.description": "",
                            "ingress.1431068065.from_port": "2379",
                            "ingress.1431068065.ipv6_cidr_blocks.#": "0",
                            "ingress.1431068065.prefix_list_ids.#": "0",
                            "ingress.1431068065.protocol": "tcp",
                            "ingress.1431068065.security_groups.#": "0",
                            "ingress.1431068065.self": "true",
                            "ingress.1431068065.to_port": "2380",
                            "ingress.2016677121.cidr_blocks.#": "0",
                            "ingress.2016677121.description": "",
                            "ingress.2016677121.from_port": "443",
                            "ingress.2016677121.ipv6_cidr_blocks.#": "0",
                            "ingress.2016677121.prefix_list_ids.#": "0",
                            "ingress.2016677121.protocol": "tcp",
                            "ingress.2016677121.security_groups.#": "1",
                            "ingress.2016677121.security_groups.1037672895": "sg-0bda657228b8ce60d",
                            "ingress.2016677121.self": "false",
                            "ingress.2016677121.to_port": "443",
                            "ingress.2606941081.cidr_blocks.#": "0",
                            "ingress.2606941081.description": "",
                            "ingress.2606941081.from_port": "6443",
                            "ingress.2606941081.ipv6_cidr_blocks.#": "0",
                            "ingress.2606941081.prefix_list_ids.#": "0",
                            "ingress.2606941081.protocol": "tcp",
                            "ingress.2606941081.security_groups.#": "1",
                            "ingress.2606941081.security_groups.1037672895": "sg-0bda657228b8ce60d",
                            "ingress.2606941081.self": "false",
                            "ingress.2606941081.to_port": "6443",
                            "ingress.4057330931.cidr_blocks.#": "0",
                            "ingress.4057330931.description": "",
                            "ingress.4057330931.from_port": "80",
                            "ingress.4057330931.ipv6_cidr_blocks.#": "0",
                            "ingress.4057330931.prefix_list_ids.#": "0",
                            "ingress.4057330931.protocol": "tcp",
                            "ingress.4057330931.security_groups.#": "1",
                            "ingress.4057330931.security_groups.1037672895": "sg-0bda657228b8ce60d",
                            "ingress.4057330931.self": "false",
                            "ingress.4057330931.to_port": "80",
                            "name": "ks-ctl-sg",
                            "owner_id": "377419142249",
                            "revoke_rules_on_delete": "false",
                            "tags.%": "0",
                            "vpc_id": "vpc-04c8d750a715663f4"
                        },
                        "meta": {
                            "e2bfb730-ecaa-11e6-8f88-34363bc7c4c0": {
                                "create": 600000000000,
                                "delete": 600000000000
                            },
                            "schema_version": "1"
                        },
                        "tainted": false
                    },
                    "deposed": [],
                    "provider": "provider.aws"
                },
                "aws_security_group.ks-lb-sg": {
                    "type": "aws_security_group",
                    "depends_on": [
                        "data.aws_vpc.vpc-cloudops-test"
                    ],
                    "primary": {
                        "id": "sg-0bda657228b8ce60d",
                        "attributes": {
                            "arn": "arn:aws:ec2:ap-southeast-2:377419142249:security-group/sg-0bda657228b8ce60d",
                            "description": "K8s lb sg",
                            "egress.#": "0",
                            "id": "sg-0bda657228b8ce60d",
                            "ingress.#": "2",
                            "ingress.1463360607.cidr_blocks.#": "1",
                            "ingress.1463360607.cidr_blocks.0": "0.0.0.0/0",
                            "ingress.1463360607.description": "",
                            "ingress.1463360607.from_port": "6443",
                            "ingress.1463360607.ipv6_cidr_blocks.#": "0",
                            "ingress.1463360607.prefix_list_ids.#": "0",
                            "ingress.1463360607.protocol": "tcp",
                            "ingress.1463360607.security_groups.#": "0",
                            "ingress.1463360607.self": "false",
                            "ingress.1463360607.to_port": "6443",
                            "ingress.2617001939.cidr_blocks.#": "1",
                            "ingress.2617001939.cidr_blocks.0": "0.0.0.0/0",
                            "ingress.2617001939.description": "",
                            "ingress.2617001939.from_port": "443",
                            "ingress.2617001939.ipv6_cidr_blocks.#": "0",
                            "ingress.2617001939.prefix_list_ids.#": "0",
                            "ingress.2617001939.protocol": "tcp",
                            "ingress.2617001939.security_groups.#": "0",
                            "ingress.2617001939.self": "false",
                            "ingress.2617001939.to_port": "443",
                            "name": "ks-lb-sg",
                            "owner_id": "377419142249",
                            "revoke_rules_on_delete": "false",
                            "tags.%": "0",
                            "vpc_id": "vpc-04c8d750a715663f4"
                        },
                        "meta": {
                            "e2bfb730-ecaa-11e6-8f88-34363bc7c4c0": {
                                "create": 600000000000,
                                "delete": 600000000000
                            },
                            "schema_version": "1"
                        },
                        "tainted": false
                    },
                    "deposed": [],
                    "provider": "provider.aws"
                },
                "aws_security_group.ks-wk-sg": {
                    "type": "aws_security_group",
                    "depends_on": [
                        "aws_security_group.ks-lb-sg",
                        "data.aws_vpc.vpc-cloudops-test"
                    ],
                    "primary": {
                        "id": "sg-0fd8c688bbdb4b069",
                        "attributes": {
                            "arn": "arn:aws:ec2:ap-southeast-2:377419142249:security-group/sg-0fd8c688bbdb4b069",
                            "description": "K8s wk sg",
                            "egress.#": "0",
                            "id": "sg-0fd8c688bbdb4b069",
                            "ingress.#": "3",
                            "ingress.2016677121.cidr_blocks.#": "0",
                            "ingress.2016677121.description": "",
                            "ingress.2016677121.from_port": "443",
                            "ingress.2016677121.ipv6_cidr_blocks.#": "0",
                            "ingress.2016677121.prefix_list_ids.#": "0",
                            "ingress.2016677121.protocol": "tcp",
                            "ingress.2016677121.security_groups.#": "1",
                            "ingress.2016677121.security_groups.1037672895": "sg-0bda657228b8ce60d",
                            "ingress.2016677121.self": "false",
                            "ingress.2016677121.to_port": "443",
                            "ingress.2606941081.cidr_blocks.#": "0",
                            "ingress.2606941081.description": "",
                            "ingress.2606941081.from_port": "6443",
                            "ingress.2606941081.ipv6_cidr_blocks.#": "0",
                            "ingress.2606941081.prefix_list_ids.#": "0",
                            "ingress.2606941081.protocol": "tcp",
                            "ingress.2606941081.security_groups.#": "1",
                            "ingress.2606941081.security_groups.1037672895": "sg-0bda657228b8ce60d",
                            "ingress.2606941081.self": "false",
                            "ingress.2606941081.to_port": "6443",
                            "ingress.4057330931.cidr_blocks.#": "0",
                            "ingress.4057330931.description": "",
                            "ingress.4057330931.from_port": "80",
                            "ingress.4057330931.ipv6_cidr_blocks.#": "0",
                            "ingress.4057330931.prefix_list_ids.#": "0",
                            "ingress.4057330931.protocol": "tcp",
                            "ingress.4057330931.security_groups.#": "1",
                            "ingress.4057330931.security_groups.1037672895": "sg-0bda657228b8ce60d",
                            "ingress.4057330931.self": "false",
                            "ingress.4057330931.to_port": "80",
                            "name": "ks-wk-sg",
                            "owner_id": "377419142249",
                            "revoke_rules_on_delete": "false",
                            "tags.%": "0",
                            "vpc_id": "vpc-04c8d750a715663f4"
                        },
                        "meta": {
                            "e2bfb730-ecaa-11e6-8f88-34363bc7c4c0": {
                                "create": 600000000000,
                                "delete": 600000000000
                            },
                            "schema_version": "1"
                        },
                        "tainted": false
                    },
                    "deposed": [],
                    "provider": "provider.aws"
                },
                "data.aws_security_group.sg-private-layer": {
                    "type": "aws_security_group",
                    "depends_on": [],
                    "primary": {
                        "id": "sg-09a0f1fa2cf71eef5",
                        "attributes": {
                            "arn": "arn:aws:ec2:ap-southeast-2:377419142249:security-group/sg-09a0f1fa2cf71eef5",
                            "description": "Managed by Terraform",
                            "id": "sg-09a0f1fa2cf71eef5",
                            "name": "private-layer",
                            "tags.%": "0",
                            "vpc_id": "vpc-04c8d750a715663f4"
                        },
                        "meta": {},
                        "tainted": false
                    },
                    "deposed": [],
                    "provider": "provider.aws"
                },
                "data.aws_security_group.sg-protected-layer": {
                    "type": "aws_security_group",
                    "depends_on": [],
                    "primary": {
                        "id": "sg-0de32efb23134c50d",
                        "attributes": {
                            "arn": "arn:aws:ec2:ap-southeast-2:377419142249:security-group/sg-0de32efb23134c50d",
                            "description": "Managed by Terraform",
                            "id": "sg-0de32efb23134c50d",
                            "name": "protected-layer",
                            "tags.%": "0",
                            "vpc_id": "vpc-04c8d750a715663f4"
                        },
                        "meta": {},
                        "tainted": false
                    },
                    "deposed": [],
                    "provider": "provider.aws"
                },
                "data.aws_security_group.sg-public-layer": {
                    "type": "aws_security_group",
                    "depends_on": [],
                    "primary": {
                        "id": "sg-0885a150ef9f78ef2",
                        "attributes": {
                            "arn": "arn:aws:ec2:ap-southeast-2:377419142249:security-group/sg-0885a150ef9f78ef2",
                            "description": "Managed by Terraform",
                            "id": "sg-0885a150ef9f78ef2",
                            "name": "public-layer",
                            "tags.%": "0",
                            "vpc_id": "vpc-04c8d750a715663f4"
                        },
                        "meta": {},
                        "tainted": false
                    },
                    "deposed": [],
                    "provider": "provider.aws"
                },
                "data.aws_subnet.subnet-cloudops-test-private-a": {
                    "type": "aws_subnet",
                    "depends_on": [],
                    "primary": {
                        "id": "subnet-0a8a481d62db894c4",
                        "attributes": {
                            "arn": "arn:aws:ec2:ap-southeast-2:377419142249:subnet/subnet-0a8a481d62db894c4",
                            "assign_ipv6_address_on_creation": "false",
                            "availability_zone": "ap-southeast-2a",
                            "cidr_block": "192.168.4.0/25",
                            "default_for_az": "false",
                            "id": "subnet-0a8a481d62db894c4",
                            "map_public_ip_on_launch": "false",
                            "state": "available",
                            "tags.%": "1",
                            "tags.Name": "subnet-private-a",
                            "vpc_id": "vpc-04c8d750a715663f4"
                        },
                        "meta": {},
                        "tainted": false
                    },
                    "deposed": [],
                    "provider": "provider.aws"
                },
                "data.aws_subnet.subnet-cloudops-test-private-b": {
                    "type": "aws_subnet",
                    "depends_on": [],
                    "primary": {
                        "id": "subnet-05f8a33b0e9f11ad3",
                        "attributes": {
                            "arn": "arn:aws:ec2:ap-southeast-2:377419142249:subnet/subnet-05f8a33b0e9f11ad3",
                            "assign_ipv6_address_on_creation": "false",
                            "availability_zone": "ap-southeast-2b",
                            "cidr_block": "192.168.4.128/25",
                            "default_for_az": "false",
                            "id": "subnet-05f8a33b0e9f11ad3",
                            "map_public_ip_on_launch": "false",
                            "state": "available",
                            "tags.%": "1",
                            "tags.Name": "subnet-private-b",
                            "vpc_id": "vpc-04c8d750a715663f4"
                        },
                        "meta": {},
                        "tainted": false
                    },
                    "deposed": [],
                    "provider": "provider.aws"
                },
                "data.aws_subnet.subnet-cloudops-test-private-c": {
                    "type": "aws_subnet",
                    "depends_on": [],
                    "primary": {
                        "id": "subnet-0af958e5bea4cdbd7",
                        "attributes": {
                            "arn": "arn:aws:ec2:ap-southeast-2:377419142249:subnet/subnet-0af958e5bea4cdbd7",
                            "assign_ipv6_address_on_creation": "false",
                            "availability_zone": "ap-southeast-2c",
                            "cidr_block": "192.168.5.0/25",
                            "default_for_az": "false",
                            "id": "subnet-0af958e5bea4cdbd7",
                            "map_public_ip_on_launch": "false",
                            "state": "available",
                            "tags.%": "1",
                            "tags.Name": "subnet-private-c",
                            "vpc_id": "vpc-04c8d750a715663f4"
                        },
                        "meta": {},
                        "tainted": false
                    },
                    "deposed": [],
                    "provider": "provider.aws"
                },
                "data.aws_subnet.subnet-cloudops-test-protected-a": {
                    "type": "aws_subnet",
                    "depends_on": [],
                    "primary": {
                        "id": "subnet-05b2b2ce5a8e3ffc2",
                        "attributes": {
                            "arn": "arn:aws:ec2:ap-southeast-2:377419142249:subnet/subnet-05b2b2ce5a8e3ffc2",
                            "assign_ipv6_address_on_creation": "false",
                            "availability_zone": "ap-southeast-2a",
                            "cidr_block": "192.168.2.0/25",
                            "default_for_az": "false",
                            "id": "subnet-05b2b2ce5a8e3ffc2",
                            "map_public_ip_on_launch": "false",
                            "state": "available",
                            "tags.%": "1",
                            "tags.Name": "subnet-protected-a",
                            "vpc_id": "vpc-04c8d750a715663f4"
                        },
                        "meta": {},
                        "tainted": false
                    },
                    "deposed": [],
                    "provider": "provider.aws"
                },
                "data.aws_subnet.subnet-cloudops-test-protected-b": {
                    "type": "aws_subnet",
                    "depends_on": [],
                    "primary": {
                        "id": "subnet-0c620358ac547c089",
                        "attributes": {
                            "arn": "arn:aws:ec2:ap-southeast-2:377419142249:subnet/subnet-0c620358ac547c089",
                            "assign_ipv6_address_on_creation": "false",
                            "availability_zone": "ap-southeast-2b",
                            "cidr_block": "192.168.2.128/25",
                            "default_for_az": "false",
                            "id": "subnet-0c620358ac547c089",
                            "map_public_ip_on_launch": "false",
                            "state": "available",
                            "tags.%": "1",
                            "tags.Name": "subnet-protected-b",
                            "vpc_id": "vpc-04c8d750a715663f4"
                        },
                        "meta": {},
                        "tainted": false
                    },
                    "deposed": [],
                    "provider": "provider.aws"
                },
                "data.aws_subnet.subnet-cloudops-test-protected-c": {
                    "type": "aws_subnet",
                    "depends_on": [],
                    "primary": {
                        "id": "subnet-0f0eb6b9b364fea63",
                        "attributes": {
                            "arn": "arn:aws:ec2:ap-southeast-2:377419142249:subnet/subnet-0f0eb6b9b364fea63",
                            "assign_ipv6_address_on_creation": "false",
                            "availability_zone": "ap-southeast-2c",
                            "cidr_block": "192.168.3.0/25",
                            "default_for_az": "false",
                            "id": "subnet-0f0eb6b9b364fea63",
                            "map_public_ip_on_launch": "false",
                            "state": "available",
                            "tags.%": "1",
                            "tags.Name": "subnet-protected-c",
                            "vpc_id": "vpc-04c8d750a715663f4"
                        },
                        "meta": {},
                        "tainted": false
                    },
                    "deposed": [],
                    "provider": "provider.aws"
                },
                "data.aws_subnet.subnet-cloudops-test-public-a": {
                    "type": "aws_subnet",
                    "depends_on": [],
                    "primary": {
                        "id": "subnet-0fef4f8169036078e",
                        "attributes": {
                            "arn": "arn:aws:ec2:ap-southeast-2:377419142249:subnet/subnet-0fef4f8169036078e",
                            "assign_ipv6_address_on_creation": "false",
                            "availability_zone": "ap-southeast-2a",
                            "cidr_block": "192.168.0.0/25",
                            "default_for_az": "false",
                            "id": "subnet-0fef4f8169036078e",
                            "map_public_ip_on_launch": "false",
                            "state": "available",
                            "tags.%": "1",
                            "tags.Name": "subnet-public-a",
                            "vpc_id": "vpc-04c8d750a715663f4"
                        },
                        "meta": {},
                        "tainted": false
                    },
                    "deposed": [],
                    "provider": "provider.aws"
                },
                "data.aws_subnet.subnet-cloudops-test-public-b": {
                    "type": "aws_subnet",
                    "depends_on": [],
                    "primary": {
                        "id": "subnet-04e91af5caebca424",
                        "attributes": {
                            "arn": "arn:aws:ec2:ap-southeast-2:377419142249:subnet/subnet-04e91af5caebca424",
                            "assign_ipv6_address_on_creation": "false",
                            "availability_zone": "ap-southeast-2b",
                            "cidr_block": "192.168.0.128/25",
                            "default_for_az": "false",
                            "id": "subnet-04e91af5caebca424",
                            "map_public_ip_on_launch": "false",
                            "state": "available",
                            "tags.%": "1",
                            "tags.Name": "subnet-public-b",
                            "vpc_id": "vpc-04c8d750a715663f4"
                        },
                        "meta": {},
                        "tainted": false
                    },
                    "deposed": [],
                    "provider": "provider.aws"
                },
                "data.aws_subnet.subnet-cloudops-test-public-c": {
                    "type": "aws_subnet",
                    "depends_on": [],
                    "primary": {
                        "id": "subnet-00a8a8de7902f6345",
                        "attributes": {
                            "arn": "arn:aws:ec2:ap-southeast-2:377419142249:subnet/subnet-00a8a8de7902f6345",
                            "assign_ipv6_address_on_creation": "false",
                            "availability_zone": "ap-southeast-2c",
                            "cidr_block": "192.168.1.0/25",
                            "default_for_az": "false",
                            "id": "subnet-00a8a8de7902f6345",
                            "map_public_ip_on_launch": "false",
                            "state": "available",
                            "tags.%": "1",
                            "tags.Name": "subnet-public-c",
                            "vpc_id": "vpc-04c8d750a715663f4"
                        },
                        "meta": {},
                        "tainted": false
                    },
                    "deposed": [],
                    "provider": "provider.aws"
                },
                "data.aws_vpc.vpc-cloudops-test": {
                    "type": "aws_vpc",
                    "depends_on": [],
                    "primary": {
                        "id": "vpc-04c8d750a715663f4",
                        "attributes": {
                            "arn": "arn:aws:ec2:ap-southeast-2:377419142249:vpc/vpc-04c8d750a715663f4",
                            "cidr_block": "192.168.0.0/21",
                            "cidr_block_associations.#": "1",
                            "cidr_block_associations.0.association_id": "vpc-cidr-assoc-037e1d5999ae99284",
                            "cidr_block_associations.0.cidr_block": "192.168.0.0/21",
                            "cidr_block_associations.0.state": "associated",
                            "default": "false",
                            "dhcp_options_id": "dopt-727bf716",
                            "enable_dns_hostnames": "true",
                            "enable_dns_support": "true",
                            "id": "vpc-04c8d750a715663f4",
                            "instance_tenancy": "default",
                            "main_route_table_id": "rtb-0a90b0f7d2798ecbc",
                            "state": "available",
                            "tags.%": "1",
                            "tags.Name": "cloudops-sandbox-test-vpc"
                        },
                        "meta": {},
                        "tainted": false
                    },
                    "deposed": [],
                    "provider": "provider.aws"
                }
            },
            "depends_on": []
        }
    ]
}
