{
    "version": 3,
    "terraform_version": "0.11.10",
    "serial": 26,
    "lineage": "6d0d1d91-e183-be4b-6c40-a15570f094bb",
    "modules": [
        {
            "path": [
                "root"
            ],
            "outputs": {},
            "resources": {
                "aws_route.route-nat-gw-private": {
                    "type": "aws_route",
                    "depends_on": [
                        "module.nat-gw-cloudops-test-private",
                        "module.route-table-cloudops-test-private"
                    ],
                    "primary": {
                        "id": "r-rtb-0d025fae2b95e0cab1080289494",
                        "attributes": {
                            "destination_cidr_block": "0.0.0.0/0",
                            "destination_prefix_list_id": "",
                            "egress_only_gateway_id": "",
                            "gateway_id": "",
                            "id": "r-rtb-0d025fae2b95e0cab1080289494",
                            "instance_id": "",
                            "instance_owner_id": "",
                            "nat_gateway_id": "nat-0a6b69aaa240f05ec",
                            "network_interface_id": "",
                            "origin": "CreateRoute",
                            "route_table_id": "rtb-0d025fae2b95e0cab",
                            "state": "active",
                            "transit_gateway_id": "",
                            "vpc_peering_connection_id": ""
                        },
                        "meta": {
                            "e2bfb730-ecaa-11e6-8f88-34363bc7c4c0": {
                                "create": 120000000000,
                                "delete": 300000000000
                            }
                        },
                        "tainted": false
                    },
                    "deposed": [],
                    "provider": "provider.aws"
                },
                "aws_route.route-nat-gw-protected": {
                    "type": "aws_route",
                    "depends_on": [
                        "module.nat-gw-cloudops-test-protected",
                        "module.route-table-cloudops-test-protected"
                    ],
                    "primary": {
                        "id": "r-rtb-0d8d167bfdb8350861080289494",
                        "attributes": {
                            "destination_cidr_block": "0.0.0.0/0",
                            "destination_prefix_list_id": "",
                            "egress_only_gateway_id": "",
                            "gateway_id": "",
                            "id": "r-rtb-0d8d167bfdb8350861080289494",
                            "instance_id": "",
                            "instance_owner_id": "",
                            "nat_gateway_id": "nat-0fba223fef2e3aed7",
                            "network_interface_id": "",
                            "origin": "CreateRoute",
                            "route_table_id": "rtb-0d8d167bfdb835086",
                            "state": "active",
                            "transit_gateway_id": "",
                            "vpc_peering_connection_id": ""
                        },
                        "meta": {
                            "e2bfb730-ecaa-11e6-8f88-34363bc7c4c0": {
                                "create": 120000000000,
                                "delete": 300000000000
                            }
                        },
                        "tainted": false
                    },
                    "deposed": [],
                    "provider": "provider.aws"
                },
                "aws_route_table_association.rtb-association-subnet-private-a": {
                    "type": "aws_route_table_association",
                    "depends_on": [
                        "module.route-table-cloudops-test-private",
                        "module.subnet-cloudops-test-private-a"
                    ],
                    "primary": {
                        "id": "rtbassoc-0a6be41ca6e7ee55b",
                        "attributes": {
                            "id": "rtbassoc-0a6be41ca6e7ee55b",
                            "route_table_id": "rtb-0d025fae2b95e0cab",
                            "subnet_id": "subnet-037a3cf0cface7ad6"
                        },
                        "meta": {},
                        "tainted": false
                    },
                    "deposed": [],
                    "provider": "provider.aws"
                },
                "aws_route_table_association.rtb-association-subnet-private-b": {
                    "type": "aws_route_table_association",
                    "depends_on": [
                        "module.route-table-cloudops-test-private",
                        "module.subnet-cloudops-test-private-b"
                    ],
                    "primary": {
                        "id": "rtbassoc-073031c2cae5c2b59",
                        "attributes": {
                            "id": "rtbassoc-073031c2cae5c2b59",
                            "route_table_id": "rtb-0d025fae2b95e0cab",
                            "subnet_id": "subnet-0c19f6d0ef42c921c"
                        },
                        "meta": {},
                        "tainted": false
                    },
                    "deposed": [],
                    "provider": "provider.aws"
                },
                "aws_route_table_association.rtb-association-subnet-private-c": {
                    "type": "aws_route_table_association",
                    "depends_on": [
                        "module.route-table-cloudops-test-private",
                        "module.subnet-cloudops-test-private-c"
                    ],
                    "primary": {
                        "id": "rtbassoc-0eb39db46e9d2bf55",
                        "attributes": {
                            "id": "rtbassoc-0eb39db46e9d2bf55",
                            "route_table_id": "rtb-0d025fae2b95e0cab",
                            "subnet_id": "subnet-0a6183a624ef03f0e"
                        },
                        "meta": {},
                        "tainted": false
                    },
                    "deposed": [],
                    "provider": "provider.aws"
                },
                "aws_route_table_association.rtb-association-subnet-protected-a": {
                    "type": "aws_route_table_association",
                    "depends_on": [
                        "module.route-table-cloudops-test-protected",
                        "module.subnet-cloudops-test-protected-a"
                    ],
                    "primary": {
                        "id": "rtbassoc-0875c7985a06c2bf3",
                        "attributes": {
                            "id": "rtbassoc-0875c7985a06c2bf3",
                            "route_table_id": "rtb-0d8d167bfdb835086",
                            "subnet_id": "subnet-0905e2c80d43618ef"
                        },
                        "meta": {},
                        "tainted": false
                    },
                    "deposed": [],
                    "provider": "provider.aws"
                },
                "aws_route_table_association.rtb-association-subnet-protected-b": {
                    "type": "aws_route_table_association",
                    "depends_on": [
                        "module.route-table-cloudops-test-protected",
                        "module.subnet-cloudops-test-protected-b"
                    ],
                    "primary": {
                        "id": "rtbassoc-0f101c0e5c41b386b",
                        "attributes": {
                            "id": "rtbassoc-0f101c0e5c41b386b",
                            "route_table_id": "rtb-0d8d167bfdb835086",
                            "subnet_id": "subnet-051bd5e4096e1a0eb"
                        },
                        "meta": {},
                        "tainted": false
                    },
                    "deposed": [],
                    "provider": "provider.aws"
                },
                "aws_route_table_association.rtb-association-subnet-protected-c": {
                    "type": "aws_route_table_association",
                    "depends_on": [
                        "module.route-table-cloudops-test-protected",
                        "module.subnet-cloudops-test-protected-c"
                    ],
                    "primary": {
                        "id": "rtbassoc-05232d62f359a378e",
                        "attributes": {
                            "id": "rtbassoc-05232d62f359a378e",
                            "route_table_id": "rtb-0d8d167bfdb835086",
                            "subnet_id": "subnet-0d95f269d8350abbe"
                        },
                        "meta": {},
                        "tainted": false
                    },
                    "deposed": [],
                    "provider": "provider.aws"
                },
                "aws_route_table_association.rtb-association-subnet-public-a": {
                    "type": "aws_route_table_association",
                    "depends_on": [
                        "module.route-table-cloudops-test-public",
                        "module.subnet-cloudops-test-public-a"
                    ],
                    "primary": {
                        "id": "rtbassoc-06c39bb043c9ada32",
                        "attributes": {
                            "id": "rtbassoc-06c39bb043c9ada32",
                            "route_table_id": "rtb-0cfdff9c104b26f4a",
                            "subnet_id": "subnet-0d056c9cf41b05966"
                        },
                        "meta": {},
                        "tainted": false
                    },
                    "deposed": [],
                    "provider": "provider.aws"
                },
                "aws_route_table_association.rtb-association-subnet-public-b": {
                    "type": "aws_route_table_association",
                    "depends_on": [
                        "module.route-table-cloudops-test-public",
                        "module.subnet-cloudops-test-public-b"
                    ],
                    "primary": {
                        "id": "rtbassoc-0970fe193a354a445",
                        "attributes": {
                            "id": "rtbassoc-0970fe193a354a445",
                            "route_table_id": "rtb-0cfdff9c104b26f4a",
                            "subnet_id": "subnet-0601c4917f4f1afd1"
                        },
                        "meta": {},
                        "tainted": false
                    },
                    "deposed": [],
                    "provider": "provider.aws"
                },
                "aws_route_table_association.rtb-association-subnet-public-c": {
                    "type": "aws_route_table_association",
                    "depends_on": [
                        "module.route-table-cloudops-test-public",
                        "module.subnet-cloudops-test-public-c"
                    ],
                    "primary": {
                        "id": "rtbassoc-05362ec04a3605f0b",
                        "attributes": {
                            "id": "rtbassoc-05362ec04a3605f0b",
                            "route_table_id": "rtb-0cfdff9c104b26f4a",
                            "subnet_id": "subnet-0e528a67a34c0608d"
                        },
                        "meta": {},
                        "tainted": false
                    },
                    "deposed": [],
                    "provider": "provider.aws"
                },
                "aws_security_group.sg-private-layer": {
                    "type": "aws_security_group",
                    "depends_on": [
                        "module.subnet-cloudops-test-protected-a",
                        "module.subnet-cloudops-test-protected-b",
                        "module.subnet-cloudops-test-protected-c",
                        "module.subnet-cloudops-test-public-a",
                        "module.subnet-cloudops-test-public-b",
                        "module.subnet-cloudops-test-public-c",
                        "module.vpc-cloudops-test"
                    ],
                    "primary": {
                        "id": "sg-08d7021288d4252c7",
                        "attributes": {
                            "arn": "arn:aws:ec2:ap-southeast-2:377419142249:security-group/sg-08d7021288d4252c7",
                            "description": "Managed by Terraform",
                            "egress.#": "1",
                            "egress.482069346.cidr_blocks.#": "1",
                            "egress.482069346.cidr_blocks.0": "0.0.0.0/0",
                            "egress.482069346.description": "",
                            "egress.482069346.from_port": "0",
                            "egress.482069346.ipv6_cidr_blocks.#": "0",
                            "egress.482069346.prefix_list_ids.#": "0",
                            "egress.482069346.protocol": "-1",
                            "egress.482069346.security_groups.#": "0",
                            "egress.482069346.self": "false",
                            "egress.482069346.to_port": "0",
                            "id": "sg-08d7021288d4252c7",
                            "ingress.#": "1",
                            "ingress.966171938.cidr_blocks.#": "6",
                            "ingress.966171938.cidr_blocks.0": "172.32.240.0/24",
                            "ingress.966171938.cidr_blocks.1": "172.32.241.0/24",
                            "ingress.966171938.cidr_blocks.2": "172.32.242.0/24",
                            "ingress.966171938.cidr_blocks.3": "172.32.244.0/24",
                            "ingress.966171938.cidr_blocks.4": "172.32.245.0/24",
                            "ingress.966171938.cidr_blocks.5": "172.32.246.0/24",
                            "ingress.966171938.description": "",
                            "ingress.966171938.from_port": "0",
                            "ingress.966171938.ipv6_cidr_blocks.#": "0",
                            "ingress.966171938.prefix_list_ids.#": "0",
                            "ingress.966171938.protocol": "-1",
                            "ingress.966171938.security_groups.#": "0",
                            "ingress.966171938.self": "false",
                            "ingress.966171938.to_port": "0",
                            "name": "private-layer",
                            "owner_id": "377419142249",
                            "revoke_rules_on_delete": "false",
                            "tags.%": "0",
                            "vpc_id": "vpc-0806ed4fff90ff1fe"
                        },
                        "meta": {
                            "e2bfb730-ecaa-11e6-8f88-34363bc7c4c0": {
                                "create": 600000000000,
                                "delete": 600000000000
                            },
                            "schema_version": "1"
                        },
                        "tainted": false
                    },
                    "deposed": [],
                    "provider": "provider.aws"
                },
                "aws_security_group.sg-protected-layer": {
                    "type": "aws_security_group",
                    "depends_on": [
                        "module.subnet-cloudops-test-private-a",
                        "module.subnet-cloudops-test-private-b",
                        "module.subnet-cloudops-test-private-c",
                        "module.subnet-cloudops-test-public-a",
                        "module.subnet-cloudops-test-public-b",
                        "module.subnet-cloudops-test-public-c",
                        "module.vpc-cloudops-test"
                    ],
                    "primary": {
                        "id": "sg-05d079a38b201898d",
                        "attributes": {
                            "arn": "arn:aws:ec2:ap-southeast-2:377419142249:security-group/sg-05d079a38b201898d",
                            "description": "Managed by Terraform",
                            "egress.#": "1",
                            "egress.482069346.cidr_blocks.#": "1",
                            "egress.482069346.cidr_blocks.0": "0.0.0.0/0",
                            "egress.482069346.description": "",
                            "egress.482069346.from_port": "0",
                            "egress.482069346.ipv6_cidr_blocks.#": "0",
                            "egress.482069346.prefix_list_ids.#": "0",
                            "egress.482069346.protocol": "-1",
                            "egress.482069346.security_groups.#": "0",
                            "egress.482069346.self": "false",
                            "egress.482069346.to_port": "0",
                            "id": "sg-05d079a38b201898d",
                            "ingress.#": "1",
                            "ingress.1854354781.cidr_blocks.#": "6",
                            "ingress.1854354781.cidr_blocks.0": "172.32.240.0/24",
                            "ingress.1854354781.cidr_blocks.1": "172.32.241.0/24",
                            "ingress.1854354781.cidr_blocks.2": "172.32.242.0/24",
                            "ingress.1854354781.cidr_blocks.3": "172.32.248.0/24",
                            "ingress.1854354781.cidr_blocks.4": "172.32.249.0/24",
                            "ingress.1854354781.cidr_blocks.5": "172.32.250.0/24",
                            "ingress.1854354781.description": "",
                            "ingress.1854354781.from_port": "0",
                            "ingress.1854354781.ipv6_cidr_blocks.#": "0",
                            "ingress.1854354781.prefix_list_ids.#": "0",
                            "ingress.1854354781.protocol": "-1",
                            "ingress.1854354781.security_groups.#": "0",
                            "ingress.1854354781.self": "false",
                            "ingress.1854354781.to_port": "0",
                            "name": "protected-layer",
                            "owner_id": "377419142249",
                            "revoke_rules_on_delete": "false",
                            "tags.%": "0",
                            "vpc_id": "vpc-0806ed4fff90ff1fe"
                        },
                        "meta": {
                            "e2bfb730-ecaa-11e6-8f88-34363bc7c4c0": {
                                "create": 600000000000,
                                "delete": 600000000000
                            },
                            "schema_version": "1"
                        },
                        "tainted": false
                    },
                    "deposed": [],
                    "provider": "provider.aws"
                },
                "aws_security_group.sg-public-layer": {
                    "type": "aws_security_group",
                    "depends_on": [
                        "module.vpc-cloudops-test"
                    ],
                    "primary": {
                        "id": "sg-0818858c825f56537",
                        "attributes": {
                            "arn": "arn:aws:ec2:ap-southeast-2:377419142249:security-group/sg-0818858c825f56537",
                            "description": "Managed by Terraform",
                            "egress.#": "1",
                            "egress.482069346.cidr_blocks.#": "1",
                            "egress.482069346.cidr_blocks.0": "0.0.0.0/0",
                            "egress.482069346.description": "",
                            "egress.482069346.from_port": "0",
                            "egress.482069346.ipv6_cidr_blocks.#": "0",
                            "egress.482069346.prefix_list_ids.#": "0",
                            "egress.482069346.protocol": "-1",
                            "egress.482069346.security_groups.#": "0",
                            "egress.482069346.self": "false",
                            "egress.482069346.to_port": "0",
                            "id": "sg-0818858c825f56537",
                            "ingress.#": "1",
                            "ingress.3347592051.cidr_blocks.#": "1",
                            "ingress.3347592051.cidr_blocks.0": "52.62.136.23/32",
                            "ingress.3347592051.description": "",
                            "ingress.3347592051.from_port": "22",
                            "ingress.3347592051.ipv6_cidr_blocks.#": "0",
                            "ingress.3347592051.prefix_list_ids.#": "0",
                            "ingress.3347592051.protocol": "tcp",
                            "ingress.3347592051.security_groups.#": "0",
                            "ingress.3347592051.self": "false",
                            "ingress.3347592051.to_port": "22",
                            "name": "public-layer",
                            "owner_id": "377419142249",
                            "revoke_rules_on_delete": "false",
                            "tags.%": "0",
                            "vpc_id": "vpc-0806ed4fff90ff1fe"
                        },
                        "meta": {
                            "e2bfb730-ecaa-11e6-8f88-34363bc7c4c0": {
                                "create": 600000000000,
                                "delete": 600000000000
                            },
                            "schema_version": "1"
                        },
                        "tainted": false
                    },
                    "deposed": [],
                    "provider": "provider.aws"
                }
            },
            "depends_on": []
        },
        {
            "path": [
                "root",
                "nat-gw-cloudops-test-private"
            ],
            "outputs": {
                "nat_gateway_id": {
                    "sensitive": false,
                    "type": "string",
                    "value": "nat-0a6b69aaa240f05ec"
                },
                "nat_gateway_public_ip": {
                    "sensitive": false,
                    "type": "string",
                    "value": "52.62.240.250"
                }
            },
            "resources": {
                "aws_eip.route-table-generic-eip": {
                    "type": "aws_eip",
                    "depends_on": [],
                    "primary": {
                        "id": "eipalloc-07425f50bdd4f8cbb",
                        "attributes": {
                            "association_id": "",
                            "domain": "vpc",
                            "id": "eipalloc-07425f50bdd4f8cbb",
                            "instance": "",
                            "network_interface": "",
                            "private_ip": "",
                            "public_ip": "52.62.240.250",
                            "public_ipv4_pool": "amazon",
                            "tags.%": "0",
                            "vpc": "true"
                        },
                        "meta": {
                            "e2bfb730-ecaa-11e6-8f88-34363bc7c4c0": {
                                "delete": 180000000000,
                                "read": 900000000000,
                                "update": 300000000000
                            }
                        },
                        "tainted": false
                    },
                    "deposed": [],
                    "provider": "provider.aws"
                },
                "aws_nat_gateway.nat-gw-generic": {
                    "type": "aws_nat_gateway",
                    "depends_on": [
                        "aws_eip.route-table-generic-eip"
                    ],
                    "primary": {
                        "id": "nat-0a6b69aaa240f05ec",
                        "attributes": {
                            "allocation_id": "eipalloc-07425f50bdd4f8cbb",
                            "id": "nat-0a6b69aaa240f05ec",
                            "network_interface_id": "eni-058a2431f192008c4",
                            "private_ip": "172.32.241.26",
                            "public_ip": "52.62.240.250",
                            "subnet_id": "subnet-0601c4917f4f1afd1",
                            "tags.%": "0"
                        },
                        "meta": {},
                        "tainted": false
                    },
                    "deposed": [],
                    "provider": "provider.aws"
                }
            },
            "depends_on": []
        },
        {
            "path": [
                "root",
                "nat-gw-cloudops-test-protected"
            ],
            "outputs": {
                "nat_gateway_id": {
                    "sensitive": false,
                    "type": "string",
                    "value": "nat-0fba223fef2e3aed7"
                },
                "nat_gateway_public_ip": {
                    "sensitive": false,
                    "type": "string",
                    "value": "13.239.156.28"
                }
            },
            "resources": {
                "aws_eip.route-table-generic-eip": {
                    "type": "aws_eip",
                    "depends_on": [],
                    "primary": {
                        "id": "eipalloc-015e7f12bccd39611",
                        "attributes": {
                            "association_id": "",
                            "domain": "vpc",
                            "id": "eipalloc-015e7f12bccd39611",
                            "instance": "",
                            "network_interface": "",
                            "private_ip": "",
                            "public_ip": "13.239.156.28",
                            "public_ipv4_pool": "amazon",
                            "tags.%": "0",
                            "vpc": "true"
                        },
                        "meta": {
                            "e2bfb730-ecaa-11e6-8f88-34363bc7c4c0": {
                                "delete": 180000000000,
                                "read": 900000000000,
                                "update": 300000000000
                            }
                        },
                        "tainted": false
                    },
                    "deposed": [],
                    "provider": "provider.aws"
                },
                "aws_nat_gateway.nat-gw-generic": {
                    "type": "aws_nat_gateway",
                    "depends_on": [
                        "aws_eip.route-table-generic-eip"
                    ],
                    "primary": {
                        "id": "nat-0fba223fef2e3aed7",
                        "attributes": {
                            "allocation_id": "eipalloc-015e7f12bccd39611",
                            "id": "nat-0fba223fef2e3aed7",
                            "network_interface_id": "eni-05948ed78b32a57bb",
                            "private_ip": "172.32.240.188",
                            "public_ip": "13.239.156.28",
                            "subnet_id": "subnet-0d056c9cf41b05966",
                            "tags.%": "0"
                        },
                        "meta": {},
                        "tainted": false
                    },
                    "deposed": [],
                    "provider": "provider.aws"
                }
            },
            "depends_on": []
        },
        {
            "path": [
                "root",
                "route-table-cloudops-test-private"
            ],
            "outputs": {
                "route_table_id": {
                    "sensitive": false,
                    "type": "string",
                    "value": "rtb-0d025fae2b95e0cab"
                }
            },
            "resources": {
                "aws_route_table.route-table-generic": {
                    "type": "aws_route_table",
                    "depends_on": [],
                    "primary": {
                        "id": "rtb-0d025fae2b95e0cab",
                        "attributes": {
                            "id": "rtb-0d025fae2b95e0cab",
                            "propagating_vgws.#": "0",
                            "route.#": "0",
                            "tags.%": "1",
                            "tags.Name": "route-table-shared-private-rtb",
                            "vpc_id": "vpc-0806ed4fff90ff1fe"
                        },
                        "meta": {},
                        "tainted": false
                    },
                    "deposed": [],
                    "provider": "provider.aws"
                }
            },
            "depends_on": []
        },
        {
            "path": [
                "root",
                "route-table-cloudops-test-protected"
            ],
            "outputs": {
                "route_table_id": {
                    "sensitive": false,
                    "type": "string",
                    "value": "rtb-0d8d167bfdb835086"
                }
            },
            "resources": {
                "aws_route_table.route-table-generic": {
                    "type": "aws_route_table",
                    "depends_on": [],
                    "primary": {
                        "id": "rtb-0d8d167bfdb835086",
                        "attributes": {
                            "id": "rtb-0d8d167bfdb835086",
                            "propagating_vgws.#": "0",
                            "route.#": "0",
                            "tags.%": "1",
                            "tags.Name": "route-table-shared-protected-rtb",
                            "vpc_id": "vpc-0806ed4fff90ff1fe"
                        },
                        "meta": {},
                        "tainted": false
                    },
                    "deposed": [],
                    "provider": "provider.aws"
                }
            },
            "depends_on": []
        },
        {
            "path": [
                "root",
                "route-table-cloudops-test-public"
            ],
            "outputs": {
                "route_table_id": {
                    "sensitive": false,
                    "type": "string",
                    "value": "rtb-0cfdff9c104b26f4a"
                }
            },
            "resources": {
                "aws_internet_gateway.internet-gw-generic": {
                    "type": "aws_internet_gateway",
                    "depends_on": [],
                    "primary": {
                        "id": "igw-0f0359707773b84c4",
                        "attributes": {
                            "id": "igw-0f0359707773b84c4",
                            "tags.%": "1",
                            "tags.Name": "internet-gw-generic",
                            "vpc_id": "vpc-0806ed4fff90ff1fe"
                        },
                        "meta": {},
                        "tainted": false
                    },
                    "deposed": [],
                    "provider": "provider.aws"
                },
                "aws_route.route-internet-gw": {
                    "type": "aws_route",
                    "depends_on": [
                        "aws_internet_gateway.internet-gw-generic",
                        "aws_route_table.route-table-generic"
                    ],
                    "primary": {
                        "id": "r-rtb-0cfdff9c104b26f4a1080289494",
                        "attributes": {
                            "destination_cidr_block": "0.0.0.0/0",
                            "destination_prefix_list_id": "",
                            "egress_only_gateway_id": "",
                            "gateway_id": "igw-0f0359707773b84c4",
                            "id": "r-rtb-0cfdff9c104b26f4a1080289494",
                            "instance_id": "",
                            "instance_owner_id": "",
                            "nat_gateway_id": "",
                            "network_interface_id": "",
                            "origin": "CreateRoute",
                            "route_table_id": "rtb-0cfdff9c104b26f4a",
                            "state": "active",
                            "transit_gateway_id": "",
                            "vpc_peering_connection_id": ""
                        },
                        "meta": {
                            "e2bfb730-ecaa-11e6-8f88-34363bc7c4c0": {
                                "create": 120000000000,
                                "delete": 300000000000
                            }
                        },
                        "tainted": false
                    },
                    "deposed": [],
                    "provider": "provider.aws"
                },
                "aws_route_table.route-table-generic": {
                    "type": "aws_route_table",
                    "depends_on": [],
                    "primary": {
                        "id": "rtb-0cfdff9c104b26f4a",
                        "attributes": {
                            "id": "rtb-0cfdff9c104b26f4a",
                            "propagating_vgws.#": "0",
                            "route.#": "0",
                            "tags.%": "1",
                            "tags.Name": "route-table-shared-public-rtb",
                            "vpc_id": "vpc-0806ed4fff90ff1fe"
                        },
                        "meta": {},
                        "tainted": false
                    },
                    "deposed": [],
                    "provider": "provider.aws"
                }
            },
            "depends_on": []
        },
        {
            "path": [
                "root",
                "subnet-cloudops-test-private-a"
            ],
            "outputs": {
                "subnet_cidr": {
                    "sensitive": false,
                    "type": "string",
                    "value": "172.32.248.0/24"
                },
                "subnet_id": {
                    "sensitive": false,
                    "type": "string",
                    "value": "subnet-037a3cf0cface7ad6"
                }
            },
            "resources": {
                "aws_subnet.subnet-generic": {
                    "type": "aws_subnet",
                    "depends_on": [],
                    "primary": {
                        "id": "subnet-037a3cf0cface7ad6",
                        "attributes": {
                            "arn": "arn:aws:ec2:ap-southeast-2:377419142249:subnet/subnet-037a3cf0cface7ad6",
                            "assign_ipv6_address_on_creation": "false",
                            "availability_zone": "ap-southeast-2a",
                            "cidr_block": "172.32.248.0/24",
                            "id": "subnet-037a3cf0cface7ad6",
                            "ipv6_cidr_block": "",
                            "ipv6_cidr_block_association_id": "",
                            "map_public_ip_on_launch": "false",
                            "tags.%": "1",
                            "tags.Name": "subnet-private-a",
                            "vpc_id": "vpc-0806ed4fff90ff1fe"
                        },
                        "meta": {
                            "e2bfb730-ecaa-11e6-8f88-34363bc7c4c0": {
                                "create": 600000000000,
                                "delete": 600000000000
                            },
                            "schema_version": "1"
                        },
                        "tainted": false
                    },
                    "deposed": [],
                    "provider": "provider.aws"
                }
            },
            "depends_on": []
        },
        {
            "path": [
                "root",
                "subnet-cloudops-test-private-b"
            ],
            "outputs": {
                "subnet_cidr": {
                    "sensitive": false,
                    "type": "string",
                    "value": "172.32.249.0/24"
                },
                "subnet_id": {
                    "sensitive": false,
                    "type": "string",
                    "value": "subnet-0c19f6d0ef42c921c"
                }
            },
            "resources": {
                "aws_subnet.subnet-generic": {
                    "type": "aws_subnet",
                    "depends_on": [],
                    "primary": {
                        "id": "subnet-0c19f6d0ef42c921c",
                        "attributes": {
                            "arn": "arn:aws:ec2:ap-southeast-2:377419142249:subnet/subnet-0c19f6d0ef42c921c",
                            "assign_ipv6_address_on_creation": "false",
                            "availability_zone": "ap-southeast-2b",
                            "cidr_block": "172.32.249.0/24",
                            "id": "subnet-0c19f6d0ef42c921c",
                            "ipv6_cidr_block": "",
                            "ipv6_cidr_block_association_id": "",
                            "map_public_ip_on_launch": "false",
                            "tags.%": "1",
                            "tags.Name": "subnet-private-b",
                            "vpc_id": "vpc-0806ed4fff90ff1fe"
                        },
                        "meta": {
                            "e2bfb730-ecaa-11e6-8f88-34363bc7c4c0": {
                                "create": 600000000000,
                                "delete": 600000000000
                            },
                            "schema_version": "1"
                        },
                        "tainted": false
                    },
                    "deposed": [],
                    "provider": "provider.aws"
                }
            },
            "depends_on": []
        },
        {
            "path": [
                "root",
                "subnet-cloudops-test-private-c"
            ],
            "outputs": {
                "subnet_cidr": {
                    "sensitive": false,
                    "type": "string",
                    "value": "172.32.250.0/24"
                },
                "subnet_id": {
                    "sensitive": false,
                    "type": "string",
                    "value": "subnet-0a6183a624ef03f0e"
                }
            },
            "resources": {
                "aws_subnet.subnet-generic": {
                    "type": "aws_subnet",
                    "depends_on": [],
                    "primary": {
                        "id": "subnet-0a6183a624ef03f0e",
                        "attributes": {
                            "arn": "arn:aws:ec2:ap-southeast-2:377419142249:subnet/subnet-0a6183a624ef03f0e",
                            "assign_ipv6_address_on_creation": "false",
                            "availability_zone": "ap-southeast-2c",
                            "cidr_block": "172.32.250.0/24",
                            "id": "subnet-0a6183a624ef03f0e",
                            "ipv6_cidr_block": "",
                            "ipv6_cidr_block_association_id": "",
                            "map_public_ip_on_launch": "false",
                            "tags.%": "1",
                            "tags.Name": "subnet-private-c",
                            "vpc_id": "vpc-0806ed4fff90ff1fe"
                        },
                        "meta": {
                            "e2bfb730-ecaa-11e6-8f88-34363bc7c4c0": {
                                "create": 600000000000,
                                "delete": 600000000000
                            },
                            "schema_version": "1"
                        },
                        "tainted": false
                    },
                    "deposed": [],
                    "provider": "provider.aws"
                }
            },
            "depends_on": []
        },
        {
            "path": [
                "root",
                "subnet-cloudops-test-protected-a"
            ],
            "outputs": {
                "subnet_cidr": {
                    "sensitive": false,
                    "type": "string",
                    "value": "172.32.244.0/24"
                },
                "subnet_id": {
                    "sensitive": false,
                    "type": "string",
                    "value": "subnet-0905e2c80d43618ef"
                }
            },
            "resources": {
                "aws_subnet.subnet-generic": {
                    "type": "aws_subnet",
                    "depends_on": [],
                    "primary": {
                        "id": "subnet-0905e2c80d43618ef",
                        "attributes": {
                            "arn": "arn:aws:ec2:ap-southeast-2:377419142249:subnet/subnet-0905e2c80d43618ef",
                            "assign_ipv6_address_on_creation": "false",
                            "availability_zone": "ap-southeast-2a",
                            "cidr_block": "172.32.244.0/24",
                            "id": "subnet-0905e2c80d43618ef",
                            "ipv6_cidr_block": "",
                            "ipv6_cidr_block_association_id": "",
                            "map_public_ip_on_launch": "false",
                            "tags.%": "1",
                            "tags.Name": "subnet-protected-a",
                            "vpc_id": "vpc-0806ed4fff90ff1fe"
                        },
                        "meta": {
                            "e2bfb730-ecaa-11e6-8f88-34363bc7c4c0": {
                                "create": 600000000000,
                                "delete": 600000000000
                            },
                            "schema_version": "1"
                        },
                        "tainted": false
                    },
                    "deposed": [],
                    "provider": "provider.aws"
                }
            },
            "depends_on": []
        },
        {
            "path": [
                "root",
                "subnet-cloudops-test-protected-b"
            ],
            "outputs": {
                "subnet_cidr": {
                    "sensitive": false,
                    "type": "string",
                    "value": "172.32.245.0/24"
                },
                "subnet_id": {
                    "sensitive": false,
                    "type": "string",
                    "value": "subnet-051bd5e4096e1a0eb"
                }
            },
            "resources": {
                "aws_subnet.subnet-generic": {
                    "type": "aws_subnet",
                    "depends_on": [],
                    "primary": {
                        "id": "subnet-051bd5e4096e1a0eb",
                        "attributes": {
                            "arn": "arn:aws:ec2:ap-southeast-2:377419142249:subnet/subnet-051bd5e4096e1a0eb",
                            "assign_ipv6_address_on_creation": "false",
                            "availability_zone": "ap-southeast-2b",
                            "cidr_block": "172.32.245.0/24",
                            "id": "subnet-051bd5e4096e1a0eb",
                            "ipv6_cidr_block": "",
                            "ipv6_cidr_block_association_id": "",
                            "map_public_ip_on_launch": "false",
                            "tags.%": "1",
                            "tags.Name": "subnet-protected-b",
                            "vpc_id": "vpc-0806ed4fff90ff1fe"
                        },
                        "meta": {
                            "e2bfb730-ecaa-11e6-8f88-34363bc7c4c0": {
                                "create": 600000000000,
                                "delete": 600000000000
                            },
                            "schema_version": "1"
                        },
                        "tainted": false
                    },
                    "deposed": [],
                    "provider": "provider.aws"
                }
            },
            "depends_on": []
        },
        {
            "path": [
                "root",
                "subnet-cloudops-test-protected-c"
            ],
            "outputs": {
                "subnet_cidr": {
                    "sensitive": false,
                    "type": "string",
                    "value": "172.32.246.0/24"
                },
                "subnet_id": {
                    "sensitive": false,
                    "type": "string",
                    "value": "subnet-0d95f269d8350abbe"
                }
            },
            "resources": {
                "aws_subnet.subnet-generic": {
                    "type": "aws_subnet",
                    "depends_on": [],
                    "primary": {
                        "id": "subnet-0d95f269d8350abbe",
                        "attributes": {
                            "arn": "arn:aws:ec2:ap-southeast-2:377419142249:subnet/subnet-0d95f269d8350abbe",
                            "assign_ipv6_address_on_creation": "false",
                            "availability_zone": "ap-southeast-2c",
                            "cidr_block": "172.32.246.0/24",
                            "id": "subnet-0d95f269d8350abbe",
                            "ipv6_cidr_block": "",
                            "ipv6_cidr_block_association_id": "",
                            "map_public_ip_on_launch": "false",
                            "tags.%": "1",
                            "tags.Name": "subnet-protected-c",
                            "vpc_id": "vpc-0806ed4fff90ff1fe"
                        },
                        "meta": {
                            "e2bfb730-ecaa-11e6-8f88-34363bc7c4c0": {
                                "create": 600000000000,
                                "delete": 600000000000
                            },
                            "schema_version": "1"
                        },
                        "tainted": false
                    },
                    "deposed": [],
                    "provider": "provider.aws"
                }
            },
            "depends_on": []
        },
        {
            "path": [
                "root",
                "subnet-cloudops-test-public-a"
            ],
            "outputs": {
                "subnet_cidr": {
                    "sensitive": false,
                    "type": "string",
                    "value": "172.32.240.0/24"
                },
                "subnet_id": {
                    "sensitive": false,
                    "type": "string",
                    "value": "subnet-0d056c9cf41b05966"
                }
            },
            "resources": {
                "aws_subnet.subnet-generic": {
                    "type": "aws_subnet",
                    "depends_on": [],
                    "primary": {
                        "id": "subnet-0d056c9cf41b05966",
                        "attributes": {
                            "arn": "arn:aws:ec2:ap-southeast-2:377419142249:subnet/subnet-0d056c9cf41b05966",
                            "assign_ipv6_address_on_creation": "false",
                            "availability_zone": "ap-southeast-2a",
                            "cidr_block": "172.32.240.0/24",
                            "id": "subnet-0d056c9cf41b05966",
                            "ipv6_cidr_block": "",
                            "ipv6_cidr_block_association_id": "",
                            "map_public_ip_on_launch": "false",
                            "tags.%": "1",
                            "tags.Name": "subnet-public-a",
                            "vpc_id": "vpc-0806ed4fff90ff1fe"
                        },
                        "meta": {
                            "e2bfb730-ecaa-11e6-8f88-34363bc7c4c0": {
                                "create": 600000000000,
                                "delete": 600000000000
                            },
                            "schema_version": "1"
                        },
                        "tainted": false
                    },
                    "deposed": [],
                    "provider": "provider.aws"
                }
            },
            "depends_on": []
        },
        {
            "path": [
                "root",
                "subnet-cloudops-test-public-b"
            ],
            "outputs": {
                "subnet_cidr": {
                    "sensitive": false,
                    "type": "string",
                    "value": "172.32.241.0/24"
                },
                "subnet_id": {
                    "sensitive": false,
                    "type": "string",
                    "value": "subnet-0601c4917f4f1afd1"
                }
            },
            "resources": {
                "aws_subnet.subnet-generic": {
                    "type": "aws_subnet",
                    "depends_on": [],
                    "primary": {
                        "id": "subnet-0601c4917f4f1afd1",
                        "attributes": {
                            "arn": "arn:aws:ec2:ap-southeast-2:377419142249:subnet/subnet-0601c4917f4f1afd1",
                            "assign_ipv6_address_on_creation": "false",
                            "availability_zone": "ap-southeast-2b",
                            "cidr_block": "172.32.241.0/24",
                            "id": "subnet-0601c4917f4f1afd1",
                            "ipv6_cidr_block": "",
                            "ipv6_cidr_block_association_id": "",
                            "map_public_ip_on_launch": "false",
                            "tags.%": "1",
                            "tags.Name": "subnet-public-b",
                            "vpc_id": "vpc-0806ed4fff90ff1fe"
                        },
                        "meta": {
                            "e2bfb730-ecaa-11e6-8f88-34363bc7c4c0": {
                                "create": 600000000000,
                                "delete": 600000000000
                            },
                            "schema_version": "1"
                        },
                        "tainted": false
                    },
                    "deposed": [],
                    "provider": "provider.aws"
                }
            },
            "depends_on": []
        },
        {
            "path": [
                "root",
                "subnet-cloudops-test-public-c"
            ],
            "outputs": {
                "subnet_cidr": {
                    "sensitive": false,
                    "type": "string",
                    "value": "172.32.242.0/24"
                },
                "subnet_id": {
                    "sensitive": false,
                    "type": "string",
                    "value": "subnet-0e528a67a34c0608d"
                }
            },
            "resources": {
                "aws_subnet.subnet-generic": {
                    "type": "aws_subnet",
                    "depends_on": [],
                    "primary": {
                        "id": "subnet-0e528a67a34c0608d",
                        "attributes": {
                            "arn": "arn:aws:ec2:ap-southeast-2:377419142249:subnet/subnet-0e528a67a34c0608d",
                            "assign_ipv6_address_on_creation": "false",
                            "availability_zone": "ap-southeast-2c",
                            "cidr_block": "172.32.242.0/24",
                            "id": "subnet-0e528a67a34c0608d",
                            "ipv6_cidr_block": "",
                            "ipv6_cidr_block_association_id": "",
                            "map_public_ip_on_launch": "false",
                            "tags.%": "1",
                            "tags.Name": "subnet-public-c",
                            "vpc_id": "vpc-0806ed4fff90ff1fe"
                        },
                        "meta": {
                            "e2bfb730-ecaa-11e6-8f88-34363bc7c4c0": {
                                "create": 600000000000,
                                "delete": 600000000000
                            },
                            "schema_version": "1"
                        },
                        "tainted": false
                    },
                    "deposed": [],
                    "provider": "provider.aws"
                }
            },
            "depends_on": []
        },
        {
            "path": [
                "root",
                "vpc-cloudops-test"
            ],
            "outputs": {
                "vpc_cidr": {
                    "sensitive": false,
                    "type": "string",
                    "value": "172.32.240.0/20"
                },
                "vpc_id": {
                    "sensitive": false,
                    "type": "string",
                    "value": "vpc-0806ed4fff90ff1fe"
                }
            },
            "resources": {
                "aws_vpc.vpc-generic": {
                    "type": "aws_vpc",
                    "depends_on": [],
                    "primary": {
                        "id": "vpc-0806ed4fff90ff1fe",
                        "attributes": {
                            "arn": "arn:aws:ec2:ap-southeast-2:377419142249:vpc/vpc-0806ed4fff90ff1fe",
                            "assign_generated_ipv6_cidr_block": "false",
                            "cidr_block": "172.32.240.0/20",
                            "default_network_acl_id": "acl-0a950b36757b57ff8",
                            "default_route_table_id": "rtb-077d08a90281672bd",
                            "default_security_group_id": "sg-00e36a940dff15ea2",
                            "dhcp_options_id": "dopt-727bf716",
                            "enable_classiclink": "false",
                            "enable_classiclink_dns_support": "false",
                            "enable_dns_hostnames": "true",
                            "enable_dns_support": "true",
                            "id": "vpc-0806ed4fff90ff1fe",
                            "instance_tenancy": "default",
                            "ipv6_association_id": "",
                            "ipv6_cidr_block": "",
                            "main_route_table_id": "rtb-077d08a90281672bd",
                            "tags.%": "1",
                            "tags.Name": "cloudops-sandbox-test-vpc"
                        },
                        "meta": {
                            "schema_version": "1"
                        },
                        "tainted": false
                    },
                    "deposed": [],
                    "provider": "provider.aws"
                }
            },
            "depends_on": []
        }
    ]
}
