{
    "version": 3,
    "terraform_version": "0.11.10",
    "serial": 32,
    "lineage": "6d0d1d91-e183-be4b-6c40-a15570f094bb",
    "modules": [
        {
            "path": [
                "root"
            ],
            "outputs": {},
            "resources": {
                "aws_route.route-nat-gw-private": {
                    "type": "aws_route",
                    "depends_on": [
                        "module.nat-gw-cloudops-test-private",
                        "module.route-table-cloudops-test-private"
                    ],
                    "primary": {
                        "id": "r-rtb-0e96fad424008f47d1080289494",
                        "attributes": {
                            "destination_cidr_block": "0.0.0.0/0",
                            "destination_prefix_list_id": "",
                            "egress_only_gateway_id": "",
                            "gateway_id": "",
                            "id": "r-rtb-0e96fad424008f47d1080289494",
                            "instance_id": "",
                            "instance_owner_id": "",
                            "nat_gateway_id": "nat-0fcd20020ffc3b51c",
                            "network_interface_id": "",
                            "origin": "CreateRoute",
                            "route_table_id": "rtb-0e96fad424008f47d",
                            "state": "active",
                            "transit_gateway_id": "",
                            "vpc_peering_connection_id": ""
                        },
                        "meta": {
                            "e2bfb730-ecaa-11e6-8f88-34363bc7c4c0": {
                                "create": 120000000000,
                                "delete": 300000000000
                            }
                        },
                        "tainted": false
                    },
                    "deposed": [],
                    "provider": "provider.aws"
                },
                "aws_route.route-nat-gw-protected": {
                    "type": "aws_route",
                    "depends_on": [
                        "module.nat-gw-cloudops-test-protected",
                        "module.route-table-cloudops-test-protected"
                    ],
                    "primary": {
                        "id": "r-rtb-07c685ab1e305cbc01080289494",
                        "attributes": {
                            "destination_cidr_block": "0.0.0.0/0",
                            "destination_prefix_list_id": "",
                            "egress_only_gateway_id": "",
                            "gateway_id": "",
                            "id": "r-rtb-07c685ab1e305cbc01080289494",
                            "instance_id": "",
                            "instance_owner_id": "",
                            "nat_gateway_id": "nat-0749a5efee2a81aaa",
                            "network_interface_id": "",
                            "origin": "CreateRoute",
                            "route_table_id": "rtb-07c685ab1e305cbc0",
                            "state": "active",
                            "transit_gateway_id": "",
                            "vpc_peering_connection_id": ""
                        },
                        "meta": {
                            "e2bfb730-ecaa-11e6-8f88-34363bc7c4c0": {
                                "create": 120000000000,
                                "delete": 300000000000
                            }
                        },
                        "tainted": false
                    },
                    "deposed": [],
                    "provider": "provider.aws"
                },
                "aws_route_table_association.rtb-association-subnet-private-a": {
                    "type": "aws_route_table_association",
                    "depends_on": [
                        "module.route-table-cloudops-test-private",
                        "module.subnet-cloudops-test-private-a"
                    ],
                    "primary": {
                        "id": "rtbassoc-0c83f8283c1dbba7b",
                        "attributes": {
                            "id": "rtbassoc-0c83f8283c1dbba7b",
                            "route_table_id": "rtb-0e96fad424008f47d",
                            "subnet_id": "subnet-0a8a481d62db894c4"
                        },
                        "meta": {},
                        "tainted": false
                    },
                    "deposed": [],
                    "provider": "provider.aws"
                },
                "aws_route_table_association.rtb-association-subnet-private-b": {
                    "type": "aws_route_table_association",
                    "depends_on": [
                        "module.route-table-cloudops-test-private",
                        "module.subnet-cloudops-test-private-b"
                    ],
                    "primary": {
                        "id": "rtbassoc-01763b34fbcbd9e14",
                        "attributes": {
                            "id": "rtbassoc-01763b34fbcbd9e14",
                            "route_table_id": "rtb-0e96fad424008f47d",
                            "subnet_id": "subnet-05f8a33b0e9f11ad3"
                        },
                        "meta": {},
                        "tainted": false
                    },
                    "deposed": [],
                    "provider": "provider.aws"
                },
                "aws_route_table_association.rtb-association-subnet-private-c": {
                    "type": "aws_route_table_association",
                    "depends_on": [
                        "module.route-table-cloudops-test-private",
                        "module.subnet-cloudops-test-private-c"
                    ],
                    "primary": {
                        "id": "rtbassoc-0c4ade5f876965f01",
                        "attributes": {
                            "id": "rtbassoc-0c4ade5f876965f01",
                            "route_table_id": "rtb-0e96fad424008f47d",
                            "subnet_id": "subnet-0af958e5bea4cdbd7"
                        },
                        "meta": {},
                        "tainted": false
                    },
                    "deposed": [],
                    "provider": "provider.aws"
                },
                "aws_route_table_association.rtb-association-subnet-protected-a": {
                    "type": "aws_route_table_association",
                    "depends_on": [
                        "module.route-table-cloudops-test-protected",
                        "module.subnet-cloudops-test-protected-a"
                    ],
                    "primary": {
                        "id": "rtbassoc-04f401727bd92ed17",
                        "attributes": {
                            "id": "rtbassoc-04f401727bd92ed17",
                            "route_table_id": "rtb-07c685ab1e305cbc0",
                            "subnet_id": "subnet-05b2b2ce5a8e3ffc2"
                        },
                        "meta": {},
                        "tainted": false
                    },
                    "deposed": [],
                    "provider": "provider.aws"
                },
                "aws_route_table_association.rtb-association-subnet-protected-b": {
                    "type": "aws_route_table_association",
                    "depends_on": [
                        "module.route-table-cloudops-test-protected",
                        "module.subnet-cloudops-test-protected-b"
                    ],
                    "primary": {
                        "id": "rtbassoc-0e13f91a67bcde329",
                        "attributes": {
                            "id": "rtbassoc-0e13f91a67bcde329",
                            "route_table_id": "rtb-07c685ab1e305cbc0",
                            "subnet_id": "subnet-0c620358ac547c089"
                        },
                        "meta": {},
                        "tainted": false
                    },
                    "deposed": [],
                    "provider": "provider.aws"
                },
                "aws_route_table_association.rtb-association-subnet-protected-c": {
                    "type": "aws_route_table_association",
                    "depends_on": [
                        "module.route-table-cloudops-test-protected",
                        "module.subnet-cloudops-test-protected-c"
                    ],
                    "primary": {
                        "id": "rtbassoc-02c3f525e1bb87f7f",
                        "attributes": {
                            "id": "rtbassoc-02c3f525e1bb87f7f",
                            "route_table_id": "rtb-07c685ab1e305cbc0",
                            "subnet_id": "subnet-0f0eb6b9b364fea63"
                        },
                        "meta": {},
                        "tainted": false
                    },
                    "deposed": [],
                    "provider": "provider.aws"
                },
                "aws_route_table_association.rtb-association-subnet-public-a": {
                    "type": "aws_route_table_association",
                    "depends_on": [
                        "module.route-table-cloudops-test-public",
                        "module.subnet-cloudops-test-public-a"
                    ],
                    "primary": {
                        "id": "rtbassoc-075cb75fa53099500",
                        "attributes": {
                            "id": "rtbassoc-075cb75fa53099500",
                            "route_table_id": "rtb-092419e4249d0f09f",
                            "subnet_id": "subnet-0fef4f8169036078e"
                        },
                        "meta": {},
                        "tainted": false
                    },
                    "deposed": [],
                    "provider": "provider.aws"
                },
                "aws_route_table_association.rtb-association-subnet-public-b": {
                    "type": "aws_route_table_association",
                    "depends_on": [
                        "module.route-table-cloudops-test-public",
                        "module.subnet-cloudops-test-public-b"
                    ],
                    "primary": {
                        "id": "rtbassoc-0b1a6ebb1b389a630",
                        "attributes": {
                            "id": "rtbassoc-0b1a6ebb1b389a630",
                            "route_table_id": "rtb-092419e4249d0f09f",
                            "subnet_id": "subnet-04e91af5caebca424"
                        },
                        "meta": {},
                        "tainted": false
                    },
                    "deposed": [],
                    "provider": "provider.aws"
                },
                "aws_route_table_association.rtb-association-subnet-public-c": {
                    "type": "aws_route_table_association",
                    "depends_on": [
                        "module.route-table-cloudops-test-public",
                        "module.subnet-cloudops-test-public-c"
                    ],
                    "primary": {
                        "id": "rtbassoc-0cccbcb617742d81c",
                        "attributes": {
                            "id": "rtbassoc-0cccbcb617742d81c",
                            "route_table_id": "rtb-092419e4249d0f09f",
                            "subnet_id": "subnet-00a8a8de7902f6345"
                        },
                        "meta": {},
                        "tainted": false
                    },
                    "deposed": [],
                    "provider": "provider.aws"
                },
                "aws_security_group.sg-private-layer": {
                    "type": "aws_security_group",
                    "depends_on": [
                        "module.subnet-cloudops-test-protected-a",
                        "module.subnet-cloudops-test-protected-b",
                        "module.subnet-cloudops-test-protected-c",
                        "module.subnet-cloudops-test-public-a",
                        "module.subnet-cloudops-test-public-b",
                        "module.subnet-cloudops-test-public-c",
                        "module.vpc-cloudops-test"
                    ],
                    "primary": {
                        "id": "sg-09a0f1fa2cf71eef5",
                        "attributes": {
                            "arn": "arn:aws:ec2:ap-southeast-2:377419142249:security-group/sg-09a0f1fa2cf71eef5",
                            "description": "Managed by Terraform",
                            "egress.#": "1",
                            "egress.482069346.cidr_blocks.#": "1",
                            "egress.482069346.cidr_blocks.0": "0.0.0.0/0",
                            "egress.482069346.description": "",
                            "egress.482069346.from_port": "0",
                            "egress.482069346.ipv6_cidr_blocks.#": "0",
                            "egress.482069346.prefix_list_ids.#": "0",
                            "egress.482069346.protocol": "-1",
                            "egress.482069346.security_groups.#": "0",
                            "egress.482069346.self": "false",
                            "egress.482069346.to_port": "0",
                            "id": "sg-09a0f1fa2cf71eef5",
                            "ingress.#": "1",
                            "ingress.3227354980.cidr_blocks.#": "6",
                            "ingress.3227354980.cidr_blocks.0": "192.168.0.0/25",
                            "ingress.3227354980.cidr_blocks.1": "192.168.0.128/25",
                            "ingress.3227354980.cidr_blocks.2": "192.168.1.0/25",
                            "ingress.3227354980.cidr_blocks.3": "192.168.2.0/25",
                            "ingress.3227354980.cidr_blocks.4": "192.168.2.128/25",
                            "ingress.3227354980.cidr_blocks.5": "192.168.3.0/25",
                            "ingress.3227354980.description": "",
                            "ingress.3227354980.from_port": "0",
                            "ingress.3227354980.ipv6_cidr_blocks.#": "0",
                            "ingress.3227354980.prefix_list_ids.#": "0",
                            "ingress.3227354980.protocol": "-1",
                            "ingress.3227354980.security_groups.#": "0",
                            "ingress.3227354980.self": "false",
                            "ingress.3227354980.to_port": "0",
                            "name": "private-layer",
                            "owner_id": "377419142249",
                            "revoke_rules_on_delete": "false",
                            "tags.%": "0",
                            "vpc_id": "vpc-04c8d750a715663f4"
                        },
                        "meta": {
                            "e2bfb730-ecaa-11e6-8f88-34363bc7c4c0": {
                                "create": 600000000000,
                                "delete": 600000000000
                            },
                            "schema_version": "1"
                        },
                        "tainted": false
                    },
                    "deposed": [],
                    "provider": "provider.aws"
                },
                "aws_security_group.sg-protected-layer": {
                    "type": "aws_security_group",
                    "depends_on": [
                        "module.subnet-cloudops-test-private-a",
                        "module.subnet-cloudops-test-private-b",
                        "module.subnet-cloudops-test-private-c",
                        "module.subnet-cloudops-test-public-a",
                        "module.subnet-cloudops-test-public-b",
                        "module.subnet-cloudops-test-public-c",
                        "module.vpc-cloudops-test"
                    ],
                    "primary": {
                        "id": "sg-0de32efb23134c50d",
                        "attributes": {
                            "arn": "arn:aws:ec2:ap-southeast-2:377419142249:security-group/sg-0de32efb23134c50d",
                            "description": "Managed by Terraform",
                            "egress.#": "1",
                            "egress.482069346.cidr_blocks.#": "1",
                            "egress.482069346.cidr_blocks.0": "0.0.0.0/0",
                            "egress.482069346.description": "",
                            "egress.482069346.from_port": "0",
                            "egress.482069346.ipv6_cidr_blocks.#": "0",
                            "egress.482069346.prefix_list_ids.#": "0",
                            "egress.482069346.protocol": "-1",
                            "egress.482069346.security_groups.#": "0",
                            "egress.482069346.self": "false",
                            "egress.482069346.to_port": "0",
                            "id": "sg-0de32efb23134c50d",
                            "ingress.#": "1",
                            "ingress.1878515641.cidr_blocks.#": "6",
                            "ingress.1878515641.cidr_blocks.0": "192.168.0.0/25",
                            "ingress.1878515641.cidr_blocks.1": "192.168.0.128/25",
                            "ingress.1878515641.cidr_blocks.2": "192.168.1.0/25",
                            "ingress.1878515641.cidr_blocks.3": "192.168.4.0/25",
                            "ingress.1878515641.cidr_blocks.4": "192.168.4.128/25",
                            "ingress.1878515641.cidr_blocks.5": "192.168.5.0/25",
                            "ingress.1878515641.description": "",
                            "ingress.1878515641.from_port": "0",
                            "ingress.1878515641.ipv6_cidr_blocks.#": "0",
                            "ingress.1878515641.prefix_list_ids.#": "0",
                            "ingress.1878515641.protocol": "-1",
                            "ingress.1878515641.security_groups.#": "0",
                            "ingress.1878515641.self": "false",
                            "ingress.1878515641.to_port": "0",
                            "name": "protected-layer",
                            "owner_id": "377419142249",
                            "revoke_rules_on_delete": "false",
                            "tags.%": "0",
                            "vpc_id": "vpc-04c8d750a715663f4"
                        },
                        "meta": {
                            "e2bfb730-ecaa-11e6-8f88-34363bc7c4c0": {
                                "create": 600000000000,
                                "delete": 600000000000
                            },
                            "schema_version": "1"
                        },
                        "tainted": false
                    },
                    "deposed": [],
                    "provider": "provider.aws"
                },
                "aws_security_group.sg-public-layer": {
                    "type": "aws_security_group",
                    "depends_on": [
                        "module.vpc-cloudops-test"
                    ],
                    "primary": {
                        "id": "sg-0885a150ef9f78ef2",
                        "attributes": {
                            "arn": "arn:aws:ec2:ap-southeast-2:377419142249:security-group/sg-0885a150ef9f78ef2",
                            "description": "Managed by Terraform",
                            "egress.#": "1",
                            "egress.482069346.cidr_blocks.#": "1",
                            "egress.482069346.cidr_blocks.0": "0.0.0.0/0",
                            "egress.482069346.description": "",
                            "egress.482069346.from_port": "0",
                            "egress.482069346.ipv6_cidr_blocks.#": "0",
                            "egress.482069346.prefix_list_ids.#": "0",
                            "egress.482069346.protocol": "-1",
                            "egress.482069346.security_groups.#": "0",
                            "egress.482069346.self": "false",
                            "egress.482069346.to_port": "0",
                            "id": "sg-0885a150ef9f78ef2",
                            "ingress.#": "1",
                            "ingress.3347592051.cidr_blocks.#": "1",
                            "ingress.3347592051.cidr_blocks.0": "52.62.136.23/32",
                            "ingress.3347592051.description": "",
                            "ingress.3347592051.from_port": "22",
                            "ingress.3347592051.ipv6_cidr_blocks.#": "0",
                            "ingress.3347592051.prefix_list_ids.#": "0",
                            "ingress.3347592051.protocol": "tcp",
                            "ingress.3347592051.security_groups.#": "0",
                            "ingress.3347592051.self": "false",
                            "ingress.3347592051.to_port": "22",
                            "name": "public-layer",
                            "owner_id": "377419142249",
                            "revoke_rules_on_delete": "false",
                            "tags.%": "0",
                            "vpc_id": "vpc-04c8d750a715663f4"
                        },
                        "meta": {
                            "e2bfb730-ecaa-11e6-8f88-34363bc7c4c0": {
                                "create": 600000000000,
                                "delete": 600000000000
                            },
                            "schema_version": "1"
                        },
                        "tainted": false
                    },
                    "deposed": [],
                    "provider": "provider.aws"
                }
            },
            "depends_on": []
        },
        {
            "path": [
                "root",
                "nat-gw-cloudops-test-private"
            ],
            "outputs": {
                "nat_gateway_id": {
                    "sensitive": false,
                    "type": "string",
                    "value": "nat-0fcd20020ffc3b51c"
                },
                "nat_gateway_public_ip": {
                    "sensitive": false,
                    "type": "string",
                    "value": "54.153.159.9"
                }
            },
            "resources": {
                "aws_eip.route-table-generic-eip": {
                    "type": "aws_eip",
                    "depends_on": [],
                    "primary": {
                        "id": "eipalloc-050907b31dcd74396",
                        "attributes": {
                            "association_id": "",
                            "domain": "vpc",
                            "id": "eipalloc-050907b31dcd74396",
                            "instance": "",
                            "network_interface": "",
                            "private_ip": "",
                            "public_ip": "54.153.159.9",
                            "public_ipv4_pool": "amazon",
                            "tags.%": "0",
                            "vpc": "true"
                        },
                        "meta": {
                            "e2bfb730-ecaa-11e6-8f88-34363bc7c4c0": {
                                "delete": 180000000000,
                                "read": 900000000000,
                                "update": 300000000000
                            }
                        },
                        "tainted": false
                    },
                    "deposed": [],
                    "provider": "provider.aws"
                },
                "aws_nat_gateway.nat-gw-generic": {
                    "type": "aws_nat_gateway",
                    "depends_on": [
                        "aws_eip.route-table-generic-eip"
                    ],
                    "primary": {
                        "id": "nat-0fcd20020ffc3b51c",
                        "attributes": {
                            "allocation_id": "eipalloc-050907b31dcd74396",
                            "id": "nat-0fcd20020ffc3b51c",
                            "network_interface_id": "eni-0c1e85719de705aad",
                            "private_ip": "192.168.0.140",
                            "public_ip": "54.153.159.9",
                            "subnet_id": "subnet-04e91af5caebca424",
                            "tags.%": "0"
                        },
                        "meta": {},
                        "tainted": false
                    },
                    "deposed": [],
                    "provider": "provider.aws"
                }
            },
            "depends_on": []
        },
        {
            "path": [
                "root",
                "nat-gw-cloudops-test-protected"
            ],
            "outputs": {
                "nat_gateway_id": {
                    "sensitive": false,
                    "type": "string",
                    "value": "nat-0749a5efee2a81aaa"
                },
                "nat_gateway_public_ip": {
                    "sensitive": false,
                    "type": "string",
                    "value": "13.54.248.249"
                }
            },
            "resources": {
                "aws_eip.route-table-generic-eip": {
                    "type": "aws_eip",
                    "depends_on": [],
                    "primary": {
                        "id": "eipalloc-05a58709ed46dfe62",
                        "attributes": {
                            "association_id": "",
                            "domain": "vpc",
                            "id": "eipalloc-05a58709ed46dfe62",
                            "instance": "",
                            "network_interface": "",
                            "private_ip": "",
                            "public_ip": "13.54.248.249",
                            "public_ipv4_pool": "amazon",
                            "tags.%": "0",
                            "vpc": "true"
                        },
                        "meta": {
                            "e2bfb730-ecaa-11e6-8f88-34363bc7c4c0": {
                                "delete": 180000000000,
                                "read": 900000000000,
                                "update": 300000000000
                            }
                        },
                        "tainted": false
                    },
                    "deposed": [],
                    "provider": "provider.aws"
                },
                "aws_nat_gateway.nat-gw-generic": {
                    "type": "aws_nat_gateway",
                    "depends_on": [
                        "aws_eip.route-table-generic-eip"
                    ],
                    "primary": {
                        "id": "nat-0749a5efee2a81aaa",
                        "attributes": {
                            "allocation_id": "eipalloc-05a58709ed46dfe62",
                            "id": "nat-0749a5efee2a81aaa",
                            "network_interface_id": "eni-0b019362bc3318edc",
                            "private_ip": "192.168.0.112",
                            "public_ip": "13.54.248.249",
                            "subnet_id": "subnet-0fef4f8169036078e",
                            "tags.%": "0"
                        },
                        "meta": {},
                        "tainted": false
                    },
                    "deposed": [],
                    "provider": "provider.aws"
                }
            },
            "depends_on": []
        },
        {
            "path": [
                "root",
                "route-table-cloudops-test-private"
            ],
            "outputs": {
                "route_table_id": {
                    "sensitive": false,
                    "type": "string",
                    "value": "rtb-0e96fad424008f47d"
                }
            },
            "resources": {
                "aws_route_table.route-table-generic": {
                    "type": "aws_route_table",
                    "depends_on": [],
                    "primary": {
                        "id": "rtb-0e96fad424008f47d",
                        "attributes": {
                            "id": "rtb-0e96fad424008f47d",
                            "owner_id": "377419142249",
                            "propagating_vgws.#": "0",
                            "route.#": "0",
                            "tags.%": "1",
                            "tags.Name": "route-table-shared-private-rtb",
                            "vpc_id": "vpc-04c8d750a715663f4"
                        },
                        "meta": {},
                        "tainted": false
                    },
                    "deposed": [],
                    "provider": "provider.aws"
                }
            },
            "depends_on": []
        },
        {
            "path": [
                "root",
                "route-table-cloudops-test-protected"
            ],
            "outputs": {
                "route_table_id": {
                    "sensitive": false,
                    "type": "string",
                    "value": "rtb-07c685ab1e305cbc0"
                }
            },
            "resources": {
                "aws_route_table.route-table-generic": {
                    "type": "aws_route_table",
                    "depends_on": [],
                    "primary": {
                        "id": "rtb-07c685ab1e305cbc0",
                        "attributes": {
                            "id": "rtb-07c685ab1e305cbc0",
                            "owner_id": "377419142249",
                            "propagating_vgws.#": "0",
                            "route.#": "0",
                            "tags.%": "1",
                            "tags.Name": "route-table-shared-protected-rtb",
                            "vpc_id": "vpc-04c8d750a715663f4"
                        },
                        "meta": {},
                        "tainted": false
                    },
                    "deposed": [],
                    "provider": "provider.aws"
                }
            },
            "depends_on": []
        },
        {
            "path": [
                "root",
                "route-table-cloudops-test-public"
            ],
            "outputs": {
                "route_table_id": {
                    "sensitive": false,
                    "type": "string",
                    "value": "rtb-092419e4249d0f09f"
                }
            },
            "resources": {
                "aws_internet_gateway.internet-gw-generic": {
                    "type": "aws_internet_gateway",
                    "depends_on": [],
                    "primary": {
                        "id": "igw-097aa386519c26025",
                        "attributes": {
                            "id": "igw-097aa386519c26025",
                            "owner_id": "377419142249",
                            "tags.%": "1",
                            "tags.Name": "internet-gw-generic",
                            "vpc_id": "vpc-04c8d750a715663f4"
                        },
                        "meta": {},
                        "tainted": false
                    },
                    "deposed": [],
                    "provider": "provider.aws"
                },
                "aws_route.route-internet-gw": {
                    "type": "aws_route",
                    "depends_on": [
                        "aws_internet_gateway.internet-gw-generic",
                        "aws_route_table.route-table-generic"
                    ],
                    "primary": {
                        "id": "r-rtb-092419e4249d0f09f1080289494",
                        "attributes": {
                            "destination_cidr_block": "0.0.0.0/0",
                            "destination_prefix_list_id": "",
                            "egress_only_gateway_id": "",
                            "gateway_id": "igw-097aa386519c26025",
                            "id": "r-rtb-092419e4249d0f09f1080289494",
                            "instance_id": "",
                            "instance_owner_id": "",
                            "nat_gateway_id": "",
                            "network_interface_id": "",
                            "origin": "CreateRoute",
                            "route_table_id": "rtb-092419e4249d0f09f",
                            "state": "active",
                            "transit_gateway_id": "",
                            "vpc_peering_connection_id": ""
                        },
                        "meta": {
                            "e2bfb730-ecaa-11e6-8f88-34363bc7c4c0": {
                                "create": 120000000000,
                                "delete": 300000000000
                            }
                        },
                        "tainted": false
                    },
                    "deposed": [],
                    "provider": "provider.aws"
                },
                "aws_route_table.route-table-generic": {
                    "type": "aws_route_table",
                    "depends_on": [],
                    "primary": {
                        "id": "rtb-092419e4249d0f09f",
                        "attributes": {
                            "id": "rtb-092419e4249d0f09f",
                            "owner_id": "377419142249",
                            "propagating_vgws.#": "0",
                            "route.#": "0",
                            "tags.%": "1",
                            "tags.Name": "route-table-shared-public-rtb",
                            "vpc_id": "vpc-04c8d750a715663f4"
                        },
                        "meta": {},
                        "tainted": false
                    },
                    "deposed": [],
                    "provider": "provider.aws"
                }
            },
            "depends_on": []
        },
        {
            "path": [
                "root",
                "subnet-cloudops-test-private-a"
            ],
            "outputs": {
                "subnet_cidr": {
                    "sensitive": false,
                    "type": "string",
                    "value": "192.168.4.0/25"
                },
                "subnet_id": {
                    "sensitive": false,
                    "type": "string",
                    "value": "subnet-0a8a481d62db894c4"
                }
            },
            "resources": {
                "aws_subnet.subnet-generic": {
                    "type": "aws_subnet",
                    "depends_on": [],
                    "primary": {
                        "id": "subnet-0a8a481d62db894c4",
                        "attributes": {
                            "arn": "arn:aws:ec2:ap-southeast-2:377419142249:subnet/subnet-0a8a481d62db894c4",
                            "assign_ipv6_address_on_creation": "false",
                            "availability_zone": "ap-southeast-2a",
                            "availability_zone_id": "apse2-az3",
                            "cidr_block": "192.168.4.0/25",
                            "id": "subnet-0a8a481d62db894c4",
                            "ipv6_cidr_block": "",
                            "ipv6_cidr_block_association_id": "",
                            "map_public_ip_on_launch": "false",
                            "owner_id": "377419142249",
                            "tags.%": "1",
                            "tags.Name": "subnet-private-a",
                            "vpc_id": "vpc-04c8d750a715663f4"
                        },
                        "meta": {
                            "e2bfb730-ecaa-11e6-8f88-34363bc7c4c0": {
                                "create": 600000000000,
                                "delete": 600000000000
                            },
                            "schema_version": "1"
                        },
                        "tainted": false
                    },
                    "deposed": [],
                    "provider": "provider.aws"
                }
            },
            "depends_on": []
        },
        {
            "path": [
                "root",
                "subnet-cloudops-test-private-b"
            ],
            "outputs": {
                "subnet_cidr": {
                    "sensitive": false,
                    "type": "string",
                    "value": "192.168.4.128/25"
                },
                "subnet_id": {
                    "sensitive": false,
                    "type": "string",
                    "value": "subnet-05f8a33b0e9f11ad3"
                }
            },
            "resources": {
                "aws_subnet.subnet-generic": {
                    "type": "aws_subnet",
                    "depends_on": [],
                    "primary": {
                        "id": "subnet-05f8a33b0e9f11ad3",
                        "attributes": {
                            "arn": "arn:aws:ec2:ap-southeast-2:377419142249:subnet/subnet-05f8a33b0e9f11ad3",
                            "assign_ipv6_address_on_creation": "false",
                            "availability_zone": "ap-southeast-2b",
                            "availability_zone_id": "apse2-az1",
                            "cidr_block": "192.168.4.128/25",
                            "id": "subnet-05f8a33b0e9f11ad3",
                            "ipv6_cidr_block": "",
                            "ipv6_cidr_block_association_id": "",
                            "map_public_ip_on_launch": "false",
                            "owner_id": "377419142249",
                            "tags.%": "1",
                            "tags.Name": "subnet-private-b",
                            "vpc_id": "vpc-04c8d750a715663f4"
                        },
                        "meta": {
                            "e2bfb730-ecaa-11e6-8f88-34363bc7c4c0": {
                                "create": 600000000000,
                                "delete": 600000000000
                            },
                            "schema_version": "1"
                        },
                        "tainted": false
                    },
                    "deposed": [],
                    "provider": "provider.aws"
                }
            },
            "depends_on": []
        },
        {
            "path": [
                "root",
                "subnet-cloudops-test-private-c"
            ],
            "outputs": {
                "subnet_cidr": {
                    "sensitive": false,
                    "type": "string",
                    "value": "192.168.5.0/25"
                },
                "subnet_id": {
                    "sensitive": false,
                    "type": "string",
                    "value": "subnet-0af958e5bea4cdbd7"
                }
            },
            "resources": {
                "aws_subnet.subnet-generic": {
                    "type": "aws_subnet",
                    "depends_on": [],
                    "primary": {
                        "id": "subnet-0af958e5bea4cdbd7",
                        "attributes": {
                            "arn": "arn:aws:ec2:ap-southeast-2:377419142249:subnet/subnet-0af958e5bea4cdbd7",
                            "assign_ipv6_address_on_creation": "false",
                            "availability_zone": "ap-southeast-2c",
                            "availability_zone_id": "apse2-az2",
                            "cidr_block": "192.168.5.0/25",
                            "id": "subnet-0af958e5bea4cdbd7",
                            "ipv6_cidr_block": "",
                            "ipv6_cidr_block_association_id": "",
                            "map_public_ip_on_launch": "false",
                            "owner_id": "377419142249",
                            "tags.%": "1",
                            "tags.Name": "subnet-private-c",
                            "vpc_id": "vpc-04c8d750a715663f4"
                        },
                        "meta": {
                            "e2bfb730-ecaa-11e6-8f88-34363bc7c4c0": {
                                "create": 600000000000,
                                "delete": 600000000000
                            },
                            "schema_version": "1"
                        },
                        "tainted": false
                    },
                    "deposed": [],
                    "provider": "provider.aws"
                }
            },
            "depends_on": []
        },
        {
            "path": [
                "root",
                "subnet-cloudops-test-protected-a"
            ],
            "outputs": {
                "subnet_cidr": {
                    "sensitive": false,
                    "type": "string",
                    "value": "192.168.2.0/25"
                },
                "subnet_id": {
                    "sensitive": false,
                    "type": "string",
                    "value": "subnet-05b2b2ce5a8e3ffc2"
                }
            },
            "resources": {
                "aws_subnet.subnet-generic": {
                    "type": "aws_subnet",
                    "depends_on": [],
                    "primary": {
                        "id": "subnet-05b2b2ce5a8e3ffc2",
                        "attributes": {
                            "arn": "arn:aws:ec2:ap-southeast-2:377419142249:subnet/subnet-05b2b2ce5a8e3ffc2",
                            "assign_ipv6_address_on_creation": "false",
                            "availability_zone": "ap-southeast-2a",
                            "availability_zone_id": "apse2-az3",
                            "cidr_block": "192.168.2.0/25",
                            "id": "subnet-05b2b2ce5a8e3ffc2",
                            "ipv6_cidr_block": "",
                            "ipv6_cidr_block_association_id": "",
                            "map_public_ip_on_launch": "false",
                            "owner_id": "377419142249",
                            "tags.%": "1",
                            "tags.Name": "subnet-protected-a",
                            "vpc_id": "vpc-04c8d750a715663f4"
                        },
                        "meta": {
                            "e2bfb730-ecaa-11e6-8f88-34363bc7c4c0": {
                                "create": 600000000000,
                                "delete": 600000000000
                            },
                            "schema_version": "1"
                        },
                        "tainted": false
                    },
                    "deposed": [],
                    "provider": "provider.aws"
                }
            },
            "depends_on": []
        },
        {
            "path": [
                "root",
                "subnet-cloudops-test-protected-b"
            ],
            "outputs": {
                "subnet_cidr": {
                    "sensitive": false,
                    "type": "string",
                    "value": "192.168.2.128/25"
                },
                "subnet_id": {
                    "sensitive": false,
                    "type": "string",
                    "value": "subnet-0c620358ac547c089"
                }
            },
            "resources": {
                "aws_subnet.subnet-generic": {
                    "type": "aws_subnet",
                    "depends_on": [],
                    "primary": {
                        "id": "subnet-0c620358ac547c089",
                        "attributes": {
                            "arn": "arn:aws:ec2:ap-southeast-2:377419142249:subnet/subnet-0c620358ac547c089",
                            "assign_ipv6_address_on_creation": "false",
                            "availability_zone": "ap-southeast-2b",
                            "availability_zone_id": "apse2-az1",
                            "cidr_block": "192.168.2.128/25",
                            "id": "subnet-0c620358ac547c089",
                            "ipv6_cidr_block": "",
                            "ipv6_cidr_block_association_id": "",
                            "map_public_ip_on_launch": "false",
                            "owner_id": "377419142249",
                            "tags.%": "1",
                            "tags.Name": "subnet-protected-b",
                            "vpc_id": "vpc-04c8d750a715663f4"
                        },
                        "meta": {
                            "e2bfb730-ecaa-11e6-8f88-34363bc7c4c0": {
                                "create": 600000000000,
                                "delete": 600000000000
                            },
                            "schema_version": "1"
                        },
                        "tainted": false
                    },
                    "deposed": [],
                    "provider": "provider.aws"
                }
            },
            "depends_on": []
        },
        {
            "path": [
                "root",
                "subnet-cloudops-test-protected-c"
            ],
            "outputs": {
                "subnet_cidr": {
                    "sensitive": false,
                    "type": "string",
                    "value": "192.168.3.0/25"
                },
                "subnet_id": {
                    "sensitive": false,
                    "type": "string",
                    "value": "subnet-0f0eb6b9b364fea63"
                }
            },
            "resources": {
                "aws_subnet.subnet-generic": {
                    "type": "aws_subnet",
                    "depends_on": [],
                    "primary": {
                        "id": "subnet-0f0eb6b9b364fea63",
                        "attributes": {
                            "arn": "arn:aws:ec2:ap-southeast-2:377419142249:subnet/subnet-0f0eb6b9b364fea63",
                            "assign_ipv6_address_on_creation": "false",
                            "availability_zone": "ap-southeast-2c",
                            "availability_zone_id": "apse2-az2",
                            "cidr_block": "192.168.3.0/25",
                            "id": "subnet-0f0eb6b9b364fea63",
                            "ipv6_cidr_block": "",
                            "ipv6_cidr_block_association_id": "",
                            "map_public_ip_on_launch": "false",
                            "owner_id": "377419142249",
                            "tags.%": "1",
                            "tags.Name": "subnet-protected-c",
                            "vpc_id": "vpc-04c8d750a715663f4"
                        },
                        "meta": {
                            "e2bfb730-ecaa-11e6-8f88-34363bc7c4c0": {
                                "create": 600000000000,
                                "delete": 600000000000
                            },
                            "schema_version": "1"
                        },
                        "tainted": false
                    },
                    "deposed": [],
                    "provider": "provider.aws"
                }
            },
            "depends_on": []
        },
        {
            "path": [
                "root",
                "subnet-cloudops-test-public-a"
            ],
            "outputs": {
                "subnet_cidr": {
                    "sensitive": false,
                    "type": "string",
                    "value": "192.168.0.0/25"
                },
                "subnet_id": {
                    "sensitive": false,
                    "type": "string",
                    "value": "subnet-0fef4f8169036078e"
                }
            },
            "resources": {
                "aws_subnet.subnet-generic": {
                    "type": "aws_subnet",
                    "depends_on": [],
                    "primary": {
                        "id": "subnet-0fef4f8169036078e",
                        "attributes": {
                            "arn": "arn:aws:ec2:ap-southeast-2:377419142249:subnet/subnet-0fef4f8169036078e",
                            "assign_ipv6_address_on_creation": "false",
                            "availability_zone": "ap-southeast-2a",
                            "availability_zone_id": "apse2-az3",
                            "cidr_block": "192.168.0.0/25",
                            "id": "subnet-0fef4f8169036078e",
                            "ipv6_cidr_block": "",
                            "ipv6_cidr_block_association_id": "",
                            "map_public_ip_on_launch": "false",
                            "owner_id": "377419142249",
                            "tags.%": "1",
                            "tags.Name": "subnet-public-a",
                            "vpc_id": "vpc-04c8d750a715663f4"
                        },
                        "meta": {
                            "e2bfb730-ecaa-11e6-8f88-34363bc7c4c0": {
                                "create": 600000000000,
                                "delete": 600000000000
                            },
                            "schema_version": "1"
                        },
                        "tainted": false
                    },
                    "deposed": [],
                    "provider": "provider.aws"
                }
            },
            "depends_on": []
        },
        {
            "path": [
                "root",
                "subnet-cloudops-test-public-b"
            ],
            "outputs": {
                "subnet_cidr": {
                    "sensitive": false,
                    "type": "string",
                    "value": "192.168.0.128/25"
                },
                "subnet_id": {
                    "sensitive": false,
                    "type": "string",
                    "value": "subnet-04e91af5caebca424"
                }
            },
            "resources": {
                "aws_subnet.subnet-generic": {
                    "type": "aws_subnet",
                    "depends_on": [],
                    "primary": {
                        "id": "subnet-04e91af5caebca424",
                        "attributes": {
                            "arn": "arn:aws:ec2:ap-southeast-2:377419142249:subnet/subnet-04e91af5caebca424",
                            "assign_ipv6_address_on_creation": "false",
                            "availability_zone": "ap-southeast-2b",
                            "availability_zone_id": "apse2-az1",
                            "cidr_block": "192.168.0.128/25",
                            "id": "subnet-04e91af5caebca424",
                            "ipv6_cidr_block": "",
                            "ipv6_cidr_block_association_id": "",
                            "map_public_ip_on_launch": "false",
                            "owner_id": "377419142249",
                            "tags.%": "1",
                            "tags.Name": "subnet-public-b",
                            "vpc_id": "vpc-04c8d750a715663f4"
                        },
                        "meta": {
                            "e2bfb730-ecaa-11e6-8f88-34363bc7c4c0": {
                                "create": 600000000000,
                                "delete": 600000000000
                            },
                            "schema_version": "1"
                        },
                        "tainted": false
                    },
                    "deposed": [],
                    "provider": "provider.aws"
                }
            },
            "depends_on": []
        },
        {
            "path": [
                "root",
                "subnet-cloudops-test-public-c"
            ],
            "outputs": {
                "subnet_cidr": {
                    "sensitive": false,
                    "type": "string",
                    "value": "192.168.1.0/25"
                },
                "subnet_id": {
                    "sensitive": false,
                    "type": "string",
                    "value": "subnet-00a8a8de7902f6345"
                }
            },
            "resources": {
                "aws_subnet.subnet-generic": {
                    "type": "aws_subnet",
                    "depends_on": [],
                    "primary": {
                        "id": "subnet-00a8a8de7902f6345",
                        "attributes": {
                            "arn": "arn:aws:ec2:ap-southeast-2:377419142249:subnet/subnet-00a8a8de7902f6345",
                            "assign_ipv6_address_on_creation": "false",
                            "availability_zone": "ap-southeast-2c",
                            "availability_zone_id": "apse2-az2",
                            "cidr_block": "192.168.1.0/25",
                            "id": "subnet-00a8a8de7902f6345",
                            "ipv6_cidr_block": "",
                            "ipv6_cidr_block_association_id": "",
                            "map_public_ip_on_launch": "false",
                            "owner_id": "377419142249",
                            "tags.%": "1",
                            "tags.Name": "subnet-public-c",
                            "vpc_id": "vpc-04c8d750a715663f4"
                        },
                        "meta": {
                            "e2bfb730-ecaa-11e6-8f88-34363bc7c4c0": {
                                "create": 600000000000,
                                "delete": 600000000000
                            },
                            "schema_version": "1"
                        },
                        "tainted": false
                    },
                    "deposed": [],
                    "provider": "provider.aws"
                }
            },
            "depends_on": []
        },
        {
            "path": [
                "root",
                "vpc-cloudops-test"
            ],
            "outputs": {
                "vpc_cidr": {
                    "sensitive": false,
                    "type": "string",
                    "value": "192.168.0.0/21"
                },
                "vpc_id": {
                    "sensitive": false,
                    "type": "string",
                    "value": "vpc-04c8d750a715663f4"
                }
            },
            "resources": {
                "aws_vpc.vpc-generic": {
                    "type": "aws_vpc",
                    "depends_on": [],
                    "primary": {
                        "id": "vpc-04c8d750a715663f4",
                        "attributes": {
                            "arn": "arn:aws:ec2:ap-southeast-2:377419142249:vpc/vpc-04c8d750a715663f4",
                            "assign_generated_ipv6_cidr_block": "false",
                            "cidr_block": "192.168.0.0/21",
                            "default_network_acl_id": "acl-04cd8a9529b2bf32d",
                            "default_route_table_id": "rtb-0a90b0f7d2798ecbc",
                            "default_security_group_id": "sg-0fd77c71444534957",
                            "dhcp_options_id": "dopt-727bf716",
                            "enable_classiclink": "false",
                            "enable_classiclink_dns_support": "false",
                            "enable_dns_hostnames": "true",
                            "enable_dns_support": "true",
                            "id": "vpc-04c8d750a715663f4",
                            "instance_tenancy": "default",
                            "ipv6_association_id": "",
                            "ipv6_cidr_block": "",
                            "main_route_table_id": "rtb-0a90b0f7d2798ecbc",
                            "owner_id": "377419142249",
                            "tags.%": "1",
                            "tags.Name": "cloudops-sandbox-test-vpc"
                        },
                        "meta": {
                            "schema_version": "1"
                        },
                        "tainted": false
                    },
                    "deposed": [],
                    "provider": "provider.aws"
                }
            },
            "depends_on": []
        }
    ]
}
