{
    "version": 3,
    "terraform_version": "0.11.10",
    "serial": 17,
    "lineage": "6d0d1d91-e183-be4b-6c40-a15570f094bb",
    "modules": [
        {
            "path": [
                "root"
            ],
            "outputs": {},
            "resources": {
                "aws_route.route-nat-gw-private": {
                    "type": "aws_route",
                    "depends_on": [
                        "module.nat-gw-cloudops-test-private",
                        "module.route-table-cloudops-test-private"
                    ],
                    "primary": {
                        "id": "r-rtb-0136752cf0b1fa0021080289494",
                        "attributes": {
                            "destination_cidr_block": "0.0.0.0/0",
                            "destination_prefix_list_id": "",
                            "egress_only_gateway_id": "",
                            "gateway_id": "",
                            "id": "r-rtb-0136752cf0b1fa0021080289494",
                            "instance_id": "",
                            "instance_owner_id": "",
                            "nat_gateway_id": "nat-0498d73a46cfd40db",
                            "network_interface_id": "",
                            "origin": "CreateRoute",
                            "route_table_id": "rtb-0136752cf0b1fa002",
                            "state": "active",
                            "transit_gateway_id": "",
                            "vpc_peering_connection_id": ""
                        },
                        "meta": {
                            "e2bfb730-ecaa-11e6-8f88-34363bc7c4c0": {
                                "create": 120000000000,
                                "delete": 300000000000
                            }
                        },
                        "tainted": false
                    },
                    "deposed": [],
                    "provider": "provider.aws"
                },
                "aws_route.route-nat-gw-protected": {
                    "type": "aws_route",
                    "depends_on": [
                        "module.nat-gw-cloudops-test-protected",
                        "module.route-table-cloudops-test-protected"
                    ],
                    "primary": {
                        "id": "r-rtb-01e6d47187191ea171080289494",
                        "attributes": {
                            "destination_cidr_block": "0.0.0.0/0",
                            "destination_prefix_list_id": "",
                            "egress_only_gateway_id": "",
                            "gateway_id": "",
                            "id": "r-rtb-01e6d47187191ea171080289494",
                            "instance_id": "",
                            "instance_owner_id": "",
                            "nat_gateway_id": "nat-06ff28615a1035beb",
                            "network_interface_id": "",
                            "origin": "CreateRoute",
                            "route_table_id": "rtb-01e6d47187191ea17",
                            "state": "active",
                            "transit_gateway_id": "",
                            "vpc_peering_connection_id": ""
                        },
                        "meta": {
                            "e2bfb730-ecaa-11e6-8f88-34363bc7c4c0": {
                                "create": 120000000000,
                                "delete": 300000000000
                            }
                        },
                        "tainted": false
                    },
                    "deposed": [],
                    "provider": "provider.aws"
                },
                "aws_route_table_association.rtb-association-subnet-private-a": {
                    "type": "aws_route_table_association",
                    "depends_on": [
                        "module.route-table-cloudops-test-private",
                        "module.subnet-cloudops-test-private-a"
                    ],
                    "primary": {
                        "id": "rtbassoc-068edeef525465005",
                        "attributes": {
                            "id": "rtbassoc-068edeef525465005",
                            "route_table_id": "rtb-0136752cf0b1fa002",
                            "subnet_id": "subnet-0b71a036eea4bbf82"
                        },
                        "meta": {},
                        "tainted": false
                    },
                    "deposed": [],
                    "provider": "provider.aws"
                },
                "aws_route_table_association.rtb-association-subnet-private-b": {
                    "type": "aws_route_table_association",
                    "depends_on": [
                        "module.route-table-cloudops-test-private",
                        "module.subnet-cloudops-test-private-b"
                    ],
                    "primary": {
                        "id": "rtbassoc-0bd4df25dc8a68dd9",
                        "attributes": {
                            "id": "rtbassoc-0bd4df25dc8a68dd9",
                            "route_table_id": "rtb-0136752cf0b1fa002",
                            "subnet_id": "subnet-0a3322076b11df2e2"
                        },
                        "meta": {},
                        "tainted": false
                    },
                    "deposed": [],
                    "provider": "provider.aws"
                },
                "aws_route_table_association.rtb-association-subnet-private-c": {
                    "type": "aws_route_table_association",
                    "depends_on": [
                        "module.route-table-cloudops-test-private",
                        "module.subnet-cloudops-test-private-c"
                    ],
                    "primary": {
                        "id": "rtbassoc-09110a6a885466344",
                        "attributes": {
                            "id": "rtbassoc-09110a6a885466344",
                            "route_table_id": "rtb-0136752cf0b1fa002",
                            "subnet_id": "subnet-0e28d8267d13ebded"
                        },
                        "meta": {},
                        "tainted": false
                    },
                    "deposed": [],
                    "provider": "provider.aws"
                },
                "aws_route_table_association.rtb-association-subnet-protected-a": {
                    "type": "aws_route_table_association",
                    "depends_on": [
                        "module.route-table-cloudops-test-protected",
                        "module.subnet-cloudops-test-protected-a"
                    ],
                    "primary": {
                        "id": "rtbassoc-0c5f24834a4dd51b8",
                        "attributes": {
                            "id": "rtbassoc-0c5f24834a4dd51b8",
                            "route_table_id": "rtb-01e6d47187191ea17",
                            "subnet_id": "subnet-0f950361eb49eda87"
                        },
                        "meta": {},
                        "tainted": false
                    },
                    "deposed": [],
                    "provider": "provider.aws"
                },
                "aws_route_table_association.rtb-association-subnet-protected-b": {
                    "type": "aws_route_table_association",
                    "depends_on": [
                        "module.route-table-cloudops-test-protected",
                        "module.subnet-cloudops-test-protected-b"
                    ],
                    "primary": {
                        "id": "rtbassoc-0d877273e1c0a21f6",
                        "attributes": {
                            "id": "rtbassoc-0d877273e1c0a21f6",
                            "route_table_id": "rtb-01e6d47187191ea17",
                            "subnet_id": "subnet-0ed40c410f0e53727"
                        },
                        "meta": {},
                        "tainted": false
                    },
                    "deposed": [],
                    "provider": "provider.aws"
                },
                "aws_route_table_association.rtb-association-subnet-protected-c": {
                    "type": "aws_route_table_association",
                    "depends_on": [
                        "module.route-table-cloudops-test-protected",
                        "module.subnet-cloudops-test-protected-c"
                    ],
                    "primary": {
                        "id": "rtbassoc-0cdc460415fbb1c33",
                        "attributes": {
                            "id": "rtbassoc-0cdc460415fbb1c33",
                            "route_table_id": "rtb-01e6d47187191ea17",
                            "subnet_id": "subnet-062992a261a15dfe8"
                        },
                        "meta": {},
                        "tainted": false
                    },
                    "deposed": [],
                    "provider": "provider.aws"
                },
                "aws_route_table_association.rtb-association-subnet-public-a": {
                    "type": "aws_route_table_association",
                    "depends_on": [
                        "module.route-table-cloudops-test-public",
                        "module.subnet-cloudops-test-public-a"
                    ],
                    "primary": {
                        "id": "rtbassoc-0c042f9530b562702",
                        "attributes": {
                            "id": "rtbassoc-0c042f9530b562702",
                            "route_table_id": "rtb-038976287903cd8c7",
                            "subnet_id": "subnet-0b5f4b35213378f55"
                        },
                        "meta": {},
                        "tainted": false
                    },
                    "deposed": [],
                    "provider": "provider.aws"
                },
                "aws_route_table_association.rtb-association-subnet-public-b": {
                    "type": "aws_route_table_association",
                    "depends_on": [
                        "module.route-table-cloudops-test-public",
                        "module.subnet-cloudops-test-public-b"
                    ],
                    "primary": {
                        "id": "rtbassoc-0088ea3bf6c450a8a",
                        "attributes": {
                            "id": "rtbassoc-0088ea3bf6c450a8a",
                            "route_table_id": "rtb-038976287903cd8c7",
                            "subnet_id": "subnet-0edbefb00a545b84d"
                        },
                        "meta": {},
                        "tainted": false
                    },
                    "deposed": [],
                    "provider": "provider.aws"
                },
                "aws_route_table_association.rtb-association-subnet-public-c": {
                    "type": "aws_route_table_association",
                    "depends_on": [
                        "module.route-table-cloudops-test-public",
                        "module.subnet-cloudops-test-public-c"
                    ],
                    "primary": {
                        "id": "rtbassoc-0b21289ddef6d5d19",
                        "attributes": {
                            "id": "rtbassoc-0b21289ddef6d5d19",
                            "route_table_id": "rtb-038976287903cd8c7",
                            "subnet_id": "subnet-0e84ffd0015aa2709"
                        },
                        "meta": {},
                        "tainted": false
                    },
                    "deposed": [],
                    "provider": "provider.aws"
                }
            },
            "depends_on": []
        },
        {
            "path": [
                "root",
                "nat-gw-cloudops-test-private"
            ],
            "outputs": {
                "nat_gateway_id": {
                    "sensitive": false,
                    "type": "string",
                    "value": "nat-0498d73a46cfd40db"
                },
                "nat_gateway_public_ip": {
                    "sensitive": false,
                    "type": "string",
                    "value": "13.211.242.9"
                }
            },
            "resources": {
                "aws_eip.route-table-generic-eip": {
                    "type": "aws_eip",
                    "depends_on": [],
                    "primary": {
                        "id": "eipalloc-0d7887a5fbb988006",
                        "attributes": {
                            "association_id": "eipassoc-e1cf471d",
                            "domain": "vpc",
                            "id": "eipalloc-0d7887a5fbb988006",
                            "instance": "",
                            "network_interface": "eni-09f20d14a2b831188",
                            "private_ip": "172.32.241.227",
                            "public_ip": "13.211.242.9",
                            "public_ipv4_pool": "amazon",
                            "tags.%": "0",
                            "vpc": "true"
                        },
                        "meta": {
                            "e2bfb730-ecaa-11e6-8f88-34363bc7c4c0": {
                                "delete": 180000000000,
                                "read": 900000000000,
                                "update": 300000000000
                            }
                        },
                        "tainted": false
                    },
                    "deposed": [],
                    "provider": "provider.aws"
                },
                "aws_nat_gateway.nat-gw-generic": {
                    "type": "aws_nat_gateway",
                    "depends_on": [
                        "aws_eip.route-table-generic-eip"
                    ],
                    "primary": {
                        "id": "nat-0498d73a46cfd40db",
                        "attributes": {
                            "allocation_id": "eipalloc-0d7887a5fbb988006",
                            "id": "nat-0498d73a46cfd40db",
                            "network_interface_id": "eni-09f20d14a2b831188",
                            "private_ip": "172.32.241.227",
                            "public_ip": "13.211.242.9",
                            "subnet_id": "subnet-0edbefb00a545b84d",
                            "tags.%": "0"
                        },
                        "meta": {},
                        "tainted": false
                    },
                    "deposed": [],
                    "provider": "provider.aws"
                }
            },
            "depends_on": []
        },
        {
            "path": [
                "root",
                "nat-gw-cloudops-test-protected"
            ],
            "outputs": {
                "nat_gateway_id": {
                    "sensitive": false,
                    "type": "string",
                    "value": "nat-06ff28615a1035beb"
                },
                "nat_gateway_public_ip": {
                    "sensitive": false,
                    "type": "string",
                    "value": "52.63.200.61"
                }
            },
            "resources": {
                "aws_eip.route-table-generic-eip": {
                    "type": "aws_eip",
                    "depends_on": [],
                    "primary": {
                        "id": "eipalloc-00f828c105cea5e00",
                        "attributes": {
                            "association_id": "eipassoc-152084d8",
                            "domain": "vpc",
                            "id": "eipalloc-00f828c105cea5e00",
                            "instance": "",
                            "network_interface": "eni-089804bbbc722e87d",
                            "private_ip": "172.32.240.177",
                            "public_ip": "52.63.200.61",
                            "public_ipv4_pool": "amazon",
                            "tags.%": "0",
                            "vpc": "true"
                        },
                        "meta": {
                            "e2bfb730-ecaa-11e6-8f88-34363bc7c4c0": {
                                "delete": 180000000000,
                                "read": 900000000000,
                                "update": 300000000000
                            }
                        },
                        "tainted": false
                    },
                    "deposed": [],
                    "provider": "provider.aws"
                },
                "aws_nat_gateway.nat-gw-generic": {
                    "type": "aws_nat_gateway",
                    "depends_on": [
                        "aws_eip.route-table-generic-eip"
                    ],
                    "primary": {
                        "id": "nat-06ff28615a1035beb",
                        "attributes": {
                            "allocation_id": "eipalloc-00f828c105cea5e00",
                            "id": "nat-06ff28615a1035beb",
                            "network_interface_id": "eni-089804bbbc722e87d",
                            "private_ip": "172.32.240.177",
                            "public_ip": "52.63.200.61",
                            "subnet_id": "subnet-0b5f4b35213378f55",
                            "tags.%": "0"
                        },
                        "meta": {},
                        "tainted": false
                    },
                    "deposed": [],
                    "provider": "provider.aws"
                }
            },
            "depends_on": []
        },
        {
            "path": [
                "root",
                "route-table-cloudops-test-private"
            ],
            "outputs": {
                "route_table_id": {
                    "sensitive": false,
                    "type": "string",
                    "value": "rtb-0136752cf0b1fa002"
                }
            },
            "resources": {
                "aws_route_table.route-table-generic": {
                    "type": "aws_route_table",
                    "depends_on": [],
                    "primary": {
                        "id": "rtb-0136752cf0b1fa002",
                        "attributes": {
                            "id": "rtb-0136752cf0b1fa002",
                            "propagating_vgws.#": "0",
                            "route.#": "1",
                            "route.1872457643.cidr_block": "0.0.0.0/0",
                            "route.1872457643.egress_only_gateway_id": "",
                            "route.1872457643.gateway_id": "",
                            "route.1872457643.instance_id": "",
                            "route.1872457643.ipv6_cidr_block": "",
                            "route.1872457643.nat_gateway_id": "nat-06ff28615a1035beb",
                            "route.1872457643.network_interface_id": "",
                            "route.1872457643.transit_gateway_id": "",
                            "route.1872457643.vpc_peering_connection_id": "",
                            "tags.%": "1",
                            "tags.Name": "route-table-shared-private-rtb",
                            "vpc_id": "vpc-0e2ac745b04520884"
                        },
                        "meta": {},
                        "tainted": false
                    },
                    "deposed": [],
                    "provider": "provider.aws"
                }
            },
            "depends_on": []
        },
        {
            "path": [
                "root",
                "route-table-cloudops-test-protected"
            ],
            "outputs": {
                "route_table_id": {
                    "sensitive": false,
                    "type": "string",
                    "value": "rtb-01e6d47187191ea17"
                }
            },
            "resources": {
                "aws_route_table.route-table-generic": {
                    "type": "aws_route_table",
                    "depends_on": [],
                    "primary": {
                        "id": "rtb-01e6d47187191ea17",
                        "attributes": {
                            "id": "rtb-01e6d47187191ea17",
                            "propagating_vgws.#": "0",
                            "route.#": "0",
                            "tags.%": "1",
                            "tags.Name": "route-table-shared-protected-rtb",
                            "vpc_id": "vpc-0e2ac745b04520884"
                        },
                        "meta": {},
                        "tainted": false
                    },
                    "deposed": [],
                    "provider": "provider.aws"
                }
            },
            "depends_on": []
        },
        {
            "path": [
                "root",
                "route-table-cloudops-test-public"
            ],
            "outputs": {
                "route_table_id": {
                    "sensitive": false,
                    "type": "string",
                    "value": "rtb-038976287903cd8c7"
                }
            },
            "resources": {
                "aws_internet_gateway.internet-gw-generic": {
                    "type": "aws_internet_gateway",
                    "depends_on": [],
                    "primary": {
                        "id": "igw-0b7d20bd22cde92bf",
                        "attributes": {
                            "id": "igw-0b7d20bd22cde92bf",
                            "tags.%": "1",
                            "tags.Name": "internet-gw-generic",
                            "vpc_id": "vpc-0e2ac745b04520884"
                        },
                        "meta": {},
                        "tainted": false
                    },
                    "deposed": [],
                    "provider": "provider.aws"
                },
                "aws_route.route-internet-gw": {
                    "type": "aws_route",
                    "depends_on": [
                        "aws_internet_gateway.internet-gw-generic",
                        "aws_route_table.route-table-generic"
                    ],
                    "primary": {
                        "id": "r-rtb-038976287903cd8c71080289494",
                        "attributes": {
                            "destination_cidr_block": "0.0.0.0/0",
                            "destination_prefix_list_id": "",
                            "egress_only_gateway_id": "",
                            "gateway_id": "igw-0b7d20bd22cde92bf",
                            "id": "r-rtb-038976287903cd8c71080289494",
                            "instance_id": "",
                            "instance_owner_id": "",
                            "nat_gateway_id": "",
                            "network_interface_id": "",
                            "origin": "CreateRoute",
                            "route_table_id": "rtb-038976287903cd8c7",
                            "state": "active",
                            "transit_gateway_id": "",
                            "vpc_peering_connection_id": ""
                        },
                        "meta": {
                            "e2bfb730-ecaa-11e6-8f88-34363bc7c4c0": {
                                "create": 120000000000,
                                "delete": 300000000000
                            }
                        },
                        "tainted": false
                    },
                    "deposed": [],
                    "provider": "provider.aws"
                },
                "aws_route_table.route-table-generic": {
                    "type": "aws_route_table",
                    "depends_on": [],
                    "primary": {
                        "id": "rtb-038976287903cd8c7",
                        "attributes": {
                            "id": "rtb-038976287903cd8c7",
                            "propagating_vgws.#": "0",
                            "route.#": "1",
                            "route.3531471453.cidr_block": "0.0.0.0/0",
                            "route.3531471453.egress_only_gateway_id": "",
                            "route.3531471453.gateway_id": "igw-0b7d20bd22cde92bf",
                            "route.3531471453.instance_id": "",
                            "route.3531471453.ipv6_cidr_block": "",
                            "route.3531471453.nat_gateway_id": "",
                            "route.3531471453.network_interface_id": "",
                            "route.3531471453.transit_gateway_id": "",
                            "route.3531471453.vpc_peering_connection_id": "",
                            "tags.%": "1",
                            "tags.Name": "route-table-shared-public-rtb",
                            "vpc_id": "vpc-0e2ac745b04520884"
                        },
                        "meta": {},
                        "tainted": false
                    },
                    "deposed": [],
                    "provider": "provider.aws"
                }
            },
            "depends_on": []
        },
        {
            "path": [
                "root",
                "subnet-cloudops-test-private-a"
            ],
            "outputs": {
                "subnet_cidr": {
                    "sensitive": false,
                    "type": "string",
                    "value": "172.32.248.0/24"
                },
                "subnet_id": {
                    "sensitive": false,
                    "type": "string",
                    "value": "subnet-0b71a036eea4bbf82"
                }
            },
            "resources": {
                "aws_subnet.subnet-generic": {
                    "type": "aws_subnet",
                    "depends_on": [],
                    "primary": {
                        "id": "subnet-0b71a036eea4bbf82",
                        "attributes": {
                            "arn": "arn:aws:ec2:ap-southeast-2:377419142249:subnet/subnet-0b71a036eea4bbf82",
                            "assign_ipv6_address_on_creation": "false",
                            "availability_zone": "ap-southeast-2a",
                            "cidr_block": "172.32.248.0/24",
                            "id": "subnet-0b71a036eea4bbf82",
                            "ipv6_cidr_block": "",
                            "ipv6_cidr_block_association_id": "",
                            "map_public_ip_on_launch": "false",
                            "tags.%": "1",
                            "tags.Name": "subnet-private-a",
                            "vpc_id": "vpc-0e2ac745b04520884"
                        },
                        "meta": {
                            "e2bfb730-ecaa-11e6-8f88-34363bc7c4c0": {
                                "create": 600000000000,
                                "delete": 600000000000
                            },
                            "schema_version": "1"
                        },
                        "tainted": false
                    },
                    "deposed": [],
                    "provider": "provider.aws"
                }
            },
            "depends_on": []
        },
        {
            "path": [
                "root",
                "subnet-cloudops-test-private-b"
            ],
            "outputs": {
                "subnet_cidr": {
                    "sensitive": false,
                    "type": "string",
                    "value": "172.32.249.0/24"
                },
                "subnet_id": {
                    "sensitive": false,
                    "type": "string",
                    "value": "subnet-0a3322076b11df2e2"
                }
            },
            "resources": {
                "aws_subnet.subnet-generic": {
                    "type": "aws_subnet",
                    "depends_on": [],
                    "primary": {
                        "id": "subnet-0a3322076b11df2e2",
                        "attributes": {
                            "arn": "arn:aws:ec2:ap-southeast-2:377419142249:subnet/subnet-0a3322076b11df2e2",
                            "assign_ipv6_address_on_creation": "false",
                            "availability_zone": "ap-southeast-2b",
                            "cidr_block": "172.32.249.0/24",
                            "id": "subnet-0a3322076b11df2e2",
                            "ipv6_cidr_block": "",
                            "ipv6_cidr_block_association_id": "",
                            "map_public_ip_on_launch": "false",
                            "tags.%": "1",
                            "tags.Name": "subnet-private-b",
                            "vpc_id": "vpc-0e2ac745b04520884"
                        },
                        "meta": {
                            "e2bfb730-ecaa-11e6-8f88-34363bc7c4c0": {
                                "create": 600000000000,
                                "delete": 600000000000
                            },
                            "schema_version": "1"
                        },
                        "tainted": false
                    },
                    "deposed": [],
                    "provider": "provider.aws"
                }
            },
            "depends_on": []
        },
        {
            "path": [
                "root",
                "subnet-cloudops-test-private-c"
            ],
            "outputs": {
                "subnet_cidr": {
                    "sensitive": false,
                    "type": "string",
                    "value": "172.32.250.0/24"
                },
                "subnet_id": {
                    "sensitive": false,
                    "type": "string",
                    "value": "subnet-0e28d8267d13ebded"
                }
            },
            "resources": {
                "aws_subnet.subnet-generic": {
                    "type": "aws_subnet",
                    "depends_on": [],
                    "primary": {
                        "id": "subnet-0e28d8267d13ebded",
                        "attributes": {
                            "arn": "arn:aws:ec2:ap-southeast-2:377419142249:subnet/subnet-0e28d8267d13ebded",
                            "assign_ipv6_address_on_creation": "false",
                            "availability_zone": "ap-southeast-2c",
                            "cidr_block": "172.32.250.0/24",
                            "id": "subnet-0e28d8267d13ebded",
                            "ipv6_cidr_block": "",
                            "ipv6_cidr_block_association_id": "",
                            "map_public_ip_on_launch": "false",
                            "tags.%": "1",
                            "tags.Name": "subnet-private-c",
                            "vpc_id": "vpc-0e2ac745b04520884"
                        },
                        "meta": {
                            "e2bfb730-ecaa-11e6-8f88-34363bc7c4c0": {
                                "create": 600000000000,
                                "delete": 600000000000
                            },
                            "schema_version": "1"
                        },
                        "tainted": false
                    },
                    "deposed": [],
                    "provider": "provider.aws"
                }
            },
            "depends_on": []
        },
        {
            "path": [
                "root",
                "subnet-cloudops-test-protected-a"
            ],
            "outputs": {
                "subnet_cidr": {
                    "sensitive": false,
                    "type": "string",
                    "value": "172.32.244.0/24"
                },
                "subnet_id": {
                    "sensitive": false,
                    "type": "string",
                    "value": "subnet-0f950361eb49eda87"
                }
            },
            "resources": {
                "aws_subnet.subnet-generic": {
                    "type": "aws_subnet",
                    "depends_on": [],
                    "primary": {
                        "id": "subnet-0f950361eb49eda87",
                        "attributes": {
                            "arn": "arn:aws:ec2:ap-southeast-2:377419142249:subnet/subnet-0f950361eb49eda87",
                            "assign_ipv6_address_on_creation": "false",
                            "availability_zone": "ap-southeast-2a",
                            "cidr_block": "172.32.244.0/24",
                            "id": "subnet-0f950361eb49eda87",
                            "ipv6_cidr_block": "",
                            "ipv6_cidr_block_association_id": "",
                            "map_public_ip_on_launch": "false",
                            "tags.%": "1",
                            "tags.Name": "subnet-protected-a",
                            "vpc_id": "vpc-0e2ac745b04520884"
                        },
                        "meta": {
                            "e2bfb730-ecaa-11e6-8f88-34363bc7c4c0": {
                                "create": 600000000000,
                                "delete": 600000000000
                            },
                            "schema_version": "1"
                        },
                        "tainted": false
                    },
                    "deposed": [],
                    "provider": "provider.aws"
                }
            },
            "depends_on": []
        },
        {
            "path": [
                "root",
                "subnet-cloudops-test-protected-b"
            ],
            "outputs": {
                "subnet_cidr": {
                    "sensitive": false,
                    "type": "string",
                    "value": "172.32.245.0/24"
                },
                "subnet_id": {
                    "sensitive": false,
                    "type": "string",
                    "value": "subnet-0ed40c410f0e53727"
                }
            },
            "resources": {
                "aws_subnet.subnet-generic": {
                    "type": "aws_subnet",
                    "depends_on": [],
                    "primary": {
                        "id": "subnet-0ed40c410f0e53727",
                        "attributes": {
                            "arn": "arn:aws:ec2:ap-southeast-2:377419142249:subnet/subnet-0ed40c410f0e53727",
                            "assign_ipv6_address_on_creation": "false",
                            "availability_zone": "ap-southeast-2b",
                            "cidr_block": "172.32.245.0/24",
                            "id": "subnet-0ed40c410f0e53727",
                            "ipv6_cidr_block": "",
                            "ipv6_cidr_block_association_id": "",
                            "map_public_ip_on_launch": "false",
                            "tags.%": "1",
                            "tags.Name": "subnet-protected-b",
                            "vpc_id": "vpc-0e2ac745b04520884"
                        },
                        "meta": {
                            "e2bfb730-ecaa-11e6-8f88-34363bc7c4c0": {
                                "create": 600000000000,
                                "delete": 600000000000
                            },
                            "schema_version": "1"
                        },
                        "tainted": false
                    },
                    "deposed": [],
                    "provider": "provider.aws"
                }
            },
            "depends_on": []
        },
        {
            "path": [
                "root",
                "subnet-cloudops-test-protected-c"
            ],
            "outputs": {
                "subnet_cidr": {
                    "sensitive": false,
                    "type": "string",
                    "value": "172.32.246.0/24"
                },
                "subnet_id": {
                    "sensitive": false,
                    "type": "string",
                    "value": "subnet-062992a261a15dfe8"
                }
            },
            "resources": {
                "aws_subnet.subnet-generic": {
                    "type": "aws_subnet",
                    "depends_on": [],
                    "primary": {
                        "id": "subnet-062992a261a15dfe8",
                        "attributes": {
                            "arn": "arn:aws:ec2:ap-southeast-2:377419142249:subnet/subnet-062992a261a15dfe8",
                            "assign_ipv6_address_on_creation": "false",
                            "availability_zone": "ap-southeast-2c",
                            "cidr_block": "172.32.246.0/24",
                            "id": "subnet-062992a261a15dfe8",
                            "ipv6_cidr_block": "",
                            "ipv6_cidr_block_association_id": "",
                            "map_public_ip_on_launch": "false",
                            "tags.%": "1",
                            "tags.Name": "subnet-protected-c",
                            "vpc_id": "vpc-0e2ac745b04520884"
                        },
                        "meta": {
                            "e2bfb730-ecaa-11e6-8f88-34363bc7c4c0": {
                                "create": 600000000000,
                                "delete": 600000000000
                            },
                            "schema_version": "1"
                        },
                        "tainted": false
                    },
                    "deposed": [],
                    "provider": "provider.aws"
                }
            },
            "depends_on": []
        },
        {
            "path": [
                "root",
                "subnet-cloudops-test-public-a"
            ],
            "outputs": {
                "subnet_cidr": {
                    "sensitive": false,
                    "type": "string",
                    "value": "172.32.240.0/24"
                },
                "subnet_id": {
                    "sensitive": false,
                    "type": "string",
                    "value": "subnet-0b5f4b35213378f55"
                }
            },
            "resources": {
                "aws_subnet.subnet-generic": {
                    "type": "aws_subnet",
                    "depends_on": [],
                    "primary": {
                        "id": "subnet-0b5f4b35213378f55",
                        "attributes": {
                            "arn": "arn:aws:ec2:ap-southeast-2:377419142249:subnet/subnet-0b5f4b35213378f55",
                            "assign_ipv6_address_on_creation": "false",
                            "availability_zone": "ap-southeast-2a",
                            "cidr_block": "172.32.240.0/24",
                            "id": "subnet-0b5f4b35213378f55",
                            "ipv6_cidr_block": "",
                            "ipv6_cidr_block_association_id": "",
                            "map_public_ip_on_launch": "false",
                            "tags.%": "1",
                            "tags.Name": "subnet-public-a",
                            "vpc_id": "vpc-0e2ac745b04520884"
                        },
                        "meta": {
                            "e2bfb730-ecaa-11e6-8f88-34363bc7c4c0": {
                                "create": 600000000000,
                                "delete": 600000000000
                            },
                            "schema_version": "1"
                        },
                        "tainted": false
                    },
                    "deposed": [],
                    "provider": "provider.aws"
                }
            },
            "depends_on": []
        },
        {
            "path": [
                "root",
                "subnet-cloudops-test-public-b"
            ],
            "outputs": {
                "subnet_cidr": {
                    "sensitive": false,
                    "type": "string",
                    "value": "172.32.241.0/24"
                },
                "subnet_id": {
                    "sensitive": false,
                    "type": "string",
                    "value": "subnet-0edbefb00a545b84d"
                }
            },
            "resources": {
                "aws_subnet.subnet-generic": {
                    "type": "aws_subnet",
                    "depends_on": [],
                    "primary": {
                        "id": "subnet-0edbefb00a545b84d",
                        "attributes": {
                            "arn": "arn:aws:ec2:ap-southeast-2:377419142249:subnet/subnet-0edbefb00a545b84d",
                            "assign_ipv6_address_on_creation": "false",
                            "availability_zone": "ap-southeast-2b",
                            "cidr_block": "172.32.241.0/24",
                            "id": "subnet-0edbefb00a545b84d",
                            "ipv6_cidr_block": "",
                            "ipv6_cidr_block_association_id": "",
                            "map_public_ip_on_launch": "false",
                            "tags.%": "1",
                            "tags.Name": "subnet-public-b",
                            "vpc_id": "vpc-0e2ac745b04520884"
                        },
                        "meta": {
                            "e2bfb730-ecaa-11e6-8f88-34363bc7c4c0": {
                                "create": 600000000000,
                                "delete": 600000000000
                            },
                            "schema_version": "1"
                        },
                        "tainted": false
                    },
                    "deposed": [],
                    "provider": "provider.aws"
                }
            },
            "depends_on": []
        },
        {
            "path": [
                "root",
                "subnet-cloudops-test-public-c"
            ],
            "outputs": {
                "subnet_cidr": {
                    "sensitive": false,
                    "type": "string",
                    "value": "172.32.242.0/24"
                },
                "subnet_id": {
                    "sensitive": false,
                    "type": "string",
                    "value": "subnet-0e84ffd0015aa2709"
                }
            },
            "resources": {
                "aws_subnet.subnet-generic": {
                    "type": "aws_subnet",
                    "depends_on": [],
                    "primary": {
                        "id": "subnet-0e84ffd0015aa2709",
                        "attributes": {
                            "arn": "arn:aws:ec2:ap-southeast-2:377419142249:subnet/subnet-0e84ffd0015aa2709",
                            "assign_ipv6_address_on_creation": "false",
                            "availability_zone": "ap-southeast-2c",
                            "cidr_block": "172.32.242.0/24",
                            "id": "subnet-0e84ffd0015aa2709",
                            "ipv6_cidr_block": "",
                            "ipv6_cidr_block_association_id": "",
                            "map_public_ip_on_launch": "false",
                            "tags.%": "1",
                            "tags.Name": "subnet-public-c",
                            "vpc_id": "vpc-0e2ac745b04520884"
                        },
                        "meta": {
                            "e2bfb730-ecaa-11e6-8f88-34363bc7c4c0": {
                                "create": 600000000000,
                                "delete": 600000000000
                            },
                            "schema_version": "1"
                        },
                        "tainted": false
                    },
                    "deposed": [],
                    "provider": "provider.aws"
                }
            },
            "depends_on": []
        },
        {
            "path": [
                "root",
                "vpc-cloudops-test"
            ],
            "outputs": {
                "vpc_cidr": {
                    "sensitive": false,
                    "type": "string",
                    "value": "172.32.240.0/20"
                },
                "vpc_id": {
                    "sensitive": false,
                    "type": "string",
                    "value": "vpc-0e2ac745b04520884"
                }
            },
            "resources": {
                "aws_vpc.vpc-generic": {
                    "type": "aws_vpc",
                    "depends_on": [],
                    "primary": {
                        "id": "vpc-0e2ac745b04520884",
                        "attributes": {
                            "arn": "arn:aws:ec2:ap-southeast-2:377419142249:vpc/vpc-0e2ac745b04520884",
                            "assign_generated_ipv6_cidr_block": "false",
                            "cidr_block": "172.32.240.0/20",
                            "default_network_acl_id": "acl-0598a98aaad18f2f1",
                            "default_route_table_id": "rtb-018696411bc902685",
                            "default_security_group_id": "sg-0a186b515bb10cd17",
                            "dhcp_options_id": "dopt-727bf716",
                            "enable_classiclink": "false",
                            "enable_classiclink_dns_support": "false",
                            "enable_dns_hostnames": "true",
                            "enable_dns_support": "true",
                            "id": "vpc-0e2ac745b04520884",
                            "instance_tenancy": "default",
                            "ipv6_association_id": "",
                            "ipv6_cidr_block": "",
                            "main_route_table_id": "rtb-018696411bc902685",
                            "tags.%": "1",
                            "tags.Name": "cloudops-sandbox-test-vpc"
                        },
                        "meta": {
                            "schema_version": "1"
                        },
                        "tainted": false
                    },
                    "deposed": [],
                    "provider": "provider.aws"
                }
            },
            "depends_on": []
        }
    ]
}
