{
    "version": 3,
    "terraform_version": "0.11.10",
    "serial": 8,
    "lineage": "6d0d1d91-e183-be4b-6c40-a15570f094bb",
    "modules": [
        {
            "path": [
                "root"
            ],
            "outputs": {},
            "resources": {
                "aws_route_table_association.rtb-association-subnet-public-a": {
                    "type": "aws_route_table_association",
                    "depends_on": [
                        "module.route-table-cloudops-test-public",
                        "module.subnet-cloudops-test-public-a"
                    ],
                    "primary": {
                        "id": "rtbassoc-0c042f9530b562702",
                        "attributes": {
                            "id": "rtbassoc-0c042f9530b562702",
                            "route_table_id": "rtb-038976287903cd8c7",
                            "subnet_id": "subnet-0b5f4b35213378f55"
                        },
                        "meta": {},
                        "tainted": false
                    },
                    "deposed": [],
                    "provider": "provider.aws"
                },
                "aws_route_table_association.rtb-association-subnet-public-b": {
                    "type": "aws_route_table_association",
                    "depends_on": [
                        "module.route-table-cloudops-test-public",
                        "module.subnet-cloudops-test-public-b"
                    ],
                    "primary": {
                        "id": "rtbassoc-0088ea3bf6c450a8a",
                        "attributes": {
                            "id": "rtbassoc-0088ea3bf6c450a8a",
                            "route_table_id": "rtb-038976287903cd8c7",
                            "subnet_id": "subnet-0edbefb00a545b84d"
                        },
                        "meta": {},
                        "tainted": false
                    },
                    "deposed": [],
                    "provider": "provider.aws"
                },
                "aws_route_table_association.rtb-association-subnet-public-c": {
                    "type": "aws_route_table_association",
                    "depends_on": [
                        "module.route-table-cloudops-test-public",
                        "module.subnet-cloudops-test-public-c"
                    ],
                    "primary": {
                        "id": "rtbassoc-0b21289ddef6d5d19",
                        "attributes": {
                            "id": "rtbassoc-0b21289ddef6d5d19",
                            "route_table_id": "rtb-038976287903cd8c7",
                            "subnet_id": "subnet-0e84ffd0015aa2709"
                        },
                        "meta": {},
                        "tainted": false
                    },
                    "deposed": [],
                    "provider": "provider.aws"
                }
            },
            "depends_on": []
        },
        {
            "path": [
                "root",
                "route-table-cloudops-test-private"
            ],
            "outputs": {
                "route_table_id": {
                    "sensitive": false,
                    "type": "string",
                    "value": "rtb-0136752cf0b1fa002"
                }
            },
            "resources": {
                "aws_route_table.route-table-generic": {
                    "type": "aws_route_table",
                    "depends_on": [],
                    "primary": {
                        "id": "rtb-0136752cf0b1fa002",
                        "attributes": {
                            "id": "rtb-0136752cf0b1fa002",
                            "propagating_vgws.#": "0",
                            "route.#": "0",
                            "tags.%": "1",
                            "tags.Name": "route-table-shared-private-rtb",
                            "vpc_id": "vpc-0e2ac745b04520884"
                        },
                        "meta": {},
                        "tainted": false
                    },
                    "deposed": [],
                    "provider": "provider.aws"
                }
            },
            "depends_on": []
        },
        {
            "path": [
                "root",
                "route-table-cloudops-test-protected"
            ],
            "outputs": {
                "route_table_id": {
                    "sensitive": false,
                    "type": "string",
                    "value": "rtb-01e6d47187191ea17"
                }
            },
            "resources": {
                "aws_route_table.route-table-generic": {
                    "type": "aws_route_table",
                    "depends_on": [],
                    "primary": {
                        "id": "rtb-01e6d47187191ea17",
                        "attributes": {
                            "id": "rtb-01e6d47187191ea17",
                            "propagating_vgws.#": "0",
                            "route.#": "0",
                            "tags.%": "1",
                            "tags.Name": "route-table-shared-protected-rtb",
                            "vpc_id": "vpc-0e2ac745b04520884"
                        },
                        "meta": {},
                        "tainted": false
                    },
                    "deposed": [],
                    "provider": "provider.aws"
                }
            },
            "depends_on": []
        },
        {
            "path": [
                "root",
                "route-table-cloudops-test-public"
            ],
            "outputs": {
                "route_table_id": {
                    "sensitive": false,
                    "type": "string",
                    "value": "rtb-038976287903cd8c7"
                }
            },
            "resources": {
                "aws_internet_gateway.internet-gw-generic": {
                    "type": "aws_internet_gateway",
                    "depends_on": [],
                    "primary": {
                        "id": "igw-0b7d20bd22cde92bf",
                        "attributes": {
                            "id": "igw-0b7d20bd22cde92bf",
                            "tags.%": "1",
                            "tags.Name": "internet-gw-generic",
                            "vpc_id": "vpc-0e2ac745b04520884"
                        },
                        "meta": {},
                        "tainted": false
                    },
                    "deposed": [],
                    "provider": "provider.aws"
                },
                "aws_route.route-internet-gw": {
                    "type": "aws_route",
                    "depends_on": [
                        "aws_internet_gateway.internet-gw-generic",
                        "aws_route_table.route-table-generic"
                    ],
                    "primary": {
                        "id": "r-rtb-038976287903cd8c71080289494",
                        "attributes": {
                            "destination_cidr_block": "0.0.0.0/0",
                            "destination_prefix_list_id": "",
                            "egress_only_gateway_id": "",
                            "gateway_id": "igw-0b7d20bd22cde92bf",
                            "id": "r-rtb-038976287903cd8c71080289494",
                            "instance_id": "",
                            "instance_owner_id": "",
                            "nat_gateway_id": "",
                            "network_interface_id": "",
                            "origin": "CreateRoute",
                            "route_table_id": "rtb-038976287903cd8c7",
                            "state": "active",
                            "transit_gateway_id": "",
                            "vpc_peering_connection_id": ""
                        },
                        "meta": {
                            "e2bfb730-ecaa-11e6-8f88-34363bc7c4c0": {
                                "create": 120000000000,
                                "delete": 300000000000
                            }
                        },
                        "tainted": false
                    },
                    "deposed": [],
                    "provider": "provider.aws"
                },
                "aws_route_table.route-table-generic": {
                    "type": "aws_route_table",
                    "depends_on": [],
                    "primary": {
                        "id": "rtb-038976287903cd8c7",
                        "attributes": {
                            "id": "rtb-038976287903cd8c7",
                            "propagating_vgws.#": "0",
                            "route.#": "1",
                            "route.3531471453.cidr_block": "0.0.0.0/0",
                            "route.3531471453.egress_only_gateway_id": "",
                            "route.3531471453.gateway_id": "igw-0b7d20bd22cde92bf",
                            "route.3531471453.instance_id": "",
                            "route.3531471453.ipv6_cidr_block": "",
                            "route.3531471453.nat_gateway_id": "",
                            "route.3531471453.network_interface_id": "",
                            "route.3531471453.transit_gateway_id": "",
                            "route.3531471453.vpc_peering_connection_id": "",
                            "tags.%": "1",
                            "tags.Name": "route-table-shared-public-rtb",
                            "vpc_id": "vpc-0e2ac745b04520884"
                        },
                        "meta": {},
                        "tainted": false
                    },
                    "deposed": [],
                    "provider": "provider.aws"
                }
            },
            "depends_on": []
        },
        {
            "path": [
                "root",
                "subnet-cloudops-test-public-a"
            ],
            "outputs": {
                "subnet_cidr": {
                    "sensitive": false,
                    "type": "string",
                    "value": "172.32.240.0/24"
                },
                "subnet_id": {
                    "sensitive": false,
                    "type": "string",
                    "value": "subnet-0b5f4b35213378f55"
                }
            },
            "resources": {
                "aws_subnet.subnet-generic": {
                    "type": "aws_subnet",
                    "depends_on": [],
                    "primary": {
                        "id": "subnet-0b5f4b35213378f55",
                        "attributes": {
                            "arn": "arn:aws:ec2:ap-southeast-2:377419142249:subnet/subnet-0b5f4b35213378f55",
                            "assign_ipv6_address_on_creation": "false",
                            "availability_zone": "ap-southeast-2a",
                            "cidr_block": "172.32.240.0/24",
                            "id": "subnet-0b5f4b35213378f55",
                            "ipv6_cidr_block": "",
                            "ipv6_cidr_block_association_id": "",
                            "map_public_ip_on_launch": "false",
                            "tags.%": "1",
                            "tags.Name": "subnet-public-a",
                            "vpc_id": "vpc-0e2ac745b04520884"
                        },
                        "meta": {
                            "e2bfb730-ecaa-11e6-8f88-34363bc7c4c0": {
                                "create": 600000000000,
                                "delete": 600000000000
                            },
                            "schema_version": "1"
                        },
                        "tainted": false
                    },
                    "deposed": [],
                    "provider": "provider.aws"
                }
            },
            "depends_on": []
        },
        {
            "path": [
                "root",
                "subnet-cloudops-test-public-b"
            ],
            "outputs": {
                "subnet_cidr": {
                    "sensitive": false,
                    "type": "string",
                    "value": "172.32.241.0/24"
                },
                "subnet_id": {
                    "sensitive": false,
                    "type": "string",
                    "value": "subnet-0edbefb00a545b84d"
                }
            },
            "resources": {
                "aws_subnet.subnet-generic": {
                    "type": "aws_subnet",
                    "depends_on": [],
                    "primary": {
                        "id": "subnet-0edbefb00a545b84d",
                        "attributes": {
                            "arn": "arn:aws:ec2:ap-southeast-2:377419142249:subnet/subnet-0edbefb00a545b84d",
                            "assign_ipv6_address_on_creation": "false",
                            "availability_zone": "ap-southeast-2b",
                            "cidr_block": "172.32.241.0/24",
                            "id": "subnet-0edbefb00a545b84d",
                            "ipv6_cidr_block": "",
                            "ipv6_cidr_block_association_id": "",
                            "map_public_ip_on_launch": "false",
                            "tags.%": "1",
                            "tags.Name": "subnet-public-b",
                            "vpc_id": "vpc-0e2ac745b04520884"
                        },
                        "meta": {
                            "e2bfb730-ecaa-11e6-8f88-34363bc7c4c0": {
                                "create": 600000000000,
                                "delete": 600000000000
                            },
                            "schema_version": "1"
                        },
                        "tainted": false
                    },
                    "deposed": [],
                    "provider": "provider.aws"
                }
            },
            "depends_on": []
        },
        {
            "path": [
                "root",
                "subnet-cloudops-test-public-c"
            ],
            "outputs": {
                "subnet_cidr": {
                    "sensitive": false,
                    "type": "string",
                    "value": "172.32.242.0/24"
                },
                "subnet_id": {
                    "sensitive": false,
                    "type": "string",
                    "value": "subnet-0e84ffd0015aa2709"
                }
            },
            "resources": {
                "aws_subnet.subnet-generic": {
                    "type": "aws_subnet",
                    "depends_on": [],
                    "primary": {
                        "id": "subnet-0e84ffd0015aa2709",
                        "attributes": {
                            "arn": "arn:aws:ec2:ap-southeast-2:377419142249:subnet/subnet-0e84ffd0015aa2709",
                            "assign_ipv6_address_on_creation": "false",
                            "availability_zone": "ap-southeast-2c",
                            "cidr_block": "172.32.242.0/24",
                            "id": "subnet-0e84ffd0015aa2709",
                            "ipv6_cidr_block": "",
                            "ipv6_cidr_block_association_id": "",
                            "map_public_ip_on_launch": "false",
                            "tags.%": "1",
                            "tags.Name": "subnet-public-c",
                            "vpc_id": "vpc-0e2ac745b04520884"
                        },
                        "meta": {
                            "e2bfb730-ecaa-11e6-8f88-34363bc7c4c0": {
                                "create": 600000000000,
                                "delete": 600000000000
                            },
                            "schema_version": "1"
                        },
                        "tainted": false
                    },
                    "deposed": [],
                    "provider": "provider.aws"
                }
            },
            "depends_on": []
        },
        {
            "path": [
                "root",
                "vpc-cloudops-test"
            ],
            "outputs": {
                "vpc_cidr": {
                    "sensitive": false,
                    "type": "string",
                    "value": "172.32.240.0/20"
                },
                "vpc_id": {
                    "sensitive": false,
                    "type": "string",
                    "value": "vpc-0e2ac745b04520884"
                }
            },
            "resources": {
                "aws_vpc.vpc-generic": {
                    "type": "aws_vpc",
                    "depends_on": [],
                    "primary": {
                        "id": "vpc-0e2ac745b04520884",
                        "attributes": {
                            "arn": "arn:aws:ec2:ap-southeast-2:377419142249:vpc/vpc-0e2ac745b04520884",
                            "assign_generated_ipv6_cidr_block": "false",
                            "cidr_block": "172.32.240.0/20",
                            "default_network_acl_id": "acl-0598a98aaad18f2f1",
                            "default_route_table_id": "rtb-018696411bc902685",
                            "default_security_group_id": "sg-0a186b515bb10cd17",
                            "dhcp_options_id": "dopt-727bf716",
                            "enable_classiclink": "false",
                            "enable_classiclink_dns_support": "false",
                            "enable_dns_hostnames": "true",
                            "enable_dns_support": "true",
                            "id": "vpc-0e2ac745b04520884",
                            "instance_tenancy": "default",
                            "ipv6_association_id": "",
                            "ipv6_cidr_block": "",
                            "main_route_table_id": "rtb-018696411bc902685",
                            "tags.%": "1",
                            "tags.Name": "cloudops-sandbox-test-vpc"
                        },
                        "meta": {
                            "schema_version": "1"
                        },
                        "tainted": false
                    },
                    "deposed": [],
                    "provider": "provider.aws"
                }
            },
            "depends_on": []
        }
    ]
}
