{
    "version": 3,
    "terraform_version": "0.11.13",
    "serial": 34,
    "lineage": "463882e1-85f8-aaf7-f876-6b289cd581ab",
    "modules": [
        {
            "path": [
                "root"
            ],
            "outputs": {},
            "resources": {
                "aws_instance.jenkins_master": {
                    "type": "aws_instance",
                    "depends_on": [
                        "aws_security_group.sg-jenkins_master",
                        "data.aws_security_group.sg-public-layer",
                        "data.aws_subnet.subnet-cloudops-test-public-a"
                    ],
                    "primary": {
                        "id": "i-0d32d7c4160c70242",
                        "attributes": {
                            "ami": "ami-04481c741a0311bbb",
                            "arn": "arn:aws:ec2:ap-southeast-2:377419142249:instance/i-0d32d7c4160c70242",
                            "associate_public_ip_address": "true",
                            "availability_zone": "ap-southeast-2a",
                            "cpu_core_count": "1",
                            "cpu_threads_per_core": "2",
                            "credit_specification.#": "1",
                            "credit_specification.0.cpu_credits": "unlimited",
                            "disable_api_termination": "false",
                            "ebs_block_device.#": "0",
                            "ebs_optimized": "false",
                            "ephemeral_block_device.#": "0",
                            "get_password_data": "false",
                            "iam_instance_profile": "",
                            "id": "i-0d32d7c4160c70242",
                            "instance_state": "running",
                            "instance_type": "t3.medium",
                            "ipv6_addresses.#": "0",
                            "key_name": "cloudops-sandbox-jeff",
                            "monitoring": "false",
                            "network_interface.#": "0",
                            "password_data": "",
                            "placement_group": "",
                            "primary_network_interface_id": "eni-03d0b4883bbbdf40e",
                            "private_dns": "ip-192-168-0-109.ap-southeast-2.compute.internal",
                            "private_ip": "192.168.0.109",
                            "public_dns": "ec2-3-104-228-61.ap-southeast-2.compute.amazonaws.com",
                            "public_ip": "3.104.228.61",
                            "root_block_device.#": "1",
                            "root_block_device.0.delete_on_termination": "true",
                            "root_block_device.0.iops": "100",
                            "root_block_device.0.volume_id": "vol-05e4fd2d6ec341626",
                            "root_block_device.0.volume_size": "8",
                            "root_block_device.0.volume_type": "gp2",
                            "security_groups.#": "0",
                            "source_dest_check": "true",
                            "subnet_id": "subnet-0fef4f8169036078e",
                            "tags.%": "1",
                            "tags.Name": "cloudops-sandbox-test-jks",
                            "tenancy": "default",
                            "volume_tags.%": "0",
                            "vpc_security_group_ids.#": "2",
                            "vpc_security_group_ids.1789952002": "sg-0885a150ef9f78ef2",
                            "vpc_security_group_ids.2203324162": "sg-0cd3fd33bd5717e5a"
                        },
                        "meta": {
                            "e2bfb730-ecaa-11e6-8f88-34363bc7c4c0": {
                                "create": 600000000000,
                                "delete": 1200000000000,
                                "update": 600000000000
                            },
                            "schema_version": "1"
                        },
                        "tainted": false
                    },
                    "deposed": [],
                    "provider": "provider.aws"
                },
                "aws_security_group.sg-jenkins_master": {
                    "type": "aws_security_group",
                    "depends_on": [
                        "data.aws_vpc.vpc-cloudops-test"
                    ],
                    "primary": {
                        "id": "sg-0cd3fd33bd5717e5a",
                        "attributes": {
                            "arn": "arn:aws:ec2:ap-southeast-2:377419142249:security-group/sg-0cd3fd33bd5717e5a",
                            "description": "Managed by Terraform",
                            "egress.#": "1",
                            "egress.482069346.cidr_blocks.#": "1",
                            "egress.482069346.cidr_blocks.0": "0.0.0.0/0",
                            "egress.482069346.description": "",
                            "egress.482069346.from_port": "0",
                            "egress.482069346.ipv6_cidr_blocks.#": "0",
                            "egress.482069346.prefix_list_ids.#": "0",
                            "egress.482069346.protocol": "-1",
                            "egress.482069346.security_groups.#": "0",
                            "egress.482069346.self": "false",
                            "egress.482069346.to_port": "0",
                            "id": "sg-0cd3fd33bd5717e5a",
                            "ingress.#": "2",
                            "ingress.240431399.cidr_blocks.#": "1",
                            "ingress.240431399.cidr_blocks.0": "52.62.136.23/32",
                            "ingress.240431399.description": "",
                            "ingress.240431399.from_port": "8080",
                            "ingress.240431399.ipv6_cidr_blocks.#": "0",
                            "ingress.240431399.prefix_list_ids.#": "0",
                            "ingress.240431399.protocol": "tcp",
                            "ingress.240431399.security_groups.#": "0",
                            "ingress.240431399.self": "false",
                            "ingress.240431399.to_port": "8080",
                            "ingress.3347592051.cidr_blocks.#": "1",
                            "ingress.3347592051.cidr_blocks.0": "52.62.136.23/32",
                            "ingress.3347592051.description": "",
                            "ingress.3347592051.from_port": "22",
                            "ingress.3347592051.ipv6_cidr_blocks.#": "0",
                            "ingress.3347592051.prefix_list_ids.#": "0",
                            "ingress.3347592051.protocol": "tcp",
                            "ingress.3347592051.security_groups.#": "0",
                            "ingress.3347592051.self": "false",
                            "ingress.3347592051.to_port": "22",
                            "name": "test-jks",
                            "owner_id": "377419142249",
                            "revoke_rules_on_delete": "false",
                            "tags.%": "0",
                            "vpc_id": "vpc-04c8d750a715663f4"
                        },
                        "meta": {
                            "e2bfb730-ecaa-11e6-8f88-34363bc7c4c0": {
                                "create": 600000000000,
                                "delete": 600000000000
                            },
                            "schema_version": "1"
                        },
                        "tainted": false
                    },
                    "deposed": [],
                    "provider": "provider.aws"
                },
                "data.aws_security_group.sg-private-layer": {
                    "type": "aws_security_group",
                    "depends_on": [],
                    "primary": {
                        "id": "sg-09a0f1fa2cf71eef5",
                        "attributes": {
                            "arn": "arn:aws:ec2:ap-southeast-2:377419142249:security-group/sg-09a0f1fa2cf71eef5",
                            "description": "Managed by Terraform",
                            "id": "sg-09a0f1fa2cf71eef5",
                            "name": "private-layer",
                            "tags.%": "0",
                            "vpc_id": "vpc-04c8d750a715663f4"
                        },
                        "meta": {},
                        "tainted": false
                    },
                    "deposed": [],
                    "provider": "provider.aws"
                },
                "data.aws_security_group.sg-protected-layer": {
                    "type": "aws_security_group",
                    "depends_on": [],
                    "primary": {
                        "id": "sg-0de32efb23134c50d",
                        "attributes": {
                            "arn": "arn:aws:ec2:ap-southeast-2:377419142249:security-group/sg-0de32efb23134c50d",
                            "description": "Managed by Terraform",
                            "id": "sg-0de32efb23134c50d",
                            "name": "protected-layer",
                            "tags.%": "0",
                            "vpc_id": "vpc-04c8d750a715663f4"
                        },
                        "meta": {},
                        "tainted": false
                    },
                    "deposed": [],
                    "provider": "provider.aws"
                },
                "data.aws_security_group.sg-public-layer": {
                    "type": "aws_security_group",
                    "depends_on": [],
                    "primary": {
                        "id": "sg-0885a150ef9f78ef2",
                        "attributes": {
                            "arn": "arn:aws:ec2:ap-southeast-2:377419142249:security-group/sg-0885a150ef9f78ef2",
                            "description": "Managed by Terraform",
                            "id": "sg-0885a150ef9f78ef2",
                            "name": "public-layer",
                            "tags.%": "0",
                            "vpc_id": "vpc-04c8d750a715663f4"
                        },
                        "meta": {},
                        "tainted": false
                    },
                    "deposed": [],
                    "provider": "provider.aws"
                },
                "data.aws_subnet.subnet-cloudops-test-private-a": {
                    "type": "aws_subnet",
                    "depends_on": [],
                    "primary": {
                        "id": "subnet-0a8a481d62db894c4",
                        "attributes": {
                            "arn": "arn:aws:ec2:ap-southeast-2:377419142249:subnet/subnet-0a8a481d62db894c4",
                            "assign_ipv6_address_on_creation": "false",
                            "availability_zone": "ap-southeast-2a",
                            "availability_zone_id": "apse2-az3",
                            "cidr_block": "192.168.4.0/25",
                            "default_for_az": "false",
                            "id": "subnet-0a8a481d62db894c4",
                            "map_public_ip_on_launch": "false",
                            "owner_id": "377419142249",
                            "state": "available",
                            "tags.%": "1",
                            "tags.Name": "subnet-private-a",
                            "vpc_id": "vpc-04c8d750a715663f4"
                        },
                        "meta": {},
                        "tainted": false
                    },
                    "deposed": [],
                    "provider": "provider.aws"
                },
                "data.aws_subnet.subnet-cloudops-test-private-b": {
                    "type": "aws_subnet",
                    "depends_on": [],
                    "primary": {
                        "id": "subnet-05f8a33b0e9f11ad3",
                        "attributes": {
                            "arn": "arn:aws:ec2:ap-southeast-2:377419142249:subnet/subnet-05f8a33b0e9f11ad3",
                            "assign_ipv6_address_on_creation": "false",
                            "availability_zone": "ap-southeast-2b",
                            "availability_zone_id": "apse2-az1",
                            "cidr_block": "192.168.4.128/25",
                            "default_for_az": "false",
                            "id": "subnet-05f8a33b0e9f11ad3",
                            "map_public_ip_on_launch": "false",
                            "owner_id": "377419142249",
                            "state": "available",
                            "tags.%": "1",
                            "tags.Name": "subnet-private-b",
                            "vpc_id": "vpc-04c8d750a715663f4"
                        },
                        "meta": {},
                        "tainted": false
                    },
                    "deposed": [],
                    "provider": "provider.aws"
                },
                "data.aws_subnet.subnet-cloudops-test-private-c": {
                    "type": "aws_subnet",
                    "depends_on": [],
                    "primary": {
                        "id": "subnet-0af958e5bea4cdbd7",
                        "attributes": {
                            "arn": "arn:aws:ec2:ap-southeast-2:377419142249:subnet/subnet-0af958e5bea4cdbd7",
                            "assign_ipv6_address_on_creation": "false",
                            "availability_zone": "ap-southeast-2c",
                            "availability_zone_id": "apse2-az2",
                            "cidr_block": "192.168.5.0/25",
                            "default_for_az": "false",
                            "id": "subnet-0af958e5bea4cdbd7",
                            "map_public_ip_on_launch": "false",
                            "owner_id": "377419142249",
                            "state": "available",
                            "tags.%": "1",
                            "tags.Name": "subnet-private-c",
                            "vpc_id": "vpc-04c8d750a715663f4"
                        },
                        "meta": {},
                        "tainted": false
                    },
                    "deposed": [],
                    "provider": "provider.aws"
                },
                "data.aws_subnet.subnet-cloudops-test-protected-a": {
                    "type": "aws_subnet",
                    "depends_on": [],
                    "primary": {
                        "id": "subnet-05b2b2ce5a8e3ffc2",
                        "attributes": {
                            "arn": "arn:aws:ec2:ap-southeast-2:377419142249:subnet/subnet-05b2b2ce5a8e3ffc2",
                            "assign_ipv6_address_on_creation": "false",
                            "availability_zone": "ap-southeast-2a",
                            "availability_zone_id": "apse2-az3",
                            "cidr_block": "192.168.2.0/25",
                            "default_for_az": "false",
                            "id": "subnet-05b2b2ce5a8e3ffc2",
                            "map_public_ip_on_launch": "false",
                            "owner_id": "377419142249",
                            "state": "available",
                            "tags.%": "1",
                            "tags.Name": "subnet-protected-a",
                            "vpc_id": "vpc-04c8d750a715663f4"
                        },
                        "meta": {},
                        "tainted": false
                    },
                    "deposed": [],
                    "provider": "provider.aws"
                },
                "data.aws_subnet.subnet-cloudops-test-protected-b": {
                    "type": "aws_subnet",
                    "depends_on": [],
                    "primary": {
                        "id": "subnet-0c620358ac547c089",
                        "attributes": {
                            "arn": "arn:aws:ec2:ap-southeast-2:377419142249:subnet/subnet-0c620358ac547c089",
                            "assign_ipv6_address_on_creation": "false",
                            "availability_zone": "ap-southeast-2b",
                            "availability_zone_id": "apse2-az1",
                            "cidr_block": "192.168.2.128/25",
                            "default_for_az": "false",
                            "id": "subnet-0c620358ac547c089",
                            "map_public_ip_on_launch": "false",
                            "owner_id": "377419142249",
                            "state": "available",
                            "tags.%": "1",
                            "tags.Name": "subnet-protected-b",
                            "vpc_id": "vpc-04c8d750a715663f4"
                        },
                        "meta": {},
                        "tainted": false
                    },
                    "deposed": [],
                    "provider": "provider.aws"
                },
                "data.aws_subnet.subnet-cloudops-test-protected-c": {
                    "type": "aws_subnet",
                    "depends_on": [],
                    "primary": {
                        "id": "subnet-0f0eb6b9b364fea63",
                        "attributes": {
                            "arn": "arn:aws:ec2:ap-southeast-2:377419142249:subnet/subnet-0f0eb6b9b364fea63",
                            "assign_ipv6_address_on_creation": "false",
                            "availability_zone": "ap-southeast-2c",
                            "availability_zone_id": "apse2-az2",
                            "cidr_block": "192.168.3.0/25",
                            "default_for_az": "false",
                            "id": "subnet-0f0eb6b9b364fea63",
                            "map_public_ip_on_launch": "false",
                            "owner_id": "377419142249",
                            "state": "available",
                            "tags.%": "1",
                            "tags.Name": "subnet-protected-c",
                            "vpc_id": "vpc-04c8d750a715663f4"
                        },
                        "meta": {},
                        "tainted": false
                    },
                    "deposed": [],
                    "provider": "provider.aws"
                },
                "data.aws_subnet.subnet-cloudops-test-public-a": {
                    "type": "aws_subnet",
                    "depends_on": [],
                    "primary": {
                        "id": "subnet-0fef4f8169036078e",
                        "attributes": {
                            "arn": "arn:aws:ec2:ap-southeast-2:377419142249:subnet/subnet-0fef4f8169036078e",
                            "assign_ipv6_address_on_creation": "false",
                            "availability_zone": "ap-southeast-2a",
                            "availability_zone_id": "apse2-az3",
                            "cidr_block": "192.168.0.0/25",
                            "default_for_az": "false",
                            "id": "subnet-0fef4f8169036078e",
                            "map_public_ip_on_launch": "false",
                            "owner_id": "377419142249",
                            "state": "available",
                            "tags.%": "1",
                            "tags.Name": "subnet-public-a",
                            "vpc_id": "vpc-04c8d750a715663f4"
                        },
                        "meta": {},
                        "tainted": false
                    },
                    "deposed": [],
                    "provider": "provider.aws"
                },
                "data.aws_subnet.subnet-cloudops-test-public-b": {
                    "type": "aws_subnet",
                    "depends_on": [],
                    "primary": {
                        "id": "subnet-04e91af5caebca424",
                        "attributes": {
                            "arn": "arn:aws:ec2:ap-southeast-2:377419142249:subnet/subnet-04e91af5caebca424",
                            "assign_ipv6_address_on_creation": "false",
                            "availability_zone": "ap-southeast-2b",
                            "availability_zone_id": "apse2-az1",
                            "cidr_block": "192.168.0.128/25",
                            "default_for_az": "false",
                            "id": "subnet-04e91af5caebca424",
                            "map_public_ip_on_launch": "false",
                            "owner_id": "377419142249",
                            "state": "available",
                            "tags.%": "1",
                            "tags.Name": "subnet-public-b",
                            "vpc_id": "vpc-04c8d750a715663f4"
                        },
                        "meta": {},
                        "tainted": false
                    },
                    "deposed": [],
                    "provider": "provider.aws"
                },
                "data.aws_subnet.subnet-cloudops-test-public-c": {
                    "type": "aws_subnet",
                    "depends_on": [],
                    "primary": {
                        "id": "subnet-00a8a8de7902f6345",
                        "attributes": {
                            "arn": "arn:aws:ec2:ap-southeast-2:377419142249:subnet/subnet-00a8a8de7902f6345",
                            "assign_ipv6_address_on_creation": "false",
                            "availability_zone": "ap-southeast-2c",
                            "availability_zone_id": "apse2-az2",
                            "cidr_block": "192.168.1.0/25",
                            "default_for_az": "false",
                            "id": "subnet-00a8a8de7902f6345",
                            "map_public_ip_on_launch": "false",
                            "owner_id": "377419142249",
                            "state": "available",
                            "tags.%": "1",
                            "tags.Name": "subnet-public-c",
                            "vpc_id": "vpc-04c8d750a715663f4"
                        },
                        "meta": {},
                        "tainted": false
                    },
                    "deposed": [],
                    "provider": "provider.aws"
                },
                "data.aws_vpc.vpc-cloudops-test": {
                    "type": "aws_vpc",
                    "depends_on": [],
                    "primary": {
                        "id": "vpc-04c8d750a715663f4",
                        "attributes": {
                            "arn": "arn:aws:ec2:ap-southeast-2:377419142249:vpc/vpc-04c8d750a715663f4",
                            "cidr_block": "192.168.0.0/21",
                            "cidr_block_associations.#": "1",
                            "cidr_block_associations.0.association_id": "vpc-cidr-assoc-037e1d5999ae99284",
                            "cidr_block_associations.0.cidr_block": "192.168.0.0/21",
                            "cidr_block_associations.0.state": "associated",
                            "default": "false",
                            "dhcp_options_id": "dopt-727bf716",
                            "enable_dns_hostnames": "true",
                            "enable_dns_support": "true",
                            "id": "vpc-04c8d750a715663f4",
                            "instance_tenancy": "default",
                            "main_route_table_id": "rtb-0a90b0f7d2798ecbc",
                            "owner_id": "377419142249",
                            "state": "available",
                            "tags.%": "1",
                            "tags.Name": "cloudops-sandbox-test-vpc"
                        },
                        "meta": {},
                        "tainted": false
                    },
                    "deposed": [],
                    "provider": "provider.aws"
                }
            },
            "depends_on": []
        }
    ]
}
